// !$*UTF8*$!
{
	archiveVersion = 1;
	classes = {
	};
	objectVersion = 55;
	objects = {

/* Begin PBXBuildFile section */
		E654604429D6384000F88867 /* AppDelegate.swift in Sources */ = {isa = PBXBuildFile; fileRef = E654604329D6384000F88867 /* AppDelegate.swift */; };
		E654604629D6384000F88867 /* SceneDelegate.swift in Sources */ = {isa = PBXBuildFile; fileRef = E654604529D6384000F88867 /* SceneDelegate.swift */; };
		E654604829D6384000F88867 /* ViewController.swift in Sources */ = {isa = PBXBuildFile; fileRef = E654604729D6384000F88867 /* ViewController.swift */; };
		E654604B29D6384000F88867 /* Main.storyboard in Resources */ = {isa = PBXBuildFile; fileRef = E654604929D6384000F88867 /* Main.storyboard */; };
		E654604D29D6384100F88867 /* Assets.xcassets in Resources */ = {isa = PBXBuildFile; fileRef = E654604C29D6384100F88867 /* Assets.xcassets */; };
		E654605029D6384100F88867 /* LaunchScreen.storyboard in Resources */ = {isa = PBXBuildFile; fileRef = E654604E29D6384100F88867 /* LaunchScreen.storyboard */; };
		E654605B29D6384100F88867 /* Telu_WordGuessTests.swift in Sources */ = {isa = PBXBuildFile; fileRef = E654605A29D6384100F88867 /* Telu_WordGuessTests.swift */; };
		E654606529D6384100F88867 /* Telu_WordGuessUITests.swift in Sources */ = {isa = PBXBuildFile; fileRef = E654606429D6384100F88867 /* Telu_WordGuessUITests.swift */; };
		E654606729D6384100F88867 /* Telu_WordGuessUITestsLaunchTests.swift in Sources */ = {isa = PBXBuildFile; fileRef = E654606629D6384100F88867 /* Telu_WordGuessUITestsLaunchTests.swift */; };
/* End PBXBuildFile section */

/* Begin PBXContainerItemProxy section */
		E654605729D6384100F88867 /* PBXContainerItemProxy */ = {
			isa = PBXContainerItemProxy;
			containerPortal = E654603829D6384000F88867 /* Project object */;
			proxyType = 1;
			remoteGlobalIDString = E654603F29D6384000F88867;
			remoteInfo = Telu_WordGuess;
		};
		E654606129D6384100F88867 /* PBXContainerItemProxy */ = {
			isa = PBXContainerItemProxy;
			containerPortal = E654603829D6384000F88867 /* Project object */;
			proxyType = 1;
			remoteGlobalIDString = E654603F29D6384000F88867;
			remoteInfo = Telu_WordGuess;
		};
/* End PBXContainerItemProxy section */

/* Begin PBXFileReference section */
		E654604029D6384000F88867 /* Telu_WordGuess.app */ = {isa = PBXFileReference; explicitFileType = wrapper.application; includeInIndex = 0; path = Telu_WordGuess.app; sourceTree = BUILT_PRODUCTS_DIR; };
		E654604329D6384000F88867 /* AppDelegate.swift */ = {isa = PBXFileReference; lastKnownFileType = sourcecode.swift; path = AppDelegate.swift; sourceTree = "<group>"; };
		E654604529D6384000F88867 /* SceneDelegate.swift */ = {isa = PBXFileReference; lastKnownFileType = sourcecode.swift; path = SceneDelegate.swift; sourceTree = "<group>"; };
		E654604729D6384000F88867 /* ViewController.swift */ = {isa = PBXFileReference; lastKnownFileType = sourcecode.swift; path = ViewController.swift; sourceTree = "<group>"; };
		E654604A29D6384000F88867 /* Base */ = {isa = PBXFileReference; lastKnownFileType = file.storyboard; name = Base; path = Base.lproj/Main.storyboard; sourceTree = "<group>"; };
		E654604C29D6384100F88867 /* Assets.xcassets */ = {isa = PBXFileReference; lastKnownFileType = folder.assetcatalog; path = Assets.xcassets; sourceTree = "<group>"; };
		E654604F29D6384100F88867 /* Base */ = {isa = PBXFileReference; lastKnownFileType = file.storyboard; name = Base; path = Base.lproj/LaunchScreen.storyboard; sourceTree = "<group>"; };
		E654605129D6384100F88867 /* Info.plist */ = {isa = PBXFileReference; lastKnownFileType = text.plist.xml; path = Info.plist; sourceTree = "<group>"; };
		E654605629D6384100F88867 /* Telu_WordGuessTests.xctest */ = {isa = PBXFileReference; explicitFileType = wrapper.cfbundle; includeInIndex = 0; path = Telu_WordGuessTests.xctest; sourceTree = BUILT_PRODUCTS_DIR; };
		E654605A29D6384100F88867 /* Telu_WordGuessTests.swift */ = {isa = PBXFileReference; lastKnownFileType = sourcecode.swift; path = Telu_WordGuessTests.swift; sourceTree = "<group>"; };
		E654606029D6384100F88867 /* Telu_WordGuessUITests.xctest */ = {isa = PBXFileReference; explicitFileType = wrapper.cfbundle; includeInIndex = 0; path = Telu_WordGuessUITests.xctest; sourceTree = BUILT_PRODUCTS_DIR; };
		E654606429D6384100F88867 /* Telu_WordGuessUITests.swift */ = {isa = PBXFileReference; lastKnownFileType = sourcecode.swift; path = Telu_WordGuessUITests.swift; sourceTree = "<group>"; };
		E654606629D6384100F88867 /* Telu_WordGuessUITestsLaunchTests.swift */ = {isa = PBXFileReference; lastKnownFileType = sourcecode.swift; path = Telu_WordGuessUITestsLaunchTests.swift; sourceTree = "<group>"; };
/* End PBXFileReference section */

/* Begin PBXFrameworksBuildPhase section */
		E654603D29D6384000F88867 /* Frameworks */ = {
			isa = PBXFrameworksBuildPhase;
			buildActionMask = 2147483647;
			files = (
			);
			runOnlyForDeploymentPostprocessing = 0;
		};
		E654605329D6384100F88867 /* Frameworks */ = {
			isa = PBXFrameworksBuildPhase;
			buildActionMask = 2147483647;
			files = (
			);
			runOnlyForDeploymentPostprocessing = 0;
		};
		E654605D29D6384100F88867 /* Frameworks */ = {
			isa = PBXFrameworksBuildPhase;
			buildActionMask = 2147483647;
			files = (
			);
			runOnlyForDeploymentPostprocessing = 0;
		};
/* End PBXFrameworksBuildPhase section */

/* Begin PBXGroup section */
		E654603729D6384000F88867 = {
			isa = PBXGroup;
			children = (
				E654604229D6384000F88867 /* Telu_WordGuess */,
				E654605929D6384100F88867 /* Telu_WordGuessTests */,
				E654606329D6384100F88867 /* Telu_WordGuessUITests */,
				E654604129D6384000F88867 /* Products */,
			);
			sourceTree = "<group>";
		};
		E654604129D6384000F88867 /* Products */ = {
			isa = PBXGroup;
			children = (
				E654604029D6384000F88867 /* Telu_WordGuess.app */,
				E654605629D6384100F88867 /* Telu_WordGuessTests.xctest */,
				E654606029D6384100F88867 /* Telu_WordGuessUITests.xctest */,
			);
			name = Products;
			sourceTree = "<group>";
		};
		E654604229D6384000F88867 /* Telu_WordGuess */ = {
			isa = PBXGroup;
			children = (
				E654604329D6384000F88867 /* AppDelegate.swift */,
				E654604529D6384000F88867 /* SceneDelegate.swift */,
				E654604729D6384000F88867 /* ViewController.swift */,
				E654604929D6384000F88867 /* Main.storyboard */,
				E654604C29D6384100F88867 /* Assets.xcassets */,
				E654604E29D6384100F88867 /* LaunchScreen.storyboard */,
				E654605129D6384100F88867 /* Info.plist */,
			);
			path = Telu_WordGuess;
			sourceTree = "<group>";
		};
		E654605929D6384100F88867 /* Telu_WordGuessTests */ = {
			isa = PBXGroup;
			children = (
				E654605A29D6384100F88867 /* Telu_WordGuessTests.swift */,
			);
			path = Telu_WordGuessTests;
			sourceTree = "<group>";
		};
		E654606329D6384100F88867 /* Telu_WordGuessUITests */ = {
			isa = PBXGroup;
			children = (
				E654606429D6384100F88867 /* Telu_WordGuessUITests.swift */,
				E654606629D6384100F88867 /* Telu_WordGuessUITestsLaunchTests.swift */,
			);
			path = Telu_WordGuessUITests;
			sourceTree = "<group>";
		};
/* End PBXGroup section */

/* Begin PBXNativeTarget section */
		E654603F29D6384000F88867 /* Telu_WordGuess */ = {
			isa = PBXNativeTarget;
			buildConfigurationList = E654606A29D6384100F88867 /* Build configuration list for PBXNativeTarget "Telu_WordGuess" */;
			buildPhases = (
				E654603C29D6384000F88867 /* Sources */,
				E654603D29D6384000F88867 /* Frameworks */,
				E654603E29D6384000F88867 /* Resources */,
			);
			buildRules = (
			);
			dependencies = (
			);
			name = Telu_WordGuess;
			productName = Telu_WordGuess;
			productReference = E654604029D6384000F88867 /* Telu_WordGuess.app */;
			productType = "com.apple.product-type.application";
		};
		E654605529D6384100F88867 /* Telu_WordGuessTests */ = {
			isa = PBXNativeTarget;
			buildConfigurationList = E654606D29D6384100F88867 /* Build configuration list for PBXNativeTarget "Telu_WordGuessTests" */;
			buildPhases = (
				E654605229D6384100F88867 /* Sources */,
				E654605329D6384100F88867 /* Frameworks */,
				E654605429D6384100F88867 /* Resources */,
			);
			buildRules = (
			);
			dependencies = (
				E654605829D6384100F88867 /* PBXTargetDependency */,
			);
			name = Telu_WordGuessTests;
			productName = Telu_WordGuessTests;
			productReference = E654605629D6384100F88867 /* Telu_WordGuessTests.xctest */;
			productType = "com.apple.product-type.bundle.unit-test";
		};
		E654605F29D6384100F88867 /* Telu_WordGuessUITests */ = {
			isa = PBXNativeTarget;
			buildConfigurationList = E654607029D6384100F88867 /* Build configuration list for PBXNativeTarget "Telu_WordGuessUITests" */;
			buildPhases = (
				E654605C29D6384100F88867 /* Sources */,
				E654605D29D6384100F88867 /* Frameworks */,
				E654605E29D6384100F88867 /* Resources */,
			);
			buildRules = (
			);
			dependencies = (
				E654606229D6384100F88867 /* PBXTargetDependency */,
			);
			name = Telu_WordGuessUITests;
			productName = Telu_WordGuessUITests;
			productReference = E654606029D6384100F88867 /* Telu_WordGuessUITests.xctest */;
			productType = "com.apple.product-type.bundle.ui-testing";
		};
/* End PBXNativeTarget section */

/* Begin PBXProject section */
		E654603829D6384000F88867 /* Project object */ = {
			isa = PBXProject;
			attributes = {
				BuildIndependentTargetsInParallel = 1;
				LastSwiftUpdateCheck = 1340;
				LastUpgradeCheck = 1340;
				TargetAttributes = {
					E654603F29D6384000F88867 = {
						CreatedOnToolsVersion = 13.4.1;
					};
					E654605529D6384100F88867 = {
						CreatedOnToolsVersion = 13.4.1;
						TestTargetID = E654603F29D6384000F88867;
					};
					E654605F29D6384100F88867 = {
						CreatedOnToolsVersion = 13.4.1;
						TestTargetID = E654603F29D6384000F88867;
					};
				};
			};
			buildConfigurationList = E654603B29D6384000F88867 /* Build configuration list for PBXProject "Telu_WordGuess" */;
			compatibilityVersion = "Xcode 13.0";
			developmentRegion = en;
			hasScannedForEncodings = 0;
			knownRegions = (
				en,
				Base,
			);
			mainGroup = E654603729D6384000F88867;
			productRefGroup = E654604129D6384000F88867 /* Products */;
			projectDirPath = "";
			projectRoot = "";
			targets = (
				E654603F29D6384000F88867 /* Telu_WordGuess */,
				E654605529D6384100F88867 /* Telu_WordGuessTests */,
				E654605F29D6384100F88867 /* Telu_WordGuessUITests */,
			);
		};
/* End PBXProject section */

/* Begin PBXResourcesBuildPhase section */
		E654603E29D6384000F88867 /* Resources */ = {
			isa = PBXResourcesBuildPhase;
			buildActionMask = 2147483647;
			files = (
				E654605029D6384100F88867 /* LaunchScreen.storyboard in Resources */,
				E654604D29D6384100F88867 /* Assets.xcassets in Resources */,
				E654604B29D6384000F88867 /* Main.storyboard in Resources */,
			);
			runOnlyForDeploymentPostprocessing = 0;
		};
		E654605429D6384100F88867 /* Resources */ = {
			isa = PBXResourcesBuildPhase;
			buildActionMask = 2147483647;
			files = (
			);
			runOnlyForDeploymentPostprocessing = 0;
		};
		E654605E29D6384100F88867 /* Resources */ = {
			isa = PBXResourcesBuildPhase;
			buildActionMask = 2147483647;
			files = (
			);
			runOnlyForDeploymentPostprocessing = 0;
		};
/* End PBXResourcesBuildPhase section */

/* Begin PBXSourcesBuildPhase section */
		E654603C29D6384000F88867 /* Sources */ = {
			isa = PBXSourcesBuildPhase;
			buildActionMask = 2147483647;
			files = (
				E654604829D6384000F88867 /* ViewController.swift in Sources */,
				E654604429D6384000F88867 /* AppDelegate.swift in Sources */,
				E654604629D6384000F88867 /* SceneDelegate.swift in Sources */,
			);
			runOnlyForDeploymentPostprocessing = 0;
		};
		E654605229D6384100F88867 /* Sources */ = {
			isa = PBXSourcesBuildPhase;
			buildActionMask = 2147483647;
			files = (
				E654605B29D6384100F88867 /* Telu_WordGuessTests.swift in Sources */,
			);
			runOnlyForDeploymentPostprocessing = 0;
		};
		E654605C29D6384100F88867 /* Sources */ = {
			isa = PBXSourcesBuildPhase;
			buildActionMask = 2147483647;
			files = (
				E654606729D6384100F88867 /* Telu_WordGuessUITestsLaunchTests.swift in Sources */,
				E654606529D6384100F88867 /* Telu_WordGuessUITests.swift in Sources */,
			);
			runOnlyForDeploymentPostprocessing = 0;
		};
/* End PBXSourcesBuildPhase section */

/* Begin PBXTargetDependency section */
		E654605829D6384100F88867 /* PBXTargetDependency */ = {
			isa = PBXTargetDependency;
			target = E654603F29D6384000F88867 /* Telu_WordGuess */;
			targetProxy = E654605729D6384100F88867 /* PBXContainerItemProxy */;
		};
		E654606229D6384100F88867 /* PBXTargetDependency */ = {
			isa = PBXTargetDependency;
			target = E654603F29D6384000F88867 /* Telu_WordGuess */;
			targetProxy = E654606129D6384100F88867 /* PBXContainerItemProxy */;
		};
/* End PBXTargetDependency section */

/* Begin PBXVariantGroup section */
		E654604929D6384000F88867 /* Main.storyboard */ = {
			isa = PBXVariantGroup;
			children = (
				E654604A29D6384000F88867 /* Base */,
			);
			name = Main.storyboard;
			sourceTree = "<group>";
		};
		E654604E29D6384100F88867 /* LaunchScreen.storyboard */ = {
			isa = PBXVariantGroup;
			children = (
				E654604F29D6384100F88867 /* Base */,
			);
			name = LaunchScreen.storyboard;
			sourceTree = "<group>";
		};
/* End PBXVariantGroup section */

/* Begin XCBuildConfiguration section */
		E654606829D6384100F88867 /* Debug */ = {
			isa = XCBuildConfiguration;
			buildSettings = {
				ALWAYS_SEARCH_USER_PATHS = NO;
				CLANG_ANALYZER_NONNULL = YES;
				CLANG_ANALYZER_NUMBER_OBJECT_CONVERSION = YES_AGGRESSIVE;
				CLANG_CXX_LANGUAGE_STANDARD = "gnu++17";
				CLANG_ENABLE_MODULES = YES;
				CLANG_ENABLE_OBJC_ARC = YES;
				CLANG_ENABLE_OBJC_WEAK = YES;
				CLANG_WARN_BLOCK_CAPTURE_AUTORELEASING = YES;
				CLANG_WARN_BOOL_CONVERSION = YES;
				CLANG_WARN_COMMA = YES;
				CLANG_WARN_CONSTANT_CONVERSION = YES;
				CLANG_WARN_DEPRECATED_OBJC_IMPLEMENTATIONS = YES;
				CLANG_WARN_DIRECT_OBJC_ISA_USAGE = YES_ERROR;
				CLANG_WARN_DOCUMENTATION_COMMENTS = YES;
				CLANG_WARN_EMPTY_BODY = YES;
				CLANG_WARN_ENUM_CONVERSION = YES;
				CLANG_WARN_INFINITE_RECURSION = YES;
				CLANG_WARN_INT_CONVERSION = YES;
				CLANG_WARN_NON_LITERAL_NULL_CONVERSION = YES;
				CLANG_WARN_OBJC_IMPLICIT_RETAIN_SELF = YES;
				CLANG_WARN_OBJC_LITERAL_CONVERSION = YES;
				CLANG_WARN_OBJC_ROOT_CLASS = YES_ERROR;
				CLANG_WARN_QUOTED_INCLUDE_IN_FRAMEWORK_HEADER = YES;
				CLANG_WARN_RANGE_LOOP_ANALYSIS = YES;
				CLANG_WARN_STRICT_PROTOTYPES = YES;
				CLANG_WARN_SUSPICIOUS_MOVE = YES;
				CLANG_WARN_UNGUARDED_AVAILABILITY = YES_AGGRESSIVE;
				CLANG_WARN_UNREACHABLE_CODE = YES;
				CLANG_WARN__DUPLICATE_METHOD_MATCH = YES;
				COPY_PHASE_STRIP = NO;
				DEBUG_INFORMATION_FORMAT = dwarf;
				ENABLE_STRICT_OBJC_MSGSEND = YES;
				ENABLE_TESTABILITY = YES;
				GCC_C_LANGUAGE_STANDARD = gnu11;
				GCC_DYNAMIC_NO_PIC = NO;
				GCC_NO_COMMON_BLOCKS = YES;
				GCC_OPTIMIZATION_LEVEL = 0;
				GCC_PREPROCESSOR_DEFINITIONS = (
					"DEBUG=1",
					"$(inherited)",
				);
				GCC_WARN_64_TO_32_BIT_CONVERSION = YES;
				GCC_WARN_ABOUT_RETURN_TYPE = YES_ERROR;
				GCC_WARN_UNDECLARED_SELECTOR = YES;
				GCC_WARN_UNINITIALIZED_AUTOS = YES_AGGRESSIVE;
				GCC_WARN_UNUSED_FUNCTION = YES;
				GCC_WARN_UNUSED_VARIABLE = YES;
				IPHONEOS_DEPLOYMENT_TARGET = 15.5;
				MTL_ENABLE_DEBUG_INFO = INCLUDE_SOURCE;
				MTL_FAST_MATH = YES;
				ONLY_ACTIVE_ARCH = YES;
				SDKROOT = iphoneos;
				SWIFT_ACTIVE_COMPILATION_CONDITIONS = DEBUG;
				SWIFT_OPTIMIZATION_LEVEL = "-Onone";
			};
			name = Debug;
		};
		E654606929D6384100F88867 /* Release */ = {
			isa = XCBuildConfiguration;
			buildSettings = {
				ALWAYS_SEARCH_USER_PATHS = NO;
				CLANG_ANALYZER_NONNULL = YES;
				CLANG_ANALYZER_NUMBER_OBJECT_CONVERSION = YES_AGGRESSIVE;
				CLANG_CXX_LANGUAGE_STANDARD = "gnu++17";
				CLANG_ENABLE_MODULES = YES;
				CLANG_ENABLE_OBJC_ARC = YES;
				CLANG_ENABLE_OBJC_WEAK = YES;
				CLANG_WARN_BLOCK_CAPTURE_AUTORELEASING = YES;
				CLANG_WARN_BOOL_CONVERSION = YES;
				CLANG_WARN_COMMA = YES;
				CLANG_WARN_CONSTANT_CONVERSION = YES;
				CLANG_WARN_DEPRECATED_OBJC_IMPLEMENTATIONS = YES;
				CLANG_WARN_DIRECT_OBJC_ISA_USAGE = YES_ERROR;
				CLANG_WARN_DOCUMENTATION_COMMENTS = YES;
				CLANG_WARN_EMPTY_BODY = YES;
				CLANG_WARN_ENUM_CONVERSION = YES;
				CLANG_WARN_INFINITE_RECURSION = YES;
				CLANG_WARN_INT_CONVERSION = YES;
				CLANG_WARN_NON_LITERAL_NULL_CONVERSION = YES;
				CLANG_WARN_OBJC_IMPLICIT_RETAIN_SELF = YES;
				CLANG_WARN_OBJC_LITERAL_CONVERSION = YES;
				CLANG_WARN_OBJC_ROOT_CLASS = YES_ERROR;
				CLANG_WARN_QUOTED_INCLUDE_IN_FRAMEWORK_HEADER = YES;
				CLANG_WARN_RANGE_LOOP_ANALYSIS = YES;
				CLANG_WARN_STRICT_PROTOTYPES = YES;
				CLANG_WARN_SUSPICIOUS_MOVE = YES;
				CLANG_WARN_UNGUARDED_AVAILABILITY = YES_AGGRESSIVE;
				CLANG_WARN_UNREACHABLE_CODE = YES;
				CLANG_WARN__DUPLICATE_METHOD_MATCH = YES;
				COPY_PHASE_STRIP = NO;
				DEBUG_INFORMATION_FORMAT = "dwarf-with-dsym";
				ENABLE_NS_ASSERTIONS = NO;
				ENABLE_STRICT_OBJC_MSGSEND = YES;
				GCC_C_LANGUAGE_STANDARD = gnu11;
				GCC_NO_COMMON_BLOCKS = YES;
				GCC_WARN_64_TO_32_BIT_CONVERSION = YES;
				GCC_WARN_ABOUT_RETURN_TYPE = YES_ERROR;
				GCC_WARN_UNDECLARED_SELECTOR = YES;
				GCC_WARN_UNINITIALIZED_AUTOS = YES_AGGRESSIVE;
				GCC_WARN_UNUSED_FUNCTION = YES;
				GCC_WARN_UNUSED_VARIABLE = YES;
				IPHONEOS_DEPLOYMENT_TARGET = 15.5;
				MTL_ENABLE_DEBUG_INFO = NO;
				MTL_FAST_MATH = YES;
				SDKROOT = iphoneos;
				SWIFT_COMPILATION_MODE = wholemodule;
				SWIFT_OPTIMIZATION_LEVEL = "-O";
				VALIDATE_PRODUCT = YES;
			};
			name = Release;
		};
		E654606B29D6384100F88867 /* Debug */ = {
			isa = XCBuildConfiguration;
			buildSettings = {
				ASSETCATALOG_COMPILER_APPICON_NAME = AppIcon;
				ASSETCATALOG_COMPILER_GLOBAL_ACCENT_COLOR_NAME = AccentColor;
				CODE_SIGN_STYLE = Automatic;
				CURRENT_PROJECT_VERSION = 1;
				GENERATE_INFOPLIST_FILE = YES;
				INFOPLIST_FILE = Telu_WordGuess/Info.plist;
				INFOPLIST_KEY_UIApplicationSupportsIndirectInputEvents = YES;
				INFOPLIST_KEY_UILaunchStoryboardName = LaunchScreen;
				INFOPLIST_KEY_UIMainStoryboardFile = Main;
				INFOPLIST_KEY_UISupportedInterfaceOrientations_iPad = "UIInterfaceOrientationPortrait UIInterfaceOrientationPortraitUpsideDown UIInterfaceOrientationLandscapeLeft UIInterfaceOrientationLandscapeRight";
				INFOPLIST_KEY_UISupportedInterfaceOrientations_iPhone = "UIInterfaceOrientationPortrait UIInterfaceOrientationLandscapeLeft UIInterfaceOrientationLandscapeRight";
				LD_RUNPATH_SEARCH_PATHS = (
					"$(inherited)",
					"@executable_path/Frameworks",
				);
				MARKETING_VERSION = 1.0;
				PRODUCT_BUNDLE_IDENTIFIER = "nwmsu.Telu-WordGuess";
				PRODUCT_NAME = "$(TARGET_NAME)";
				SWIFT_EMIT_LOC_STRINGS = YES;
				SWIFT_VERSION = 5.0;
				TARGETED_DEVICE_FAMILY = "1,2";
			};
			name = Debug;
		};
		E654606C29D6384100F88867 /* Release */ = {
			isa = XCBuildConfiguration;
			buildSettings = {
				ASSETCATALOG_COMPILER_APPICON_NAME = AppIcon;
				ASSETCATALOG_COMPILER_GLOBAL_ACCENT_COLOR_NAME = AccentColor;
				CODE_SIGN_STYLE = Automatic;
				CURRENT_PROJECT_VERSION = 1;
				GENERATE_INFOPLIST_FILE = YES;
				INFOPLIST_FILE = Telu_WordGuess/Info.plist;
				INFOPLIST_KEY_UIApplicationSupportsIndirectInputEvents = YES;
				INFOPLIST_KEY_UILaunchStoryboardName = LaunchScreen;
				INFOPLIST_KEY_UIMainStoryboardFile = Main;
				INFOPLIST_KEY_UISupportedInterfaceOrientations_iPad = "UIInterfaceOrientationPortrait UIInterfaceOrientationPortraitUpsideDown UIInterfaceOrientationLandscapeLeft UIInterfaceOrientationLandscapeRight";
				INFOPLIST_KEY_UISupportedInterfaceOrientations_iPhone = "UIInterfaceOrientationPortrait UIInterfaceOrientationLandscapeLeft UIInterfaceOrientationLandscapeRight";
				LD_RUNPATH_SEARCH_PATHS = (
					"$(inherited)",
					"@executable_path/Frameworks",
				);
				MARKETING_VERSION = 1.0;
				PRODUCT_BUNDLE_IDENTIFIER = "nwmsu.Telu-WordGuess";
				PRODUCT_NAME = "$(TARGET_NAME)";
				SWIFT_EMIT_LOC_STRINGS = YES;
				SWIFT_VERSION = 5.0;
				TARGETED_DEVICE_FAMILY = "1,2";
			};
			name = Release;
		};
		E654606E29D6384100F88867 /* Debug */ = {
			isa = XCBuildConfiguration;
			buildSettings = {
				ALWAYS_EMBED_SWIFT_STANDARD_LIBRARIES = YES;
				BUNDLE_LOADER = "$(TEST_HOST)";
				CODE_SIGN_STYLE = Automatic;
				CURRENT_PROJECT_VERSION = 1;
				GENERATE_INFOPLIST_FILE = YES;
				IPHONEOS_DEPLOYMENT_TARGET = 15.5;
				MARKETING_VERSION = 1.0;
				PRODUCT_BUNDLE_IDENTIFIER = "nwmsu.Telu-WordGuessTests";
				PRODUCT_NAME = "$(TARGET_NAME)";
				SWIFT_EMIT_LOC_STRINGS = NO;
				SWIFT_VERSION = 5.0;
				TARGETED_DEVICE_FAMILY = "1,2";
				TEST_HOST = "$(BUILT_PRODUCTS_DIR)/Telu_WordGuess.app/Telu_WordGuess";
			};
			name = Debug;
		};
		E654606F29D6384100F88867 /* Release */ = {
			isa = XCBuildConfiguration;
			buildSettings = {
				ALWAYS_EMBED_SWIFT_STANDARD_LIBRARIES = YES;
				BUNDLE_LOADER = "$(TEST_HOST)";
				CODE_SIGN_STYLE = Automatic;
				CURRENT_PROJECT_VERSION = 1;
				GENERATE_INFOPLIST_FILE = YES;
				IPHONEOS_DEPLOYMENT_TARGET = 15.5;
				MARKETING_VERSION = 1.0;
				PRODUCT_BUNDLE_IDENTIFIER = "nwmsu.Telu-WordGuessTests";
				PRODUCT_NAME = "$(TARGET_NAME)";
				SWIFT_EMIT_LOC_STRINGS = NO;
				SWIFT_VERSION = 5.0;
				TARGETED_DEVICE_FAMILY = "1,2";
				TEST_HOST = "$(BUILT_PRODUCTS_DIR)/Telu_WordGuess.app/Telu_WordGuess";
			};
			name = Release;
		};
		E654607129D6384100F88867 /* Debug */ = {
			isa = XCBuildConfiguration;
			buildSettings = {
				ALWAYS_EMBED_SWIFT_STANDARD_LIBRARIES = YES;
				CODE_SIGN_STYLE = Automatic;
				CURRENT_PROJECT_VERSION = 1;
				GENERATE_INFOPLIST_FILE = YES;
				MARKETING_VERSION = 1.0;
				PRODUCT_BUNDLE_IDENTIFIER = "nwmsu.Telu-WordGuessUITests";
				PRODUCT_NAME = "$(TARGET_NAME)";
				SWIFT_EMIT_LOC_STRINGS = NO;
				SWIFT_VERSION = 5.0;
				TARGETED_DEVICE_FAMILY = "1,2";
				TEST_TARGET_NAME = Telu_WordGuess;
			};
			name = Debug;
		};
		E654607229D6384100F88867 /* Release */ = {
			isa = XCBuildConfiguration;
			buildSettings = {
				ALWAYS_EMBED_SWIFT_STANDARD_LIBRARIES = YES;
				CODE_SIGN_STYLE = Automatic;
				CURRENT_PROJECT_VERSION = 1;
				GENERATE_INFOPLIST_FILE = YES;
				MARKETING_VERSION = 1.0;
				PRODUCT_BUNDLE_IDENTIFIER = "nwmsu.Telu-WordGuessUITests";
				PRODUCT_NAME = "$(TARGET_NAME)";
				SWIFT_EMIT_LOC_STRINGS = NO;
				SWIFT_VERSION = 5.0;
				TARGETED_DEVICE_FAMILY = "1,2";
				TEST_TARGET_NAME = Telu_WordGuess;
			};
			name = Release;
		};
/* End XCBuildConfiguration section */

/* Begin XCConfigurationList section */
		E654603B29D6384000F88867 /* Build configuration list for PBXProject "Telu_WordGuess" */ = {
			isa = XCConfigurationList;
			buildConfigurations = (
				E654606829D6384100F88867 /* Debug */,
				E654606929D6384100F88867 /* Release */,
			);
			defaultConfigurationIsVisible = 0;
			defaultConfigurationName = Release;
		};
		E654606A29D6384100F88867 /* Build configuration list for PBXNativeTarget "Telu_WordGuess" */ = {
			isa = XCConfigurationList;
			buildConfigurations = (
				E654606B29D6384100F88867 /* Debug */,
				E654606C29D6384100F88867 /* Release */,
			);
			defaultConfigurationIsVisible = 0;
			defaultConfigurationName = Release;
		};
		E654606D29D6384100F88867 /* Build configuration list for PBXNativeTarget "Telu_WordGuessTests" */ = {
			isa = XCConfigurationList;
			buildConfigurations = (
				E654606E29D6384100F88867 /* Debug */,
				E654606F29D6384100F88867 /* Release */,
			);
			defaultConfigurationIsVisible = 0;
			defaultConfigurationName = Release;
		};
		E654607029D6384100F88867 /* Build configuration list for PBXNativeTarget "Telu_WordGuessUITests" */ = {
			isa = XCConfigurationList;
			buildConfigurations = (
				E654607129D6384100F88867 /* Debug */,
				E654607229D6384100F88867 /* Release */,
			);
			defaultConfigurationIsVisible = 0;
			defaultConfigurationName = Release;
		};
/* End XCConfigurationList section */
	};
	rootObject = E654603829D6384000F88867 /* Project object */;
}
