// !$*UTF8*$!
{
	archiveVersion = 1;
	classes = {
	};
	objectVersion = 55;
	objects = {

/* Begin PBXBuildFile section */
		E6623D5729E84C5A0069F8C7 /* AppDelegate.swift in Sources */ = {isa = PBXBuildFile; fileRef = E6623D5629E84C5A0069F8C7 /* AppDelegate.swift */; };
		E6623D5929E84C5A0069F8C7 /* SceneDelegate.swift in Sources */ = {isa = PBXBuildFile; fileRef = E6623D5829E84C5A0069F8C7 /* SceneDelegate.swift */; };
		E6623D5B29E84C5A0069F8C7 /* ViewController.swift in Sources */ = {isa = PBXBuildFile; fileRef = E6623D5A29E84C5A0069F8C7 /* ViewController.swift */; };
		E6623D5E29E84C5A0069F8C7 /* Main.storyboard in Resources */ = {isa = PBXBuildFile; fileRef = E6623D5C29E84C5A0069F8C7 /* Main.storyboard */; };
		E6623D6029E84C5B0069F8C7 /* Assets.xcassets in Resources */ = {isa = PBXBuildFile; fileRef = E6623D5F29E84C5B0069F8C7 /* Assets.xcassets */; };
		E6623D6329E84C5B0069F8C7 /* LaunchScreen.storyboard in Resources */ = {isa = PBXBuildFile; fileRef = E6623D6129E84C5B0069F8C7 /* LaunchScreen.storyboard */; };
		E6623D6E29E84C5C0069F8C7 /* TableViewDemoTests.swift in Sources */ = {isa = PBXBuildFile; fileRef = E6623D6D29E84C5C0069F8C7 /* TableViewDemoTests.swift */; };
		E6623D7829E84C5C0069F8C7 /* TableViewDemoUITests.swift in Sources */ = {isa = PBXBuildFile; fileRef = E6623D7729E84C5C0069F8C7 /* TableViewDemoUITests.swift */; };
		E6623D7A29E84C5C0069F8C7 /* TableViewDemoUITestsLaunchTests.swift in Sources */ = {isa = PBXBuildFile; fileRef = E6623D7929E84C5C0069F8C7 /* TableViewDemoUITestsLaunchTests.swift */; };
		E6623D8729E84E9F0069F8C7 /* resultViewController.swift in Sources */ = {isa = PBXBuildFile; fileRef = E6623D8629E84E9F0069F8C7 /* resultViewController.swift */; };
/* End PBXBuildFile section */

/* Begin PBXContainerItemProxy section */
		E6623D6A29E84C5C0069F8C7 /* PBXContainerItemProxy */ = {
			isa = PBXContainerItemProxy;
			containerPortal = E6623D4B29E84C5A0069F8C7 /* Project object */;
			proxyType = 1;
			remoteGlobalIDString = E6623D5229E84C5A0069F8C7;
			remoteInfo = TableViewDemo;
		};
		E6623D7429E84C5C0069F8C7 /* PBXContainerItemProxy */ = {
			isa = PBXContainerItemProxy;
			containerPortal = E6623D4B29E84C5A0069F8C7 /* Project object */;
			proxyType = 1;
			remoteGlobalIDString = E6623D5229E84C5A0069F8C7;
			remoteInfo = TableViewDemo;
		};
/* End PBXContainerItemProxy section */

/* Begin PBXFileReference section */
		E6623D5329E84C5A0069F8C7 /* TableViewDemo.app */ = {isa = PBXFileReference; explicitFileType = wrapper.application; includeInIndex = 0; path = TableViewDemo.app; sourceTree = BUILT_PRODUCTS_DIR; };
		E6623D5629E84C5A0069F8C7 /* AppDelegate.swift */ = {isa = PBXFileReference; lastKnownFileType = sourcecode.swift; path = AppDelegate.swift; sourceTree = "<group>"; };
		E6623D5829E84C5A0069F8C7 /* SceneDelegate.swift */ = {isa = PBXFileReference; lastKnownFileType = sourcecode.swift; path = SceneDelegate.swift; sourceTree = "<group>"; };
		E6623D5A29E84C5A0069F8C7 /* ViewController.swift */ = {isa = PBXFileReference; lastKnownFileType = sourcecode.swift; path = ViewController.swift; sourceTree = "<group>"; };
		E6623D5D29E84C5A0069F8C7 /* Base */ = {isa = PBXFileReference; lastKnownFileType = file.storyboard; name = Base; path = Base.lproj/Main.storyboard; sourceTree = "<group>"; };
		E6623D5F29E84C5B0069F8C7 /* Assets.xcassets */ = {isa = PBXFileReference; lastKnownFileType = folder.assetcatalog; path = Assets.xcassets; sourceTree = "<group>"; };
		E6623D6229E84C5B0069F8C7 /* Base */ = {isa = PBXFileReference; lastKnownFileType = file.storyboard; name = Base; path = Base.lproj/LaunchScreen.storyboard; sourceTree = "<group>"; };
		E6623D6429E84C5B0069F8C7 /* Info.plist */ = {isa = PBXFileReference; lastKnownFileType = text.plist.xml; path = Info.plist; sourceTree = "<group>"; };
		E6623D6929E84C5C0069F8C7 /* TableViewDemoTests.xctest */ = {isa = PBXFileReference; explicitFileType = wrapper.cfbundle; includeInIndex = 0; path = TableViewDemoTests.xctest; sourceTree = BUILT_PRODUCTS_DIR; };
		E6623D6D29E84C5C0069F8C7 /* TableViewDemoTests.swift */ = {isa = PBXFileReference; lastKnownFileType = sourcecode.swift; path = TableViewDemoTests.swift; sourceTree = "<group>"; };
		E6623D7329E84C5C0069F8C7 /* TableViewDemoUITests.xctest */ = {isa = PBXFileReference; explicitFileType = wrapper.cfbundle; includeInIndex = 0; path = TableViewDemoUITests.xctest; sourceTree = BUILT_PRODUCTS_DIR; };
		E6623D7729E84C5C0069F8C7 /* TableViewDemoUITests.swift */ = {isa = PBXFileReference; lastKnownFileType = sourcecode.swift; path = TableViewDemoUITests.swift; sourceTree = "<group>"; };
		E6623D7929E84C5C0069F8C7 /* TableViewDemoUITestsLaunchTests.swift */ = {isa = PBXFileReference; lastKnownFileType = sourcecode.swift; path = TableViewDemoUITestsLaunchTests.swift; sourceTree = "<group>"; };
		E6623D8629E84E9F0069F8C7 /* resultViewController.swift */ = {isa = PBXFileReference; lastKnownFileType = sourcecode.swift; path = resultViewController.swift; sourceTree = "<group>"; };
/* End PBXFileReference section */

/* Begin PBXFrameworksBuildPhase section */
		E6623D5029E84C5A0069F8C7 /* Frameworks */ = {
			isa = PBXFrameworksBuildPhase;
			buildActionMask = 2147483647;
			files = (
			);
			runOnlyForDeploymentPostprocessing = 0;
		};
		E6623D6629E84C5C0069F8C7 /* Frameworks */ = {
			isa = PBXFrameworksBuildPhase;
			buildActionMask = 2147483647;
			files = (
			);
			runOnlyForDeploymentPostprocessing = 0;
		};
		E6623D7029E84C5C0069F8C7 /* Frameworks */ = {
			isa = PBXFrameworksBuildPhase;
			buildActionMask = 2147483647;
			files = (
			);
			runOnlyForDeploymentPostprocessing = 0;
		};
/* End PBXFrameworksBuildPhase section */

/* Begin PBXGroup section */
		E6623D4A29E84C5A0069F8C7 = {
			isa = PBXGroup;
			children = (
				E6623D5529E84C5A0069F8C7 /* TableViewDemo */,
				E6623D6C29E84C5C0069F8C7 /* TableViewDemoTests */,
				E6623D7629E84C5C0069F8C7 /* TableViewDemoUITests */,
				E6623D5429E84C5A0069F8C7 /* Products */,
			);
			sourceTree = "<group>";
		};
		E6623D5429E84C5A0069F8C7 /* Products */ = {
			isa = PBXGroup;
			children = (
				E6623D5329E84C5A0069F8C7 /* TableViewDemo.app */,
				E6623D6929E84C5C0069F8C7 /* TableViewDemoTests.xctest */,
				E6623D7329E84C5C0069F8C7 /* TableViewDemoUITests.xctest */,
			);
			name = Products;
			sourceTree = "<group>";
		};
		E6623D5529E84C5A0069F8C7 /* TableViewDemo */ = {
			isa = PBXGroup;
			children = (
				E6623D5629E84C5A0069F8C7 /* AppDelegate.swift */,
				E6623D5829E84C5A0069F8C7 /* SceneDelegate.swift */,
				E6623D5A29E84C5A0069F8C7 /* ViewController.swift */,
				E6623D5C29E84C5A0069F8C7 /* Main.storyboard */,
				E6623D5F29E84C5B0069F8C7 /* Assets.xcassets */,
				E6623D6129E84C5B0069F8C7 /* LaunchScreen.storyboard */,
				E6623D6429E84C5B0069F8C7 /* Info.plist */,
				E6623D8629E84E9F0069F8C7 /* resultViewController.swift */,
			);
			path = TableViewDemo;
			sourceTree = "<group>";
		};
		E6623D6C29E84C5C0069F8C7 /* TableViewDemoTests */ = {
			isa = PBXGroup;
			children = (
				E6623D6D29E84C5C0069F8C7 /* TableViewDemoTests.swift */,
			);
			path = TableViewDemoTests;
			sourceTree = "<group>";
		};
		E6623D7629E84C5C0069F8C7 /* TableViewDemoUITests */ = {
			isa = PBXGroup;
			children = (
				E6623D7729E84C5C0069F8C7 /* TableViewDemoUITests.swift */,
				E6623D7929E84C5C0069F8C7 /* TableViewDemoUITestsLaunchTests.swift */,
			);
			path = TableViewDemoUITests;
			sourceTree = "<group>";
		};
/* End PBXGroup section */

/* Begin PBXNativeTarget section */
		E6623D5229E84C5A0069F8C7 /* TableViewDemo */ = {
			isa = PBXNativeTarget;
			buildConfigurationList = E6623D7D29E84C5C0069F8C7 /* Build configuration list for PBXNativeTarget "TableViewDemo" */;
			buildPhases = (
				E6623D4F29E84C5A0069F8C7 /* Sources */,
				E6623D5029E84C5A0069F8C7 /* Frameworks */,
				E6623D5129E84C5A0069F8C7 /* Resources */,
			);
			buildRules = (
			);
			dependencies = (
			);
			name = TableViewDemo;
			productName = TableViewDemo;
			productReference = E6623D5329E84C5A0069F8C7 /* TableViewDemo.app */;
			productType = "com.apple.product-type.application";
		};
		E6623D6829E84C5C0069F8C7 /* TableViewDemoTests */ = {
			isa = PBXNativeTarget;
			buildConfigurationList = E6623D8029E84C5C0069F8C7 /* Build configuration list for PBXNativeTarget "TableViewDemoTests" */;
			buildPhases = (
				E6623D6529E84C5C0069F8C7 /* Sources */,
				E6623D6629E84C5C0069F8C7 /* Frameworks */,
				E6623D6729E84C5C0069F8C7 /* Resources */,
			);
			buildRules = (
			);
			dependencies = (
				E6623D6B29E84C5C0069F8C7 /* PBXTargetDependency */,
			);
			name = TableViewDemoTests;
			productName = TableViewDemoTests;
			productReference = E6623D6929E84C5C0069F8C7 /* TableViewDemoTests.xctest */;
			productType = "com.apple.product-type.bundle.unit-test";
		};
		E6623D7229E84C5C0069F8C7 /* TableViewDemoUITests */ = {
			isa = PBXNativeTarget;
			buildConfigurationList = E6623D8329E84C5C0069F8C7 /* Build configuration list for PBXNativeTarget "TableViewDemoUITests" */;
			buildPhases = (
				E6623D6F29E84C5C0069F8C7 /* Sources */,
				E6623D7029E84C5C0069F8C7 /* Frameworks */,
				E6623D7129E84C5C0069F8C7 /* Resources */,
			);
			buildRules = (
			);
			dependencies = (
				E6623D7529E84C5C0069F8C7 /* PBXTargetDependency */,
			);
			name = TableViewDemoUITests;
			productName = TableViewDemoUITests;
			productReference = E6623D7329E84C5C0069F8C7 /* TableViewDemoUITests.xctest */;
			productType = "com.apple.product-type.bundle.ui-testing";
		};
/* End PBXNativeTarget section */

/* Begin PBXProject section */
		E6623D4B29E84C5A0069F8C7 /* Project object */ = {
			isa = PBXProject;
			attributes = {
				BuildIndependentTargetsInParallel = 1;
				LastSwiftUpdateCheck = 1340;
				LastUpgradeCheck = 1340;
				TargetAttributes = {
					E6623D5229E84C5A0069F8C7 = {
						CreatedOnToolsVersion = 13.4.1;
					};
					E6623D6829E84C5C0069F8C7 = {
						CreatedOnToolsVersion = 13.4.1;
						TestTargetID = E6623D5229E84C5A0069F8C7;
					};
					E6623D7229E84C5C0069F8C7 = {
						CreatedOnToolsVersion = 13.4.1;
						TestTargetID = E6623D5229E84C5A0069F8C7;
					};
				};
			};
			buildConfigurationList = E6623D4E29E84C5A0069F8C7 /* Build configuration list for PBXProject "TableViewDemo" */;
			compatibilityVersion = "Xcode 13.0";
			developmentRegion = en;
			hasScannedForEncodings = 0;
			knownRegions = (
				en,
				Base,
			);
			mainGroup = E6623D4A29E84C5A0069F8C7;
			productRefGroup = E6623D5429E84C5A0069F8C7 /* Products */;
			projectDirPath = "";
			projectRoot = "";
			targets = (
				E6623D5229E84C5A0069F8C7 /* TableViewDemo */,
				E6623D6829E84C5C0069F8C7 /* TableViewDemoTests */,
				E6623D7229E84C5C0069F8C7 /* TableViewDemoUITests */,
			);
		};
/* End PBXProject section */

/* Begin PBXResourcesBuildPhase section */
		E6623D5129E84C5A0069F8C7 /* Resources */ = {
			isa = PBXResourcesBuildPhase;
			buildActionMask = 2147483647;
			files = (
				E6623D6329E84C5B0069F8C7 /* LaunchScreen.storyboard in Resources */,
				E6623D6029E84C5B0069F8C7 /* Assets.xcassets in Resources */,
				E6623D5E29E84C5A0069F8C7 /* Main.storyboard in Resources */,
			);
			runOnlyForDeploymentPostprocessing = 0;
		};
		E6623D6729E84C5C0069F8C7 /* Resources */ = {
			isa = PBXResourcesBuildPhase;
			buildActionMask = 2147483647;
			files = (
			);
			runOnlyForDeploymentPostprocessing = 0;
		};
		E6623D7129E84C5C0069F8C7 /* Resources */ = {
			isa = PBXResourcesBuildPhase;
			buildActionMask = 2147483647;
			files = (
			);
			runOnlyForDeploymentPostprocessing = 0;
		};
/* End PBXResourcesBuildPhase section */

/* Begin PBXSourcesBuildPhase section */
		E6623D4F29E84C5A0069F8C7 /* Sources */ = {
			isa = PBXSourcesBuildPhase;
			buildActionMask = 2147483647;
			files = (
				E6623D5B29E84C5A0069F8C7 /* ViewController.swift in Sources */,
				E6623D5729E84C5A0069F8C7 /* AppDelegate.swift in Sources */,
				E6623D5929E84C5A0069F8C7 /* SceneDelegate.swift in Sources */,
				E6623D8729E84E9F0069F8C7 /* resultViewController.swift in Sources */,
			);
			runOnlyForDeploymentPostprocessing = 0;
		};
		E6623D6529E84C5C0069F8C7 /* Sources */ = {
			isa = PBXSourcesBuildPhase;
			buildActionMask = 2147483647;
			files = (
				E6623D6E29E84C5C0069F8C7 /* TableViewDemoTests.swift in Sources */,
			);
			runOnlyForDeploymentPostprocessing = 0;
		};
		E6623D6F29E84C5C0069F8C7 /* Sources */ = {
			isa = PBXSourcesBuildPhase;
			buildActionMask = 2147483647;
			files = (
				E6623D7829E84C5C0069F8C7 /* TableViewDemoUITests.swift in Sources */,
				E6623D7A29E84C5C0069F8C7 /* TableViewDemoUITestsLaunchTests.swift in Sources */,
			);
			runOnlyForDeploymentPostprocessing = 0;
		};
/* End PBXSourcesBuildPhase section */

/* Begin PBXTargetDependency section */
		E6623D6B29E84C5C0069F8C7 /* PBXTargetDependency */ = {
			isa = PBXTargetDependency;
			target = E6623D5229E84C5A0069F8C7 /* TableViewDemo */;
			targetProxy = E6623D6A29E84C5C0069F8C7 /* PBXContainerItemProxy */;
		};
		E6623D7529E84C5C0069F8C7 /* PBXTargetDependency */ = {
			isa = PBXTargetDependency;
			target = E6623D5229E84C5A0069F8C7 /* TableViewDemo */;
			targetProxy = E6623D7429E84C5C0069F8C7 /* PBXContainerItemProxy */;
		};
/* End PBXTargetDependency section */

/* Begin PBXVariantGroup section */
		E6623D5C29E84C5A0069F8C7 /* Main.storyboard */ = {
			isa = PBXVariantGroup;
			children = (
				E6623D5D29E84C5A0069F8C7 /* Base */,
			);
			name = Main.storyboard;
			sourceTree = "<group>";
		};
		E6623D6129E84C5B0069F8C7 /* LaunchScreen.storyboard */ = {
			isa = PBXVariantGroup;
			children = (
				E6623D6229E84C5B0069F8C7 /* Base */,
			);
			name = LaunchScreen.storyboard;
			sourceTree = "<group>";
		};
/* End PBXVariantGroup section */

/* Begin XCBuildConfiguration section */
		E6623D7B29E84C5C0069F8C7 /* Debug */ = {
			isa = XCBuildConfiguration;
			buildSettings = {
				ALWAYS_SEARCH_USER_PATHS = NO;
				CLANG_ANALYZER_NONNULL = YES;
				CLANG_ANALYZER_NUMBER_OBJECT_CONVERSION = YES_AGGRESSIVE;
				CLANG_CXX_LANGUAGE_STANDARD = "gnu++17";
				CLANG_ENABLE_MODULES = YES;
				CLANG_ENABLE_OBJC_ARC = YES;
				CLANG_ENABLE_OBJC_WEAK = YES;
				CLANG_WARN_BLOCK_CAPTURE_AUTORELEASING = YES;
				CLANG_WARN_BOOL_CONVERSION = YES;
				CLANG_WARN_COMMA = YES;
				CLANG_WARN_CONSTANT_CONVERSION = YES;
				CLANG_WARN_DEPRECATED_OBJC_IMPLEMENTATIONS = YES;
				CLANG_WARN_DIRECT_OBJC_ISA_USAGE = YES_ERROR;
				CLANG_WARN_DOCUMENTATION_COMMENTS = YES;
				CLANG_WARN_EMPTY_BODY = YES;
				CLANG_WARN_ENUM_CONVERSION = YES;
				CLANG_WARN_INFINITE_RECURSION = YES;
				CLANG_WARN_INT_CONVERSION = YES;
				CLANG_WARN_NON_LITERAL_NULL_CONVERSION = YES;
				CLANG_WARN_OBJC_IMPLICIT_RETAIN_SELF = YES;
				CLANG_WARN_OBJC_LITERAL_CONVERSION = YES;
				CLANG_WARN_OBJC_ROOT_CLASS = YES_ERROR;
				CLANG_WARN_QUOTED_INCLUDE_IN_FRAMEWORK_HEADER = YES;
				CLANG_WARN_RANGE_LOOP_ANALYSIS = YES;
				CLANG_WARN_STRICT_PROTOTYPES = YES;
				CLANG_WARN_SUSPICIOUS_MOVE = YES;
				CLANG_WARN_UNGUARDED_AVAILABILITY = YES_AGGRESSIVE;
				CLANG_WARN_UNREACHABLE_CODE = YES;
				CLANG_WARN__DUPLICATE_METHOD_MATCH = YES;
				COPY_PHASE_STRIP = NO;
				DEBUG_INFORMATION_FORMAT = dwarf;
				ENABLE_STRICT_OBJC_MSGSEND = YES;
				ENABLE_TESTABILITY = YES;
				GCC_C_LANGUAGE_STANDARD = gnu11;
				GCC_DYNAMIC_NO_PIC = NO;
				GCC_NO_COMMON_BLOCKS = YES;
				GCC_OPTIMIZATION_LEVEL = 0;
				GCC_PREPROCESSOR_DEFINITIONS = (
					"DEBUG=1",
					"$(inherited)",
				);
				GCC_WARN_64_TO_32_BIT_CONVERSION = YES;
				GCC_WARN_ABOUT_RETURN_TYPE = YES_ERROR;
				GCC_WARN_UNDECLARED_SELECTOR = YES;
				GCC_WARN_UNINITIALIZED_AUTOS = YES_AGGRESSIVE;
				GCC_WARN_UNUSED_FUNCTION = YES;
				GCC_WARN_UNUSED_VARIABLE = YES;
				IPHONEOS_DEPLOYMENT_TARGET = 15.5;
				MTL_ENABLE_DEBUG_INFO = INCLUDE_SOURCE;
				MTL_FAST_MATH = YES;
				ONLY_ACTIVE_ARCH = YES;
				SDKROOT = iphoneos;
				SWIFT_ACTIVE_COMPILATION_CONDITIONS = DEBUG;
				SWIFT_OPTIMIZATION_LEVEL = "-Onone";
			};
			name = Debug;
		};
		E6623D7C29E84C5C0069F8C7 /* Release */ = {
			isa = XCBuildConfiguration;
			buildSettings = {
				ALWAYS_SEARCH_USER_PATHS = NO;
				CLANG_ANALYZER_NONNULL = YES;
				CLANG_ANALYZER_NUMBER_OBJECT_CONVERSION = YES_AGGRESSIVE;
				CLANG_CXX_LANGUAGE_STANDARD = "gnu++17";
				CLANG_ENABLE_MODULES = YES;
				CLANG_ENABLE_OBJC_ARC = YES;
				CLANG_ENABLE_OBJC_WEAK = YES;
				CLANG_WARN_BLOCK_CAPTURE_AUTORELEASING = YES;
				CLANG_WARN_BOOL_CONVERSION = YES;
				CLANG_WARN_COMMA = YES;
				CLANG_WARN_CONSTANT_CONVERSION = YES;
				CLANG_WARN_DEPRECATED_OBJC_IMPLEMENTATIONS = YES;
				CLANG_WARN_DIRECT_OBJC_ISA_USAGE = YES_ERROR;
				CLANG_WARN_DOCUMENTATION_COMMENTS = YES;
				CLANG_WARN_EMPTY_BODY = YES;
				CLANG_WARN_ENUM_CONVERSION = YES;
				CLANG_WARN_INFINITE_RECURSION = YES;
				CLANG_WARN_INT_CONVERSION = YES;
				CLANG_WARN_NON_LITERAL_NULL_CONVERSION = YES;
				CLANG_WARN_OBJC_IMPLICIT_RETAIN_SELF = YES;
				CLANG_WARN_OBJC_LITERAL_CONVERSION = YES;
				CLANG_WARN_OBJC_ROOT_CLASS = YES_ERROR;
				CLANG_WARN_QUOTED_INCLUDE_IN_FRAMEWORK_HEADER = YES;
				CLANG_WARN_RANGE_LOOP_ANALYSIS = YES;
				CLANG_WARN_STRICT_PROTOTYPES = YES;
				CLANG_WARN_SUSPICIOUS_MOVE = YES;
				CLANG_WARN_UNGUARDED_AVAILABILITY = YES_AGGRESSIVE;
				CLANG_WARN_UNREACHABLE_CODE = YES;
				CLANG_WARN__DUPLICATE_METHOD_MATCH = YES;
				COPY_PHASE_STRIP = NO;
				DEBUG_INFORMATION_FORMAT = "dwarf-with-dsym";
				ENABLE_NS_ASSERTIONS = NO;
				ENABLE_STRICT_OBJC_MSGSEND = YES;
				GCC_C_LANGUAGE_STANDARD = gnu11;
				GCC_NO_COMMON_BLOCKS = YES;
				GCC_WARN_64_TO_32_BIT_CONVERSION = YES;
				GCC_WARN_ABOUT_RETURN_TYPE = YES_ERROR;
				GCC_WARN_UNDECLARED_SELECTOR = YES;
				GCC_WARN_UNINITIALIZED_AUTOS = YES_AGGRESSIVE;
				GCC_WARN_UNUSED_FUNCTION = YES;
				GCC_WARN_UNUSED_VARIABLE = YES;
				IPHONEOS_DEPLOYMENT_TARGET = 15.5;
				MTL_ENABLE_DEBUG_INFO = NO;
				MTL_FAST_MATH = YES;
				SDKROOT = iphoneos;
				SWIFT_COMPILATION_MODE = wholemodule;
				SWIFT_OPTIMIZATION_LEVEL = "-O";
				VALIDATE_PRODUCT = YES;
			};
			name = Release;
		};
		E6623D7E29E84C5C0069F8C7 /* Debug */ = {
			isa = XCBuildConfiguration;
			buildSettings = {
				ASSETCATALOG_COMPILER_APPICON_NAME = AppIcon;
				ASSETCATALOG_COMPILER_GLOBAL_ACCENT_COLOR_NAME = AccentColor;
				CODE_SIGN_STYLE = Automatic;
				CURRENT_PROJECT_VERSION = 1;
				GENERATE_INFOPLIST_FILE = YES;
				INFOPLIST_FILE = TableViewDemo/Info.plist;
				INFOPLIST_KEY_UIApplicationSupportsIndirectInputEvents = YES;
				INFOPLIST_KEY_UILaunchStoryboardName = LaunchScreen;
				INFOPLIST_KEY_UIMainStoryboardFile = Main;
				INFOPLIST_KEY_UISupportedInterfaceOrientations_iPad = "UIInterfaceOrientationPortrait UIInterfaceOrientationPortraitUpsideDown UIInterfaceOrientationLandscapeLeft UIInterfaceOrientationLandscapeRight";
				INFOPLIST_KEY_UISupportedInterfaceOrientations_iPhone = "UIInterfaceOrientationPortrait UIInterfaceOrientationLandscapeLeft UIInterfaceOrientationLandscapeRight";
				LD_RUNPATH_SEARCH_PATHS = (
					"$(inherited)",
					"@executable_path/Frameworks",
				);
				MARKETING_VERSION = 1.0;
				PRODUCT_BUNDLE_IDENTIFIER = nwmsu.TableViewDemo;
				PRODUCT_NAME = "$(TARGET_NAME)";
				SWIFT_EMIT_LOC_STRINGS = YES;
				SWIFT_VERSION = 5.0;
				TARGETED_DEVICE_FAMILY = "1,2";
			};
			name = Debug;
		};
		E6623D7F29E84C5C0069F8C7 /* Release */ = {
			isa = XCBuildConfiguration;
			buildSettings = {
				ASSETCATALOG_COMPILER_APPICON_NAME = AppIcon;
				ASSETCATALOG_COMPILER_GLOBAL_ACCENT_COLOR_NAME = AccentColor;
				CODE_SIGN_STYLE = Automatic;
				CURRENT_PROJECT_VERSION = 1;
				GENERATE_INFOPLIST_FILE = YES;
				INFOPLIST_FILE = TableViewDemo/Info.plist;
				INFOPLIST_KEY_UIApplicationSupportsIndirectInputEvents = YES;
				INFOPLIST_KEY_UILaunchStoryboardName = LaunchScreen;
				INFOPLIST_KEY_UIMainStoryboardFile = Main;
				INFOPLIST_KEY_UISupportedInterfaceOrientations_iPad = "UIInterfaceOrientationPortrait UIInterfaceOrientationPortraitUpsideDown UIInterfaceOrientationLandscapeLeft UIInterfaceOrientationLandscapeRight";
				INFOPLIST_KEY_UISupportedInterfaceOrientations_iPhone = "UIInterfaceOrientationPortrait UIInterfaceOrientationLandscapeLeft UIInterfaceOrientationLandscapeRight";
				LD_RUNPATH_SEARCH_PATHS = (
					"$(inherited)",
					"@executable_path/Frameworks",
				);
				MARKETING_VERSION = 1.0;
				PRODUCT_BUNDLE_IDENTIFIER = nwmsu.TableViewDemo;
				PRODUCT_NAME = "$(TARGET_NAME)";
				SWIFT_EMIT_LOC_STRINGS = YES;
				SWIFT_VERSION = 5.0;
				TARGETED_DEVICE_FAMILY = "1,2";
			};
			name = Release;
		};
		E6623D8129E84C5C0069F8C7 /* Debug */ = {
			isa = XCBuildConfiguration;
			buildSettings = {
				ALWAYS_EMBED_SWIFT_STANDARD_LIBRARIES = YES;
				BUNDLE_LOADER = "$(TEST_HOST)";
				CODE_SIGN_STYLE = Automatic;
				CURRENT_PROJECT_VERSION = 1;
				GENERATE_INFOPLIST_FILE = YES;
				IPHONEOS_DEPLOYMENT_TARGET = 15.5;
				MARKETING_VERSION = 1.0;
				PRODUCT_BUNDLE_IDENTIFIER = nwmsu.TableViewDemoTests;
				PRODUCT_NAME = "$(TARGET_NAME)";
				SWIFT_EMIT_LOC_STRINGS = NO;
				SWIFT_VERSION = 5.0;
				TARGETED_DEVICE_FAMILY = "1,2";
				TEST_HOST = "$(BUILT_PRODUCTS_DIR)/TableViewDemo.app/TableViewDemo";
			};
			name = Debug;
		};
		E6623D8229E84C5C0069F8C7 /* Release */ = {
			isa = XCBuildConfiguration;
			buildSettings = {
				ALWAYS_EMBED_SWIFT_STANDARD_LIBRARIES = YES;
				BUNDLE_LOADER = "$(TEST_HOST)";
				CODE_SIGN_STYLE = Automatic;
				CURRENT_PROJECT_VERSION = 1;
				GENERATE_INFOPLIST_FILE = YES;
				IPHONEOS_DEPLOYMENT_TARGET = 15.5;
				MARKETING_VERSION = 1.0;
				PRODUCT_BUNDLE_IDENTIFIER = nwmsu.TableViewDemoTests;
				PRODUCT_NAME = "$(TARGET_NAME)";
				SWIFT_EMIT_LOC_STRINGS = NO;
				SWIFT_VERSION = 5.0;
				TARGETED_DEVICE_FAMILY = "1,2";
				TEST_HOST = "$(BUILT_PRODUCTS_DIR)/TableViewDemo.app/TableViewDemo";
			};
			name = Release;
		};
		E6623D8429E84C5C0069F8C7 /* Debug */ = {
			isa = XCBuildConfiguration;
			buildSettings = {
				ALWAYS_EMBED_SWIFT_STANDARD_LIBRARIES = YES;
				CODE_SIGN_STYLE = Automatic;
				CURRENT_PROJECT_VERSION = 1;
				GENERATE_INFOPLIST_FILE = YES;
				MARKETING_VERSION = 1.0;
				PRODUCT_BUNDLE_IDENTIFIER = nwmsu.TableViewDemoUITests;
				PRODUCT_NAME = "$(TARGET_NAME)";
				SWIFT_EMIT_LOC_STRINGS = NO;
				SWIFT_VERSION = 5.0;
				TARGETED_DEVICE_FAMILY = "1,2";
				TEST_TARGET_NAME = TableViewDemo;
			};
			name = Debug;
		};
		E6623D8529E84C5C0069F8C7 /* Release */ = {
			isa = XCBuildConfiguration;
			buildSettings = {
				ALWAYS_EMBED_SWIFT_STANDARD_LIBRARIES = YES;
				CODE_SIGN_STYLE = Automatic;
				CURRENT_PROJECT_VERSION = 1;
				GENERATE_INFOPLIST_FILE = YES;
				MARKETING_VERSION = 1.0;
				PRODUCT_BUNDLE_IDENTIFIER = nwmsu.TableViewDemoUITests;
				PRODUCT_NAME = "$(TARGET_NAME)";
				SWIFT_EMIT_LOC_STRINGS = NO;
				SWIFT_VERSION = 5.0;
				TARGETED_DEVICE_FAMILY = "1,2";
				TEST_TARGET_NAME = TableViewDemo;
			};
			name = Release;
		};
/* End XCBuildConfiguration section */

/* Begin XCConfigurationList section */
		E6623D4E29E84C5A0069F8C7 /* Build configuration list for PBXProject "TableViewDemo" */ = {
			isa = XCConfigurationList;
			buildConfigurations = (
				E6623D7B29E84C5C0069F8C7 /* Debug */,
				E6623D7C29E84C5C0069F8C7 /* Release */,
			);
			defaultConfigurationIsVisible = 0;
			defaultConfigurationName = Release;
		};
		E6623D7D29E84C5C0069F8C7 /* Build configuration list for PBXNativeTarget "TableViewDemo" */ = {
			isa = XCConfigurationList;
			buildConfigurations = (
				E6623D7E29E84C5C0069F8C7 /* Debug */,
				E6623D7F29E84C5C0069F8C7 /* Release */,
			);
			defaultConfigurationIsVisible = 0;
			defaultConfigurationName = Release;
		};
		E6623D8029E84C5C0069F8C7 /* Build configuration list for PBXNativeTarget "TableViewDemoTests" */ = {
			isa = XCConfigurationList;
			buildConfigurations = (
				E6623D8129E84C5C0069F8C7 /* Debug */,
				E6623D8229E84C5C0069F8C7 /* Release */,
			);
			defaultConfigurationIsVisible = 0;
			defaultConfigurationName = Release;
		};
		E6623D8329E84C5C0069F8C7 /* Build configuration list for PBXNativeTarget "TableViewDemoUITests" */ = {
			isa = XCConfigurationList;
			buildConfigurations = (
				E6623D8429E84C5C0069F8C7 /* Debug */,
				E6623D8529E84C5C0069F8C7 /* Release */,
			);
			defaultConfigurationIsVisible = 0;
			defaultConfigurationName = Release;
		};
/* End XCConfigurationList section */
	};
	rootObject = E6623D4B29E84C5A0069F8C7 /* Project object */;
}
