// !$*UTF8*$!
{
	archiveVersion = 1;
	classes = {
	};
	objectVersion = 55;
	objects = {

/* Begin PBXBuildFile section */
		E62E455029D5D7FA0019E62E /* AppDelegate.swift in Sources */ = {isa = PBXBuildFile; fileRef = E62E454F29D5D7FA0019E62E /* AppDelegate.swift */; };
		E62E455229D5D7FA0019E62E /* SceneDelegate.swift in Sources */ = {isa = PBXBuildFile; fileRef = E62E455129D5D7FA0019E62E /* SceneDelegate.swift */; };
		E62E455429D5D7FA0019E62E /* ViewController.swift in Sources */ = {isa = PBXBuildFile; fileRef = E62E455329D5D7FA0019E62E /* ViewController.swift */; };
		E62E455729D5D7FA0019E62E /* Main.storyboard in Resources */ = {isa = PBXBuildFile; fileRef = E62E455529D5D7FA0019E62E /* Main.storyboard */; };
		E62E455929D5D7FC0019E62E /* Assets.xcassets in Resources */ = {isa = PBXBuildFile; fileRef = E62E455829D5D7FC0019E62E /* Assets.xcassets */; };
		E62E455C29D5D7FC0019E62E /* LaunchScreen.storyboard in Resources */ = {isa = PBXBuildFile; fileRef = E62E455A29D5D7FC0019E62E /* LaunchScreen.storyboard */; };
		E62E456729D5D7FC0019E62E /* MVCDiscountAppTests.swift in Sources */ = {isa = PBXBuildFile; fileRef = E62E456629D5D7FC0019E62E /* MVCDiscountAppTests.swift */; };
		E62E457129D5D7FC0019E62E /* MVCDiscountAppUITests.swift in Sources */ = {isa = PBXBuildFile; fileRef = E62E457029D5D7FC0019E62E /* MVCDiscountAppUITests.swift */; };
		E62E457329D5D7FC0019E62E /* MVCDiscountAppUITestsLaunchTests.swift in Sources */ = {isa = PBXBuildFile; fileRef = E62E457229D5D7FC0019E62E /* MVCDiscountAppUITestsLaunchTests.swift */; };
		E62E458029D5D9BC0019E62E /* resultViewController.swift in Sources */ = {isa = PBXBuildFile; fileRef = E62E457F29D5D9BC0019E62E /* resultViewController.swift */; };
/* End PBXBuildFile section */

/* Begin PBXContainerItemProxy section */
		E62E456329D5D7FC0019E62E /* PBXContainerItemProxy */ = {
			isa = PBXContainerItemProxy;
			containerPortal = E62E454429D5D7FA0019E62E /* Project object */;
			proxyType = 1;
			remoteGlobalIDString = E62E454B29D5D7FA0019E62E;
			remoteInfo = MVCDiscountApp;
		};
		E62E456D29D5D7FC0019E62E /* PBXContainerItemProxy */ = {
			isa = PBXContainerItemProxy;
			containerPortal = E62E454429D5D7FA0019E62E /* Project object */;
			proxyType = 1;
			remoteGlobalIDString = E62E454B29D5D7FA0019E62E;
			remoteInfo = MVCDiscountApp;
		};
/* End PBXContainerItemProxy section */

/* Begin PBXFileReference section */
		E62E454C29D5D7FA0019E62E /* MVCDiscountApp.app */ = {isa = PBXFileReference; explicitFileType = wrapper.application; includeInIndex = 0; path = MVCDiscountApp.app; sourceTree = BUILT_PRODUCTS_DIR; };
		E62E454F29D5D7FA0019E62E /* AppDelegate.swift */ = {isa = PBXFileReference; lastKnownFileType = sourcecode.swift; path = AppDelegate.swift; sourceTree = "<group>"; };
		E62E455129D5D7FA0019E62E /* SceneDelegate.swift */ = {isa = PBXFileReference; lastKnownFileType = sourcecode.swift; path = SceneDelegate.swift; sourceTree = "<group>"; };
		E62E455329D5D7FA0019E62E /* ViewController.swift */ = {isa = PBXFileReference; lastKnownFileType = sourcecode.swift; path = ViewController.swift; sourceTree = "<group>"; };
		E62E455629D5D7FA0019E62E /* Base */ = {isa = PBXFileReference; lastKnownFileType = file.storyboard; name = Base; path = Base.lproj/Main.storyboard; sourceTree = "<group>"; };
		E62E455829D5D7FC0019E62E /* Assets.xcassets */ = {isa = PBXFileReference; lastKnownFileType = folder.assetcatalog; path = Assets.xcassets; sourceTree = "<group>"; };
		E62E455B29D5D7FC0019E62E /* Base */ = {isa = PBXFileReference; lastKnownFileType = file.storyboard; name = Base; path = Base.lproj/LaunchScreen.storyboard; sourceTree = "<group>"; };
		E62E455D29D5D7FC0019E62E /* Info.plist */ = {isa = PBXFileReference; lastKnownFileType = text.plist.xml; path = Info.plist; sourceTree = "<group>"; };
		E62E456229D5D7FC0019E62E /* MVCDiscountAppTests.xctest */ = {isa = PBXFileReference; explicitFileType = wrapper.cfbundle; includeInIndex = 0; path = MVCDiscountAppTests.xctest; sourceTree = BUILT_PRODUCTS_DIR; };
		E62E456629D5D7FC0019E62E /* MVCDiscountAppTests.swift */ = {isa = PBXFileReference; lastKnownFileType = sourcecode.swift; path = MVCDiscountAppTests.swift; sourceTree = "<group>"; };
		E62E456C29D5D7FC0019E62E /* MVCDiscountAppUITests.xctest */ = {isa = PBXFileReference; explicitFileType = wrapper.cfbundle; includeInIndex = 0; path = MVCDiscountAppUITests.xctest; sourceTree = BUILT_PRODUCTS_DIR; };
		E62E457029D5D7FC0019E62E /* MVCDiscountAppUITests.swift */ = {isa = PBXFileReference; lastKnownFileType = sourcecode.swift; path = MVCDiscountAppUITests.swift; sourceTree = "<group>"; };
		E62E457229D5D7FC0019E62E /* MVCDiscountAppUITestsLaunchTests.swift */ = {isa = PBXFileReference; lastKnownFileType = sourcecode.swift; path = MVCDiscountAppUITestsLaunchTests.swift; sourceTree = "<group>"; };
		E62E457F29D5D9BC0019E62E /* resultViewController.swift */ = {isa = PBXFileReference; lastKnownFileType = sourcecode.swift; path = resultViewController.swift; sourceTree = "<group>"; };
/* End PBXFileReference section */

/* Begin PBXFrameworksBuildPhase section */
		E62E454929D5D7FA0019E62E /* Frameworks */ = {
			isa = PBXFrameworksBuildPhase;
			buildActionMask = 2147483647;
			files = (
			);
			runOnlyForDeploymentPostprocessing = 0;
		};
		E62E455F29D5D7FC0019E62E /* Frameworks */ = {
			isa = PBXFrameworksBuildPhase;
			buildActionMask = 2147483647;
			files = (
			);
			runOnlyForDeploymentPostprocessing = 0;
		};
		E62E456929D5D7FC0019E62E /* Frameworks */ = {
			isa = PBXFrameworksBuildPhase;
			buildActionMask = 2147483647;
			files = (
			);
			runOnlyForDeploymentPostprocessing = 0;
		};
/* End PBXFrameworksBuildPhase section */

/* Begin PBXGroup section */
		E62E454329D5D7FA0019E62E = {
			isa = PBXGroup;
			children = (
				E62E454E29D5D7FA0019E62E /* MVCDiscountApp */,
				E62E456529D5D7FC0019E62E /* MVCDiscountAppTests */,
				E62E456F29D5D7FC0019E62E /* MVCDiscountAppUITests */,
				E62E454D29D5D7FA0019E62E /* Products */,
			);
			sourceTree = "<group>";
		};
		E62E454D29D5D7FA0019E62E /* Products */ = {
			isa = PBXGroup;
			children = (
				E62E454C29D5D7FA0019E62E /* MVCDiscountApp.app */,
				E62E456229D5D7FC0019E62E /* MVCDiscountAppTests.xctest */,
				E62E456C29D5D7FC0019E62E /* MVCDiscountAppUITests.xctest */,
			);
			name = Products;
			sourceTree = "<group>";
		};
		E62E454E29D5D7FA0019E62E /* MVCDiscountApp */ = {
			isa = PBXGroup;
			children = (
				E62E454F29D5D7FA0019E62E /* AppDelegate.swift */,
				E62E455129D5D7FA0019E62E /* SceneDelegate.swift */,
				E62E455329D5D7FA0019E62E /* ViewController.swift */,
				E62E455529D5D7FA0019E62E /* Main.storyboard */,
				E62E455829D5D7FC0019E62E /* Assets.xcassets */,
				E62E455A29D5D7FC0019E62E /* LaunchScreen.storyboard */,
				E62E455D29D5D7FC0019E62E /* Info.plist */,
				E62E457F29D5D9BC0019E62E /* resultViewController.swift */,
			);
			path = MVCDiscountApp;
			sourceTree = "<group>";
		};
		E62E456529D5D7FC0019E62E /* MVCDiscountAppTests */ = {
			isa = PBXGroup;
			children = (
				E62E456629D5D7FC0019E62E /* MVCDiscountAppTests.swift */,
			);
			path = MVCDiscountAppTests;
			sourceTree = "<group>";
		};
		E62E456F29D5D7FC0019E62E /* MVCDiscountAppUITests */ = {
			isa = PBXGroup;
			children = (
				E62E457029D5D7FC0019E62E /* MVCDiscountAppUITests.swift */,
				E62E457229D5D7FC0019E62E /* MVCDiscountAppUITestsLaunchTests.swift */,
			);
			path = MVCDiscountAppUITests;
			sourceTree = "<group>";
		};
/* End PBXGroup section */

/* Begin PBXNativeTarget section */
		E62E454B29D5D7FA0019E62E /* MVCDiscountApp */ = {
			isa = PBXNativeTarget;
			buildConfigurationList = E62E457629D5D7FC0019E62E /* Build configuration list for PBXNativeTarget "MVCDiscountApp" */;
			buildPhases = (
				E62E454829D5D7FA0019E62E /* Sources */,
				E62E454929D5D7FA0019E62E /* Frameworks */,
				E62E454A29D5D7FA0019E62E /* Resources */,
			);
			buildRules = (
			);
			dependencies = (
			);
			name = MVCDiscountApp;
			productName = MVCDiscountApp;
			productReference = E62E454C29D5D7FA0019E62E /* MVCDiscountApp.app */;
			productType = "com.apple.product-type.application";
		};
		E62E456129D5D7FC0019E62E /* MVCDiscountAppTests */ = {
			isa = PBXNativeTarget;
			buildConfigurationList = E62E457929D5D7FC0019E62E /* Build configuration list for PBXNativeTarget "MVCDiscountAppTests" */;
			buildPhases = (
				E62E455E29D5D7FC0019E62E /* Sources */,
				E62E455F29D5D7FC0019E62E /* Frameworks */,
				E62E456029D5D7FC0019E62E /* Resources */,
			);
			buildRules = (
			);
			dependencies = (
				E62E456429D5D7FC0019E62E /* PBXTargetDependency */,
			);
			name = MVCDiscountAppTests;
			productName = MVCDiscountAppTests;
			productReference = E62E456229D5D7FC0019E62E /* MVCDiscountAppTests.xctest */;
			productType = "com.apple.product-type.bundle.unit-test";
		};
		E62E456B29D5D7FC0019E62E /* MVCDiscountAppUITests */ = {
			isa = PBXNativeTarget;
			buildConfigurationList = E62E457C29D5D7FC0019E62E /* Build configuration list for PBXNativeTarget "MVCDiscountAppUITests" */;
			buildPhases = (
				E62E456829D5D7FC0019E62E /* Sources */,
				E62E456929D5D7FC0019E62E /* Frameworks */,
				E62E456A29D5D7FC0019E62E /* Resources */,
			);
			buildRules = (
			);
			dependencies = (
				E62E456E29D5D7FC0019E62E /* PBXTargetDependency */,
			);
			name = MVCDiscountAppUITests;
			productName = MVCDiscountAppUITests;
			productReference = E62E456C29D5D7FC0019E62E /* MVCDiscountAppUITests.xctest */;
			productType = "com.apple.product-type.bundle.ui-testing";
		};
/* End PBXNativeTarget section */

/* Begin PBXProject section */
		E62E454429D5D7FA0019E62E /* Project object */ = {
			isa = PBXProject;
			attributes = {
				BuildIndependentTargetsInParallel = 1;
				LastSwiftUpdateCheck = 1340;
				LastUpgradeCheck = 1340;
				TargetAttributes = {
					E62E454B29D5D7FA0019E62E = {
						CreatedOnToolsVersion = 13.4.1;
					};
					E62E456129D5D7FC0019E62E = {
						CreatedOnToolsVersion = 13.4.1;
						TestTargetID = E62E454B29D5D7FA0019E62E;
					};
					E62E456B29D5D7FC0019E62E = {
						CreatedOnToolsVersion = 13.4.1;
						TestTargetID = E62E454B29D5D7FA0019E62E;
					};
				};
			};
			buildConfigurationList = E62E454729D5D7FA0019E62E /* Build configuration list for PBXProject "MVCDiscountApp" */;
			compatibilityVersion = "Xcode 13.0";
			developmentRegion = en;
			hasScannedForEncodings = 0;
			knownRegions = (
				en,
				Base,
			);
			mainGroup = E62E454329D5D7FA0019E62E;
			productRefGroup = E62E454D29D5D7FA0019E62E /* Products */;
			projectDirPath = "";
			projectRoot = "";
			targets = (
				E62E454B29D5D7FA0019E62E /* MVCDiscountApp */,
				E62E456129D5D7FC0019E62E /* MVCDiscountAppTests */,
				E62E456B29D5D7FC0019E62E /* MVCDiscountAppUITests */,
			);
		};
/* End PBXProject section */

/* Begin PBXResourcesBuildPhase section */
		E62E454A29D5D7FA0019E62E /* Resources */ = {
			isa = PBXResourcesBuildPhase;
			buildActionMask = 2147483647;
			files = (
				E62E455C29D5D7FC0019E62E /* LaunchScreen.storyboard in Resources */,
				E62E455929D5D7FC0019E62E /* Assets.xcassets in Resources */,
				E62E455729D5D7FA0019E62E /* Main.storyboard in Resources */,
			);
			runOnlyForDeploymentPostprocessing = 0;
		};
		E62E456029D5D7FC0019E62E /* Resources */ = {
			isa = PBXResourcesBuildPhase;
			buildActionMask = 2147483647;
			files = (
			);
			runOnlyForDeploymentPostprocessing = 0;
		};
		E62E456A29D5D7FC0019E62E /* Resources */ = {
			isa = PBXResourcesBuildPhase;
			buildActionMask = 2147483647;
			files = (
			);
			runOnlyForDeploymentPostprocessing = 0;
		};
/* End PBXResourcesBuildPhase section */

/* Begin PBXSourcesBuildPhase section */
		E62E454829D5D7FA0019E62E /* Sources */ = {
			isa = PBXSourcesBuildPhase;
			buildActionMask = 2147483647;
			files = (
				E62E455429D5D7FA0019E62E /* ViewController.swift in Sources */,
				E62E455029D5D7FA0019E62E /* AppDelegate.swift in Sources */,
				E62E455229D5D7FA0019E62E /* SceneDelegate.swift in Sources */,
				E62E458029D5D9BC0019E62E /* resultViewController.swift in Sources */,
			);
			runOnlyForDeploymentPostprocessing = 0;
		};
		E62E455E29D5D7FC0019E62E /* Sources */ = {
			isa = PBXSourcesBuildPhase;
			buildActionMask = 2147483647;
			files = (
				E62E456729D5D7FC0019E62E /* MVCDiscountAppTests.swift in Sources */,
			);
			runOnlyForDeploymentPostprocessing = 0;
		};
		E62E456829D5D7FC0019E62E /* Sources */ = {
			isa = PBXSourcesBuildPhase;
			buildActionMask = 2147483647;
			files = (
				E62E457329D5D7FC0019E62E /* MVCDiscountAppUITestsLaunchTests.swift in Sources */,
				E62E457129D5D7FC0019E62E /* MVCDiscountAppUITests.swift in Sources */,
			);
			runOnlyForDeploymentPostprocessing = 0;
		};
/* End PBXSourcesBuildPhase section */

/* Begin PBXTargetDependency section */
		E62E456429D5D7FC0019E62E /* PBXTargetDependency */ = {
			isa = PBXTargetDependency;
			target = E62E454B29D5D7FA0019E62E /* MVCDiscountApp */;
			targetProxy = E62E456329D5D7FC0019E62E /* PBXContainerItemProxy */;
		};
		E62E456E29D5D7FC0019E62E /* PBXTargetDependency */ = {
			isa = PBXTargetDependency;
			target = E62E454B29D5D7FA0019E62E /* MVCDiscountApp */;
			targetProxy = E62E456D29D5D7FC0019E62E /* PBXContainerItemProxy */;
		};
/* End PBXTargetDependency section */

/* Begin PBXVariantGroup section */
		E62E455529D5D7FA0019E62E /* Main.storyboard */ = {
			isa = PBXVariantGroup;
			children = (
				E62E455629D5D7FA0019E62E /* Base */,
			);
			name = Main.storyboard;
			sourceTree = "<group>";
		};
		E62E455A29D5D7FC0019E62E /* LaunchScreen.storyboard */ = {
			isa = PBXVariantGroup;
			children = (
				E62E455B29D5D7FC0019E62E /* Base */,
			);
			name = LaunchScreen.storyboard;
			sourceTree = "<group>";
		};
/* End PBXVariantGroup section */

/* Begin XCBuildConfiguration section */
		E62E457429D5D7FC0019E62E /* Debug */ = {
			isa = XCBuildConfiguration;
			buildSettings = {
				ALWAYS_SEARCH_USER_PATHS = NO;
				CLANG_ANALYZER_NONNULL = YES;
				CLANG_ANALYZER_NUMBER_OBJECT_CONVERSION = YES_AGGRESSIVE;
				CLANG_CXX_LANGUAGE_STANDARD = "gnu++17";
				CLANG_ENABLE_MODULES = YES;
				CLANG_ENABLE_OBJC_ARC = YES;
				CLANG_ENABLE_OBJC_WEAK = YES;
				CLANG_WARN_BLOCK_CAPTURE_AUTORELEASING = YES;
				CLANG_WARN_BOOL_CONVERSION = YES;
				CLANG_WARN_COMMA = YES;
				CLANG_WARN_CONSTANT_CONVERSION = YES;
				CLANG_WARN_DEPRECATED_OBJC_IMPLEMENTATIONS = YES;
				CLANG_WARN_DIRECT_OBJC_ISA_USAGE = YES_ERROR;
				CLANG_WARN_DOCUMENTATION_COMMENTS = YES;
				CLANG_WARN_EMPTY_BODY = YES;
				CLANG_WARN_ENUM_CONVERSION = YES;
				CLANG_WARN_INFINITE_RECURSION = YES;
				CLANG_WARN_INT_CONVERSION = YES;
				CLANG_WARN_NON_LITERAL_NULL_CONVERSION = YES;
				CLANG_WARN_OBJC_IMPLICIT_RETAIN_SELF = YES;
				CLANG_WARN_OBJC_LITERAL_CONVERSION = YES;
				CLANG_WARN_OBJC_ROOT_CLASS = YES_ERROR;
				CLANG_WARN_QUOTED_INCLUDE_IN_FRAMEWORK_HEADER = YES;
				CLANG_WARN_RANGE_LOOP_ANALYSIS = YES;
				CLANG_WARN_STRICT_PROTOTYPES = YES;
				CLANG_WARN_SUSPICIOUS_MOVE = YES;
				CLANG_WARN_UNGUARDED_AVAILABILITY = YES_AGGRESSIVE;
				CLANG_WARN_UNREACHABLE_CODE = YES;
				CLANG_WARN__DUPLICATE_METHOD_MATCH = YES;
				COPY_PHASE_STRIP = NO;
				DEBUG_INFORMATION_FORMAT = dwarf;
				ENABLE_STRICT_OBJC_MSGSEND = YES;
				ENABLE_TESTABILITY = YES;
				GCC_C_LANGUAGE_STANDARD = gnu11;
				GCC_DYNAMIC_NO_PIC = NO;
				GCC_NO_COMMON_BLOCKS = YES;
				GCC_OPTIMIZATION_LEVEL = 0;
				GCC_PREPROCESSOR_DEFINITIONS = (
					"DEBUG=1",
					"$(inherited)",
				);
				GCC_WARN_64_TO_32_BIT_CONVERSION = YES;
				GCC_WARN_ABOUT_RETURN_TYPE = YES_ERROR;
				GCC_WARN_UNDECLARED_SELECTOR = YES;
				GCC_WARN_UNINITIALIZED_AUTOS = YES_AGGRESSIVE;
				GCC_WARN_UNUSED_FUNCTION = YES;
				GCC_WARN_UNUSED_VARIABLE = YES;
				IPHONEOS_DEPLOYMENT_TARGET = 15.5;
				MTL_ENABLE_DEBUG_INFO = INCLUDE_SOURCE;
				MTL_FAST_MATH = YES;
				ONLY_ACTIVE_ARCH = YES;
				SDKROOT = iphoneos;
				SWIFT_ACTIVE_COMPILATION_CONDITIONS = DEBUG;
				SWIFT_OPTIMIZATION_LEVEL = "-Onone";
			};
			name = Debug;
		};
		E62E457529D5D7FC0019E62E /* Release */ = {
			isa = XCBuildConfiguration;
			buildSettings = {
				ALWAYS_SEARCH_USER_PATHS = NO;
				CLANG_ANALYZER_NONNULL = YES;
				CLANG_ANALYZER_NUMBER_OBJECT_CONVERSION = YES_AGGRESSIVE;
				CLANG_CXX_LANGUAGE_STANDARD = "gnu++17";
				CLANG_ENABLE_MODULES = YES;
				CLANG_ENABLE_OBJC_ARC = YES;
				CLANG_ENABLE_OBJC_WEAK = YES;
				CLANG_WARN_BLOCK_CAPTURE_AUTORELEASING = YES;
				CLANG_WARN_BOOL_CONVERSION = YES;
				CLANG_WARN_COMMA = YES;
				CLANG_WARN_CONSTANT_CONVERSION = YES;
				CLANG_WARN_DEPRECATED_OBJC_IMPLEMENTATIONS = YES;
				CLANG_WARN_DIRECT_OBJC_ISA_USAGE = YES_ERROR;
				CLANG_WARN_DOCUMENTATION_COMMENTS = YES;
				CLANG_WARN_EMPTY_BODY = YES;
				CLANG_WARN_ENUM_CONVERSION = YES;
				CLANG_WARN_INFINITE_RECURSION = YES;
				CLANG_WARN_INT_CONVERSION = YES;
				CLANG_WARN_NON_LITERAL_NULL_CONVERSION = YES;
				CLANG_WARN_OBJC_IMPLICIT_RETAIN_SELF = YES;
				CLANG_WARN_OBJC_LITERAL_CONVERSION = YES;
				CLANG_WARN_OBJC_ROOT_CLASS = YES_ERROR;
				CLANG_WARN_QUOTED_INCLUDE_IN_FRAMEWORK_HEADER = YES;
				CLANG_WARN_RANGE_LOOP_ANALYSIS = YES;
				CLANG_WARN_STRICT_PROTOTYPES = YES;
				CLANG_WARN_SUSPICIOUS_MOVE = YES;
				CLANG_WARN_UNGUARDED_AVAILABILITY = YES_AGGRESSIVE;
				CLANG_WARN_UNREACHABLE_CODE = YES;
				CLANG_WARN__DUPLICATE_METHOD_MATCH = YES;
				COPY_PHASE_STRIP = NO;
				DEBUG_INFORMATION_FORMAT = "dwarf-with-dsym";
				ENABLE_NS_ASSERTIONS = NO;
				ENABLE_STRICT_OBJC_MSGSEND = YES;
				GCC_C_LANGUAGE_STANDARD = gnu11;
				GCC_NO_COMMON_BLOCKS = YES;
				GCC_WARN_64_TO_32_BIT_CONVERSION = YES;
				GCC_WARN_ABOUT_RETURN_TYPE = YES_ERROR;
				GCC_WARN_UNDECLARED_SELECTOR = YES;
				GCC_WARN_UNINITIALIZED_AUTOS = YES_AGGRESSIVE;
				GCC_WARN_UNUSED_FUNCTION = YES;
				GCC_WARN_UNUSED_VARIABLE = YES;
				IPHONEOS_DEPLOYMENT_TARGET = 15.5;
				MTL_ENABLE_DEBUG_INFO = NO;
				MTL_FAST_MATH = YES;
				SDKROOT = iphoneos;
				SWIFT_COMPILATION_MODE = wholemodule;
				SWIFT_OPTIMIZATION_LEVEL = "-O";
				VALIDATE_PRODUCT = YES;
			};
			name = Release;
		};
		E62E457729D5D7FC0019E62E /* Debug */ = {
			isa = XCBuildConfiguration;
			buildSettings = {
				ASSETCATALOG_COMPILER_APPICON_NAME = AppIcon;
				ASSETCATALOG_COMPILER_GLOBAL_ACCENT_COLOR_NAME = AccentColor;
				CODE_SIGN_STYLE = Automatic;
				CURRENT_PROJECT_VERSION = 1;
				GENERATE_INFOPLIST_FILE = YES;
				INFOPLIST_FILE = MVCDiscountApp/Info.plist;
				INFOPLIST_KEY_UIApplicationSupportsIndirectInputEvents = YES;
				INFOPLIST_KEY_UILaunchStoryboardName = LaunchScreen;
				INFOPLIST_KEY_UIMainStoryboardFile = Main;
				INFOPLIST_KEY_UISupportedInterfaceOrientations_iPad = "UIInterfaceOrientationPortrait UIInterfaceOrientationPortraitUpsideDown UIInterfaceOrientationLandscapeLeft UIInterfaceOrientationLandscapeRight";
				INFOPLIST_KEY_UISupportedInterfaceOrientations_iPhone = "UIInterfaceOrientationPortrait UIInterfaceOrientationLandscapeLeft UIInterfaceOrientationLandscapeRight";
				LD_RUNPATH_SEARCH_PATHS = (
					"$(inherited)",
					"@executable_path/Frameworks",
				);
				MARKETING_VERSION = 1.0;
				PRODUCT_BUNDLE_IDENTIFIER = nwmsu.MVCDiscountApp;
				PRODUCT_NAME = "$(TARGET_NAME)";
				SWIFT_EMIT_LOC_STRINGS = YES;
				SWIFT_VERSION = 5.0;
				TARGETED_DEVICE_FAMILY = "1,2";
			};
			name = Debug;
		};
		E62E457829D5D7FC0019E62E /* Release */ = {
			isa = XCBuildConfiguration;
			buildSettings = {
				ASSETCATALOG_COMPILER_APPICON_NAME = AppIcon;
				ASSETCATALOG_COMPILER_GLOBAL_ACCENT_COLOR_NAME = AccentColor;
				CODE_SIGN_STYLE = Automatic;
				CURRENT_PROJECT_VERSION = 1;
				GENERATE_INFOPLIST_FILE = YES;
				INFOPLIST_FILE = MVCDiscountApp/Info.plist;
				INFOPLIST_KEY_UIApplicationSupportsIndirectInputEvents = YES;
				INFOPLIST_KEY_UILaunchStoryboardName = LaunchScreen;
				INFOPLIST_KEY_UIMainStoryboardFile = Main;
				INFOPLIST_KEY_UISupportedInterfaceOrientations_iPad = "UIInterfaceOrientationPortrait UIInterfaceOrientationPortraitUpsideDown UIInterfaceOrientationLandscapeLeft UIInterfaceOrientationLandscapeRight";
				INFOPLIST_KEY_UISupportedInterfaceOrientations_iPhone = "UIInterfaceOrientationPortrait UIInterfaceOrientationLandscapeLeft UIInterfaceOrientationLandscapeRight";
				LD_RUNPATH_SEARCH_PATHS = (
					"$(inherited)",
					"@executable_path/Frameworks",
				);
				MARKETING_VERSION = 1.0;
				PRODUCT_BUNDLE_IDENTIFIER = nwmsu.MVCDiscountApp;
				PRODUCT_NAME = "$(TARGET_NAME)";
				SWIFT_EMIT_LOC_STRINGS = YES;
				SWIFT_VERSION = 5.0;
				TARGETED_DEVICE_FAMILY = "1,2";
			};
			name = Release;
		};
		E62E457A29D5D7FC0019E62E /* Debug */ = {
			isa = XCBuildConfiguration;
			buildSettings = {
				ALWAYS_EMBED_SWIFT_STANDARD_LIBRARIES = YES;
				BUNDLE_LOADER = "$(TEST_HOST)";
				CODE_SIGN_STYLE = Automatic;
				CURRENT_PROJECT_VERSION = 1;
				GENERATE_INFOPLIST_FILE = YES;
				IPHONEOS_DEPLOYMENT_TARGET = 15.5;
				MARKETING_VERSION = 1.0;
				PRODUCT_BUNDLE_IDENTIFIER = nwmsu.MVCDiscountAppTests;
				PRODUCT_NAME = "$(TARGET_NAME)";
				SWIFT_EMIT_LOC_STRINGS = NO;
				SWIFT_VERSION = 5.0;
				TARGETED_DEVICE_FAMILY = "1,2";
				TEST_HOST = "$(BUILT_PRODUCTS_DIR)/MVCDiscountApp.app/MVCDiscountApp";
			};
			name = Debug;
		};
		E62E457B29D5D7FC0019E62E /* Release */ = {
			isa = XCBuildConfiguration;
			buildSettings = {
				ALWAYS_EMBED_SWIFT_STANDARD_LIBRARIES = YES;
				BUNDLE_LOADER = "$(TEST_HOST)";
				CODE_SIGN_STYLE = Automatic;
				CURRENT_PROJECT_VERSION = 1;
				GENERATE_INFOPLIST_FILE = YES;
				IPHONEOS_DEPLOYMENT_TARGET = 15.5;
				MARKETING_VERSION = 1.0;
				PRODUCT_BUNDLE_IDENTIFIER = nwmsu.MVCDiscountAppTests;
				PRODUCT_NAME = "$(TARGET_NAME)";
				SWIFT_EMIT_LOC_STRINGS = NO;
				SWIFT_VERSION = 5.0;
				TARGETED_DEVICE_FAMILY = "1,2";
				TEST_HOST = "$(BUILT_PRODUCTS_DIR)/MVCDiscountApp.app/MVCDiscountApp";
			};
			name = Release;
		};
		E62E457D29D5D7FC0019E62E /* Debug */ = {
			isa = XCBuildConfiguration;
			buildSettings = {
				ALWAYS_EMBED_SWIFT_STANDARD_LIBRARIES = YES;
				CODE_SIGN_STYLE = Automatic;
				CURRENT_PROJECT_VERSION = 1;
				GENERATE_INFOPLIST_FILE = YES;
				MARKETING_VERSION = 1.0;
				PRODUCT_BUNDLE_IDENTIFIER = nwmsu.MVCDiscountAppUITests;
				PRODUCT_NAME = "$(TARGET_NAME)";
				SWIFT_EMIT_LOC_STRINGS = NO;
				SWIFT_VERSION = 5.0;
				TARGETED_DEVICE_FAMILY = "1,2";
				TEST_TARGET_NAME = MVCDiscountApp;
			};
			name = Debug;
		};
		E62E457E29D5D7FC0019E62E /* Release */ = {
			isa = XCBuildConfiguration;
			buildSettings = {
				ALWAYS_EMBED_SWIFT_STANDARD_LIBRARIES = YES;
				CODE_SIGN_STYLE = Automatic;
				CURRENT_PROJECT_VERSION = 1;
				GENERATE_INFOPLIST_FILE = YES;
				MARKETING_VERSION = 1.0;
				PRODUCT_BUNDLE_IDENTIFIER = nwmsu.MVCDiscountAppUITests;
				PRODUCT_NAME = "$(TARGET_NAME)";
				SWIFT_EMIT_LOC_STRINGS = NO;
				SWIFT_VERSION = 5.0;
				TARGETED_DEVICE_FAMILY = "1,2";
				TEST_TARGET_NAME = MVCDiscountApp;
			};
			name = Release;
		};
/* End XCBuildConfiguration section */

/* Begin XCConfigurationList section */
		E62E454729D5D7FA0019E62E /* Build configuration list for PBXProject "MVCDiscountApp" */ = {
			isa = XCConfigurationList;
			buildConfigurations = (
				E62E457429D5D7FC0019E62E /* Debug */,
				E62E457529D5D7FC0019E62E /* Release */,
			);
			defaultConfigurationIsVisible = 0;
			defaultConfigurationName = Release;
		};
		E62E457629D5D7FC0019E62E /* Build configuration list for PBXNativeTarget "MVCDiscountApp" */ = {
			isa = XCConfigurationList;
			buildConfigurations = (
				E62E457729D5D7FC0019E62E /* Debug */,
				E62E457829D5D7FC0019E62E /* Release */,
			);
			defaultConfigurationIsVisible = 0;
			defaultConfigurationName = Release;
		};
		E62E457929D5D7FC0019E62E /* Build configuration list for PBXNativeTarget "MVCDiscountAppTests" */ = {
			isa = XCConfigurationList;
			buildConfigurations = (
				E62E457A29D5D7FC0019E62E /* Debug */,
				E62E457B29D5D7FC0019E62E /* Release */,
			);
			defaultConfigurationIsVisible = 0;
			defaultConfigurationName = Release;
		};
		E62E457C29D5D7FC0019E62E /* Build configuration list for PBXNativeTarget "MVCDiscountAppUITests" */ = {
			isa = XCConfigurationList;
			buildConfigurations = (
				E62E457D29D5D7FC0019E62E /* Debug */,
				E62E457E29D5D7FC0019E62E /* Release */,
			);
			defaultConfigurationIsVisible = 0;
			defaultConfigurationName = Release;
		};
/* End XCConfigurationList section */
	};
	rootObject = E62E454429D5D7FA0019E62E /* Project object */;
}
