// !$*UTF8*$!
{
	archiveVersion = 1;
	classes = {
	};
	objectVersion = 55;
	objects = {

/* Begin PBXBuildFile section */
		E6E725E929F186C700E97EBA /* AppDelegate.swift in Sources */ = {isa = PBXBuildFile; fileRef = E6E725E829F186C700E97EBA /* AppDelegate.swift */; };
		E6E725EB29F186C700E97EBA /* SceneDelegate.swift in Sources */ = {isa = PBXBuildFile; fileRef = E6E725EA29F186C700E97EBA /* SceneDelegate.swift */; };
		E6E725ED29F186C700E97EBA /* ViewController.swift in Sources */ = {isa = PBXBuildFile; fileRef = E6E725EC29F186C700E97EBA /* ViewController.swift */; };
		E6E725F029F186C700E97EBA /* Main.storyboard in Resources */ = {isa = PBXBuildFile; fileRef = E6E725EE29F186C700E97EBA /* Main.storyboard */; };
		E6E725F229F186CA00E97EBA /* Assets.xcassets in Resources */ = {isa = PBXBuildFile; fileRef = E6E725F129F186CA00E97EBA /* Assets.xcassets */; };
		E6E725F529F186CA00E97EBA /* LaunchScreen.storyboard in Resources */ = {isa = PBXBuildFile; fileRef = E6E725F329F186CA00E97EBA /* LaunchScreen.storyboard */; };
		E6E7260029F186CB00E97EBA /* collectionViewTests.swift in Sources */ = {isa = PBXBuildFile; fileRef = E6E725FF29F186CB00E97EBA /* collectionViewTests.swift */; };
		E6E7260A29F186CB00E97EBA /* collectionViewUITests.swift in Sources */ = {isa = PBXBuildFile; fileRef = E6E7260929F186CB00E97EBA /* collectionViewUITests.swift */; };
		E6E7260C29F186CB00E97EBA /* collectionViewUITestsLaunchTests.swift in Sources */ = {isa = PBXBuildFile; fileRef = E6E7260B29F186CB00E97EBA /* collectionViewUITestsLaunchTests.swift */; };
		E6E7261929F18A7D00E97EBA /* Movie.swift in Sources */ = {isa = PBXBuildFile; fileRef = E6E7261829F18A7D00E97EBA /* Movie.swift */; };
		E6E7261B29F18B2C00E97EBA /* MovieCollectionViewCell.swift in Sources */ = {isa = PBXBuildFile; fileRef = E6E7261A29F18B2C00E97EBA /* MovieCollectionViewCell.swift */; };
/* End PBXBuildFile section */

/* Begin PBXContainerItemProxy section */
		E6E725FC29F186CB00E97EBA /* PBXContainerItemProxy */ = {
			isa = PBXContainerItemProxy;
			containerPortal = E6E725DD29F186C700E97EBA /* Project object */;
			proxyType = 1;
			remoteGlobalIDString = E6E725E429F186C700E97EBA;
			remoteInfo = collectionView;
		};
		E6E7260629F186CB00E97EBA /* PBXContainerItemProxy */ = {
			isa = PBXContainerItemProxy;
			containerPortal = E6E725DD29F186C700E97EBA /* Project object */;
			proxyType = 1;
			remoteGlobalIDString = E6E725E429F186C700E97EBA;
			remoteInfo = collectionView;
		};
/* End PBXContainerItemProxy section */

/* Begin PBXFileReference section */
		E6E725E529F186C700E97EBA /* collectionView.app */ = {isa = PBXFileReference; explicitFileType = wrapper.application; includeInIndex = 0; path = collectionView.app; sourceTree = BUILT_PRODUCTS_DIR; };
		E6E725E829F186C700E97EBA /* AppDelegate.swift */ = {isa = PBXFileReference; lastKnownFileType = sourcecode.swift; path = AppDelegate.swift; sourceTree = "<group>"; };
		E6E725EA29F186C700E97EBA /* SceneDelegate.swift */ = {isa = PBXFileReference; lastKnownFileType = sourcecode.swift; path = SceneDelegate.swift; sourceTree = "<group>"; };
		E6E725EC29F186C700E97EBA /* ViewController.swift */ = {isa = PBXFileReference; lastKnownFileType = sourcecode.swift; path = ViewController.swift; sourceTree = "<group>"; };
		E6E725EF29F186C700E97EBA /* Base */ = {isa = PBXFileReference; lastKnownFileType = file.storyboard; name = Base; path = Base.lproj/Main.storyboard; sourceTree = "<group>"; };
		E6E725F129F186CA00E97EBA /* Assets.xcassets */ = {isa = PBXFileReference; lastKnownFileType = folder.assetcatalog; path = Assets.xcassets; sourceTree = "<group>"; };
		E6E725F429F186CA00E97EBA /* Base */ = {isa = PBXFileReference; lastKnownFileType = file.storyboard; name = Base; path = Base.lproj/LaunchScreen.storyboard; sourceTree = "<group>"; };
		E6E725F629F186CA00E97EBA /* Info.plist */ = {isa = PBXFileReference; lastKnownFileType = text.plist.xml; path = Info.plist; sourceTree = "<group>"; };
		E6E725FB29F186CB00E97EBA /* collectionViewTests.xctest */ = {isa = PBXFileReference; explicitFileType = wrapper.cfbundle; includeInIndex = 0; path = collectionViewTests.xctest; sourceTree = BUILT_PRODUCTS_DIR; };
		E6E725FF29F186CB00E97EBA /* collectionViewTests.swift */ = {isa = PBXFileReference; lastKnownFileType = sourcecode.swift; path = collectionViewTests.swift; sourceTree = "<group>"; };
		E6E7260529F186CB00E97EBA /* collectionViewUITests.xctest */ = {isa = PBXFileReference; explicitFileType = wrapper.cfbundle; includeInIndex = 0; path = collectionViewUITests.xctest; sourceTree = BUILT_PRODUCTS_DIR; };
		E6E7260929F186CB00E97EBA /* collectionViewUITests.swift */ = {isa = PBXFileReference; lastKnownFileType = sourcecode.swift; path = collectionViewUITests.swift; sourceTree = "<group>"; };
		E6E7260B29F186CB00E97EBA /* collectionViewUITestsLaunchTests.swift */ = {isa = PBXFileReference; lastKnownFileType = sourcecode.swift; path = collectionViewUITestsLaunchTests.swift; sourceTree = "<group>"; };
		E6E7261829F18A7D00E97EBA /* Movie.swift */ = {isa = PBXFileReference; lastKnownFileType = sourcecode.swift; path = Movie.swift; sourceTree = "<group>"; };
		E6E7261A29F18B2C00E97EBA /* MovieCollectionViewCell.swift */ = {isa = PBXFileReference; lastKnownFileType = sourcecode.swift; path = MovieCollectionViewCell.swift; sourceTree = "<group>"; };
/* End PBXFileReference section */

/* Begin PBXFrameworksBuildPhase section */
		E6E725E229F186C700E97EBA /* Frameworks */ = {
			isa = PBXFrameworksBuildPhase;
			buildActionMask = 2147483647;
			files = (
			);
			runOnlyForDeploymentPostprocessing = 0;
		};
		E6E725F829F186CB00E97EBA /* Frameworks */ = {
			isa = PBXFrameworksBuildPhase;
			buildActionMask = 2147483647;
			files = (
			);
			runOnlyForDeploymentPostprocessing = 0;
		};
		E6E7260229F186CB00E97EBA /* Frameworks */ = {
			isa = PBXFrameworksBuildPhase;
			buildActionMask = 2147483647;
			files = (
			);
			runOnlyForDeploymentPostprocessing = 0;
		};
/* End PBXFrameworksBuildPhase section */

/* Begin PBXGroup section */
		E6E725DC29F186C700E97EBA = {
			isa = PBXGroup;
			children = (
				E6E725E729F186C700E97EBA /* collectionView */,
				E6E725FE29F186CB00E97EBA /* collectionViewTests */,
				E6E7260829F186CB00E97EBA /* collectionViewUITests */,
				E6E725E629F186C700E97EBA /* Products */,
			);
			sourceTree = "<group>";
		};
		E6E725E629F186C700E97EBA /* Products */ = {
			isa = PBXGroup;
			children = (
				E6E725E529F186C700E97EBA /* collectionView.app */,
				E6E725FB29F186CB00E97EBA /* collectionViewTests.xctest */,
				E6E7260529F186CB00E97EBA /* collectionViewUITests.xctest */,
			);
			name = Products;
			sourceTree = "<group>";
		};
		E6E725E729F186C700E97EBA /* collectionView */ = {
			isa = PBXGroup;
			children = (
				E6E725E829F186C700E97EBA /* AppDelegate.swift */,
				E6E725EA29F186C700E97EBA /* SceneDelegate.swift */,
				E6E725EC29F186C700E97EBA /* ViewController.swift */,
				E6E725EE29F186C700E97EBA /* Main.storyboard */,
				E6E725F129F186CA00E97EBA /* Assets.xcassets */,
				E6E725F329F186CA00E97EBA /* LaunchScreen.storyboard */,
				E6E725F629F186CA00E97EBA /* Info.plist */,
				E6E7261829F18A7D00E97EBA /* Movie.swift */,
				E6E7261A29F18B2C00E97EBA /* MovieCollectionViewCell.swift */,
			);
			path = collectionView;
			sourceTree = "<group>";
		};
		E6E725FE29F186CB00E97EBA /* collectionViewTests */ = {
			isa = PBXGroup;
			children = (
				E6E725FF29F186CB00E97EBA /* collectionViewTests.swift */,
			);
			path = collectionViewTests;
			sourceTree = "<group>";
		};
		E6E7260829F186CB00E97EBA /* collectionViewUITests */ = {
			isa = PBXGroup;
			children = (
				E6E7260929F186CB00E97EBA /* collectionViewUITests.swift */,
				E6E7260B29F186CB00E97EBA /* collectionViewUITestsLaunchTests.swift */,
			);
			path = collectionViewUITests;
			sourceTree = "<group>";
		};
/* End PBXGroup section */

/* Begin PBXNativeTarget section */
		E6E725E429F186C700E97EBA /* collectionView */ = {
			isa = PBXNativeTarget;
			buildConfigurationList = E6E7260F29F186CB00E97EBA /* Build configuration list for PBXNativeTarget "collectionView" */;
			buildPhases = (
				E6E725E129F186C700E97EBA /* Sources */,
				E6E725E229F186C700E97EBA /* Frameworks */,
				E6E725E329F186C700E97EBA /* Resources */,
			);
			buildRules = (
			);
			dependencies = (
			);
			name = collectionView;
			productName = collectionView;
			productReference = E6E725E529F186C700E97EBA /* collectionView.app */;
			productType = "com.apple.product-type.application";
		};
		E6E725FA29F186CB00E97EBA /* collectionViewTests */ = {
			isa = PBXNativeTarget;
			buildConfigurationList = E6E7261229F186CB00E97EBA /* Build configuration list for PBXNativeTarget "collectionViewTests" */;
			buildPhases = (
				E6E725F729F186CB00E97EBA /* Sources */,
				E6E725F829F186CB00E97EBA /* Frameworks */,
				E6E725F929F186CB00E97EBA /* Resources */,
			);
			buildRules = (
			);
			dependencies = (
				E6E725FD29F186CB00E97EBA /* PBXTargetDependency */,
			);
			name = collectionViewTests;
			productName = collectionViewTests;
			productReference = E6E725FB29F186CB00E97EBA /* collectionViewTests.xctest */;
			productType = "com.apple.product-type.bundle.unit-test";
		};
		E6E7260429F186CB00E97EBA /* collectionViewUITests */ = {
			isa = PBXNativeTarget;
			buildConfigurationList = E6E7261529F186CB00E97EBA /* Build configuration list for PBXNativeTarget "collectionViewUITests" */;
			buildPhases = (
				E6E7260129F186CB00E97EBA /* Sources */,
				E6E7260229F186CB00E97EBA /* Frameworks */,
				E6E7260329F186CB00E97EBA /* Resources */,
			);
			buildRules = (
			);
			dependencies = (
				E6E7260729F186CB00E97EBA /* PBXTargetDependency */,
			);
			name = collectionViewUITests;
			productName = collectionViewUITests;
			productReference = E6E7260529F186CB00E97EBA /* collectionViewUITests.xctest */;
			productType = "com.apple.product-type.bundle.ui-testing";
		};
/* End PBXNativeTarget section */

/* Begin PBXProject section */
		E6E725DD29F186C700E97EBA /* Project object */ = {
			isa = PBXProject;
			attributes = {
				BuildIndependentTargetsInParallel = 1;
				LastSwiftUpdateCheck = 1340;
				LastUpgradeCheck = 1340;
				TargetAttributes = {
					E6E725E429F186C700E97EBA = {
						CreatedOnToolsVersion = 13.4.1;
					};
					E6E725FA29F186CB00E97EBA = {
						CreatedOnToolsVersion = 13.4.1;
						TestTargetID = E6E725E429F186C700E97EBA;
					};
					E6E7260429F186CB00E97EBA = {
						CreatedOnToolsVersion = 13.4.1;
						TestTargetID = E6E725E429F186C700E97EBA;
					};
				};
			};
			buildConfigurationList = E6E725E029F186C700E97EBA /* Build configuration list for PBXProject "collectionView" */;
			compatibilityVersion = "Xcode 13.0";
			developmentRegion = en;
			hasScannedForEncodings = 0;
			knownRegions = (
				en,
				Base,
			);
			mainGroup = E6E725DC29F186C700E97EBA;
			productRefGroup = E6E725E629F186C700E97EBA /* Products */;
			projectDirPath = "";
			projectRoot = "";
			targets = (
				E6E725E429F186C700E97EBA /* collectionView */,
				E6E725FA29F186CB00E97EBA /* collectionViewTests */,
				E6E7260429F186CB00E97EBA /* collectionViewUITests */,
			);
		};
/* End PBXProject section */

/* Begin PBXResourcesBuildPhase section */
		E6E725E329F186C700E97EBA /* Resources */ = {
			isa = PBXResourcesBuildPhase;
			buildActionMask = 2147483647;
			files = (
				E6E725F529F186CA00E97EBA /* LaunchScreen.storyboard in Resources */,
				E6E725F229F186CA00E97EBA /* Assets.xcassets in Resources */,
				E6E725F029F186C700E97EBA /* Main.storyboard in Resources */,
			);
			runOnlyForDeploymentPostprocessing = 0;
		};
		E6E725F929F186CB00E97EBA /* Resources */ = {
			isa = PBXResourcesBuildPhase;
			buildActionMask = 2147483647;
			files = (
			);
			runOnlyForDeploymentPostprocessing = 0;
		};
		E6E7260329F186CB00E97EBA /* Resources */ = {
			isa = PBXResourcesBuildPhase;
			buildActionMask = 2147483647;
			files = (
			);
			runOnlyForDeploymentPostprocessing = 0;
		};
/* End PBXResourcesBuildPhase section */

/* Begin PBXSourcesBuildPhase section */
		E6E725E129F186C700E97EBA /* Sources */ = {
			isa = PBXSourcesBuildPhase;
			buildActionMask = 2147483647;
			files = (
				E6E725ED29F186C700E97EBA /* ViewController.swift in Sources */,
				E6E725E929F186C700E97EBA /* AppDelegate.swift in Sources */,
				E6E7261B29F18B2C00E97EBA /* MovieCollectionViewCell.swift in Sources */,
				E6E7261929F18A7D00E97EBA /* Movie.swift in Sources */,
				E6E725EB29F186C700E97EBA /* SceneDelegate.swift in Sources */,
			);
			runOnlyForDeploymentPostprocessing = 0;
		};
		E6E725F729F186CB00E97EBA /* Sources */ = {
			isa = PBXSourcesBuildPhase;
			buildActionMask = 2147483647;
			files = (
				E6E7260029F186CB00E97EBA /* collectionViewTests.swift in Sources */,
			);
			runOnlyForDeploymentPostprocessing = 0;
		};
		E6E7260129F186CB00E97EBA /* Sources */ = {
			isa = PBXSourcesBuildPhase;
			buildActionMask = 2147483647;
			files = (
				E6E7260A29F186CB00E97EBA /* collectionViewUITests.swift in Sources */,
				E6E7260C29F186CB00E97EBA /* collectionViewUITestsLaunchTests.swift in Sources */,
			);
			runOnlyForDeploymentPostprocessing = 0;
		};
/* End PBXSourcesBuildPhase section */

/* Begin PBXTargetDependency section */
		E6E725FD29F186CB00E97EBA /* PBXTargetDependency */ = {
			isa = PBXTargetDependency;
			target = E6E725E429F186C700E97EBA /* collectionView */;
			targetProxy = E6E725FC29F186CB00E97EBA /* PBXContainerItemProxy */;
		};
		E6E7260729F186CB00E97EBA /* PBXTargetDependency */ = {
			isa = PBXTargetDependency;
			target = E6E725E429F186C700E97EBA /* collectionView */;
			targetProxy = E6E7260629F186CB00E97EBA /* PBXContainerItemProxy */;
		};
/* End PBXTargetDependency section */

/* Begin PBXVariantGroup section */
		E6E725EE29F186C700E97EBA /* Main.storyboard */ = {
			isa = PBXVariantGroup;
			children = (
				E6E725EF29F186C700E97EBA /* Base */,
			);
			name = Main.storyboard;
			sourceTree = "<group>";
		};
		E6E725F329F186CA00E97EBA /* LaunchScreen.storyboard */ = {
			isa = PBXVariantGroup;
			children = (
				E6E725F429F186CA00E97EBA /* Base */,
			);
			name = LaunchScreen.storyboard;
			sourceTree = "<group>";
		};
/* End PBXVariantGroup section */

/* Begin XCBuildConfiguration section */
		E6E7260D29F186CB00E97EBA /* Debug */ = {
			isa = XCBuildConfiguration;
			buildSettings = {
				ALWAYS_SEARCH_USER_PATHS = NO;
				CLANG_ANALYZER_NONNULL = YES;
				CLANG_ANALYZER_NUMBER_OBJECT_CONVERSION = YES_AGGRESSIVE;
				CLANG_CXX_LANGUAGE_STANDARD = "gnu++17";
				CLANG_ENABLE_MODULES = YES;
				CLANG_ENABLE_OBJC_ARC = YES;
				CLANG_ENABLE_OBJC_WEAK = YES;
				CLANG_WARN_BLOCK_CAPTURE_AUTORELEASING = YES;
				CLANG_WARN_BOOL_CONVERSION = YES;
				CLANG_WARN_COMMA = YES;
				CLANG_WARN_CONSTANT_CONVERSION = YES;
				CLANG_WARN_DEPRECATED_OBJC_IMPLEMENTATIONS = YES;
				CLANG_WARN_DIRECT_OBJC_ISA_USAGE = YES_ERROR;
				CLANG_WARN_DOCUMENTATION_COMMENTS = YES;
				CLANG_WARN_EMPTY_BODY = YES;
				CLANG_WARN_ENUM_CONVERSION = YES;
				CLANG_WARN_INFINITE_RECURSION = YES;
				CLANG_WARN_INT_CONVERSION = YES;
				CLANG_WARN_NON_LITERAL_NULL_CONVERSION = YES;
				CLANG_WARN_OBJC_IMPLICIT_RETAIN_SELF = YES;
				CLANG_WARN_OBJC_LITERAL_CONVERSION = YES;
				CLANG_WARN_OBJC_ROOT_CLASS = YES_ERROR;
				CLANG_WARN_QUOTED_INCLUDE_IN_FRAMEWORK_HEADER = YES;
				CLANG_WARN_RANGE_LOOP_ANALYSIS = YES;
				CLANG_WARN_STRICT_PROTOTYPES = YES;
				CLANG_WARN_SUSPICIOUS_MOVE = YES;
				CLANG_WARN_UNGUARDED_AVAILABILITY = YES_AGGRESSIVE;
				CLANG_WARN_UNREACHABLE_CODE = YES;
				CLANG_WARN__DUPLICATE_METHOD_MATCH = YES;
				COPY_PHASE_STRIP = NO;
				DEBUG_INFORMATION_FORMAT = dwarf;
				ENABLE_STRICT_OBJC_MSGSEND = YES;
				ENABLE_TESTABILITY = YES;
				GCC_C_LANGUAGE_STANDARD = gnu11;
				GCC_DYNAMIC_NO_PIC = NO;
				GCC_NO_COMMON_BLOCKS = YES;
				GCC_OPTIMIZATION_LEVEL = 0;
				GCC_PREPROCESSOR_DEFINITIONS = (
					"DEBUG=1",
					"$(inherited)",
				);
				GCC_WARN_64_TO_32_BIT_CONVERSION = YES;
				GCC_WARN_ABOUT_RETURN_TYPE = YES_ERROR;
				GCC_WARN_UNDECLARED_SELECTOR = YES;
				GCC_WARN_UNINITIALIZED_AUTOS = YES_AGGRESSIVE;
				GCC_WARN_UNUSED_FUNCTION = YES;
				GCC_WARN_UNUSED_VARIABLE = YES;
				IPHONEOS_DEPLOYMENT_TARGET = 15.5;
				MTL_ENABLE_DEBUG_INFO = INCLUDE_SOURCE;
				MTL_FAST_MATH = YES;
				ONLY_ACTIVE_ARCH = YES;
				SDKROOT = iphoneos;
				SWIFT_ACTIVE_COMPILATION_CONDITIONS = DEBUG;
				SWIFT_OPTIMIZATION_LEVEL = "-Onone";
			};
			name = Debug;
		};
		E6E7260E29F186CB00E97EBA /* Release */ = {
			isa = XCBuildConfiguration;
			buildSettings = {
				ALWAYS_SEARCH_USER_PATHS = NO;
				CLANG_ANALYZER_NONNULL = YES;
				CLANG_ANALYZER_NUMBER_OBJECT_CONVERSION = YES_AGGRESSIVE;
				CLANG_CXX_LANGUAGE_STANDARD = "gnu++17";
				CLANG_ENABLE_MODULES = YES;
				CLANG_ENABLE_OBJC_ARC = YES;
				CLANG_ENABLE_OBJC_WEAK = YES;
				CLANG_WARN_BLOCK_CAPTURE_AUTORELEASING = YES;
				CLANG_WARN_BOOL_CONVERSION = YES;
				CLANG_WARN_COMMA = YES;
				CLANG_WARN_CONSTANT_CONVERSION = YES;
				CLANG_WARN_DEPRECATED_OBJC_IMPLEMENTATIONS = YES;
				CLANG_WARN_DIRECT_OBJC_ISA_USAGE = YES_ERROR;
				CLANG_WARN_DOCUMENTATION_COMMENTS = YES;
				CLANG_WARN_EMPTY_BODY = YES;
				CLANG_WARN_ENUM_CONVERSION = YES;
				CLANG_WARN_INFINITE_RECURSION = YES;
				CLANG_WARN_INT_CONVERSION = YES;
				CLANG_WARN_NON_LITERAL_NULL_CONVERSION = YES;
				CLANG_WARN_OBJC_IMPLICIT_RETAIN_SELF = YES;
				CLANG_WARN_OBJC_LITERAL_CONVERSION = YES;
				CLANG_WARN_OBJC_ROOT_CLASS = YES_ERROR;
				CLANG_WARN_QUOTED_INCLUDE_IN_FRAMEWORK_HEADER = YES;
				CLANG_WARN_RANGE_LOOP_ANALYSIS = YES;
				CLANG_WARN_STRICT_PROTOTYPES = YES;
				CLANG_WARN_SUSPICIOUS_MOVE = YES;
				CLANG_WARN_UNGUARDED_AVAILABILITY = YES_AGGRESSIVE;
				CLANG_WARN_UNREACHABLE_CODE = YES;
				CLANG_WARN__DUPLICATE_METHOD_MATCH = YES;
				COPY_PHASE_STRIP = NO;
				DEBUG_INFORMATION_FORMAT = "dwarf-with-dsym";
				ENABLE_NS_ASSERTIONS = NO;
				ENABLE_STRICT_OBJC_MSGSEND = YES;
				GCC_C_LANGUAGE_STANDARD = gnu11;
				GCC_NO_COMMON_BLOCKS = YES;
				GCC_WARN_64_TO_32_BIT_CONVERSION = YES;
				GCC_WARN_ABOUT_RETURN_TYPE = YES_ERROR;
				GCC_WARN_UNDECLARED_SELECTOR = YES;
				GCC_WARN_UNINITIALIZED_AUTOS = YES_AGGRESSIVE;
				GCC_WARN_UNUSED_FUNCTION = YES;
				GCC_WARN_UNUSED_VARIABLE = YES;
				IPHONEOS_DEPLOYMENT_TARGET = 15.5;
				MTL_ENABLE_DEBUG_INFO = NO;
				MTL_FAST_MATH = YES;
				SDKROOT = iphoneos;
				SWIFT_COMPILATION_MODE = wholemodule;
				SWIFT_OPTIMIZATION_LEVEL = "-O";
				VALIDATE_PRODUCT = YES;
			};
			name = Release;
		};
		E6E7261029F186CB00E97EBA /* Debug */ = {
			isa = XCBuildConfiguration;
			buildSettings = {
				ASSETCATALOG_COMPILER_APPICON_NAME = AppIcon;
				ASSETCATALOG_COMPILER_GLOBAL_ACCENT_COLOR_NAME = AccentColor;
				CODE_SIGN_STYLE = Automatic;
				CURRENT_PROJECT_VERSION = 1;
				GENERATE_INFOPLIST_FILE = YES;
				INFOPLIST_FILE = collectionView/Info.plist;
				INFOPLIST_KEY_UIApplicationSupportsIndirectInputEvents = YES;
				INFOPLIST_KEY_UILaunchStoryboardName = LaunchScreen;
				INFOPLIST_KEY_UIMainStoryboardFile = Main;
				INFOPLIST_KEY_UISupportedInterfaceOrientations_iPad = "UIInterfaceOrientationPortrait UIInterfaceOrientationPortraitUpsideDown UIInterfaceOrientationLandscapeLeft UIInterfaceOrientationLandscapeRight";
				INFOPLIST_KEY_UISupportedInterfaceOrientations_iPhone = "UIInterfaceOrientationPortrait UIInterfaceOrientationLandscapeLeft UIInterfaceOrientationLandscapeRight";
				LD_RUNPATH_SEARCH_PATHS = (
					"$(inherited)",
					"@executable_path/Frameworks",
				);
				MARKETING_VERSION = 1.0;
				PRODUCT_BUNDLE_IDENTIFIER = nwmsu.collectionView;
				PRODUCT_NAME = "$(TARGET_NAME)";
				SWIFT_EMIT_LOC_STRINGS = YES;
				SWIFT_VERSION = 5.0;
				TARGETED_DEVICE_FAMILY = "1,2";
			};
			name = Debug;
		};
		E6E7261129F186CB00E97EBA /* Release */ = {
			isa = XCBuildConfiguration;
			buildSettings = {
				ASSETCATALOG_COMPILER_APPICON_NAME = AppIcon;
				ASSETCATALOG_COMPILER_GLOBAL_ACCENT_COLOR_NAME = AccentColor;
				CODE_SIGN_STYLE = Automatic;
				CURRENT_PROJECT_VERSION = 1;
				GENERATE_INFOPLIST_FILE = YES;
				INFOPLIST_FILE = collectionView/Info.plist;
				INFOPLIST_KEY_UIApplicationSupportsIndirectInputEvents = YES;
				INFOPLIST_KEY_UILaunchStoryboardName = LaunchScreen;
				INFOPLIST_KEY_UIMainStoryboardFile = Main;
				INFOPLIST_KEY_UISupportedInterfaceOrientations_iPad = "UIInterfaceOrientationPortrait UIInterfaceOrientationPortraitUpsideDown UIInterfaceOrientationLandscapeLeft UIInterfaceOrientationLandscapeRight";
				INFOPLIST_KEY_UISupportedInterfaceOrientations_iPhone = "UIInterfaceOrientationPortrait UIInterfaceOrientationLandscapeLeft UIInterfaceOrientationLandscapeRight";
				LD_RUNPATH_SEARCH_PATHS = (
					"$(inherited)",
					"@executable_path/Frameworks",
				);
				MARKETING_VERSION = 1.0;
				PRODUCT_BUNDLE_IDENTIFIER = nwmsu.collectionView;
				PRODUCT_NAME = "$(TARGET_NAME)";
				SWIFT_EMIT_LOC_STRINGS = YES;
				SWIFT_VERSION = 5.0;
				TARGETED_DEVICE_FAMILY = "1,2";
			};
			name = Release;
		};
		E6E7261329F186CB00E97EBA /* Debug */ = {
			isa = XCBuildConfiguration;
			buildSettings = {
				ALWAYS_EMBED_SWIFT_STANDARD_LIBRARIES = YES;
				BUNDLE_LOADER = "$(TEST_HOST)";
				CODE_SIGN_STYLE = Automatic;
				CURRENT_PROJECT_VERSION = 1;
				GENERATE_INFOPLIST_FILE = YES;
				IPHONEOS_DEPLOYMENT_TARGET = 15.5;
				MARKETING_VERSION = 1.0;
				PRODUCT_BUNDLE_IDENTIFIER = nwmsu.collectionViewTests;
				PRODUCT_NAME = "$(TARGET_NAME)";
				SWIFT_EMIT_LOC_STRINGS = NO;
				SWIFT_VERSION = 5.0;
				TARGETED_DEVICE_FAMILY = "1,2";
				TEST_HOST = "$(BUILT_PRODUCTS_DIR)/collectionView.app/collectionView";
			};
			name = Debug;
		};
		E6E7261429F186CB00E97EBA /* Release */ = {
			isa = XCBuildConfiguration;
			buildSettings = {
				ALWAYS_EMBED_SWIFT_STANDARD_LIBRARIES = YES;
				BUNDLE_LOADER = "$(TEST_HOST)";
				CODE_SIGN_STYLE = Automatic;
				CURRENT_PROJECT_VERSION = 1;
				GENERATE_INFOPLIST_FILE = YES;
				IPHONEOS_DEPLOYMENT_TARGET = 15.5;
				MARKETING_VERSION = 1.0;
				PRODUCT_BUNDLE_IDENTIFIER = nwmsu.collectionViewTests;
				PRODUCT_NAME = "$(TARGET_NAME)";
				SWIFT_EMIT_LOC_STRINGS = NO;
				SWIFT_VERSION = 5.0;
				TARGETED_DEVICE_FAMILY = "1,2";
				TEST_HOST = "$(BUILT_PRODUCTS_DIR)/collectionView.app/collectionView";
			};
			name = Release;
		};
		E6E7261629F186CB00E97EBA /* Debug */ = {
			isa = XCBuildConfiguration;
			buildSettings = {
				ALWAYS_EMBED_SWIFT_STANDARD_LIBRARIES = YES;
				CODE_SIGN_STYLE = Automatic;
				CURRENT_PROJECT_VERSION = 1;
				GENERATE_INFOPLIST_FILE = YES;
				MARKETING_VERSION = 1.0;
				PRODUCT_BUNDLE_IDENTIFIER = nwmsu.collectionViewUITests;
				PRODUCT_NAME = "$(TARGET_NAME)";
				SWIFT_EMIT_LOC_STRINGS = NO;
				SWIFT_VERSION = 5.0;
				TARGETED_DEVICE_FAMILY = "1,2";
				TEST_TARGET_NAME = collectionView;
			};
			name = Debug;
		};
		E6E7261729F186CB00E97EBA /* Release */ = {
			isa = XCBuildConfiguration;
			buildSettings = {
				ALWAYS_EMBED_SWIFT_STANDARD_LIBRARIES = YES;
				CODE_SIGN_STYLE = Automatic;
				CURRENT_PROJECT_VERSION = 1;
				GENERATE_INFOPLIST_FILE = YES;
				MARKETING_VERSION = 1.0;
				PRODUCT_BUNDLE_IDENTIFIER = nwmsu.collectionViewUITests;
				PRODUCT_NAME = "$(TARGET_NAME)";
				SWIFT_EMIT_LOC_STRINGS = NO;
				SWIFT_VERSION = 5.0;
				TARGETED_DEVICE_FAMILY = "1,2";
				TEST_TARGET_NAME = collectionView;
			};
			name = Release;
		};
/* End XCBuildConfiguration section */

/* Begin XCConfigurationList section */
		E6E725E029F186C700E97EBA /* Build configuration list for PBXProject "collectionView" */ = {
			isa = XCConfigurationList;
			buildConfigurations = (
				E6E7260D29F186CB00E97EBA /* Debug */,
				E6E7260E29F186CB00E97EBA /* Release */,
			);
			defaultConfigurationIsVisible = 0;
			defaultConfigurationName = Release;
		};
		E6E7260F29F186CB00E97EBA /* Build configuration list for PBXNativeTarget "collectionView" */ = {
			isa = XCConfigurationList;
			buildConfigurations = (
				E6E7261029F186CB00E97EBA /* Debug */,
				E6E7261129F186CB00E97EBA /* Release */,
			);
			defaultConfigurationIsVisible = 0;
			defaultConfigurationName = Release;
		};
		E6E7261229F186CB00E97EBA /* Build configuration list for PBXNativeTarget "collectionViewTests" */ = {
			isa = XCConfigurationList;
			buildConfigurations = (
				E6E7261329F186CB00E97EBA /* Debug */,
				E6E7261429F186CB00E97EBA /* Release */,
			);
			defaultConfigurationIsVisible = 0;
			defaultConfigurationName = Release;
		};
		E6E7261529F186CB00E97EBA /* Build configuration list for PBXNativeTarget "collectionViewUITests" */ = {
			isa = XCConfigurationList;
			buildConfigurations = (
				E6E7261629F186CB00E97EBA /* Debug */,
				E6E7261729F186CB00E97EBA /* Release */,
			);
			defaultConfigurationIsVisible = 0;
			defaultConfigurationName = Release;
		};
/* End XCConfigurationList section */
	};
	rootObject = E6E725DD29F186C700E97EBA /* Project object */;
}
