// !$*UTF8*$!
{
	archiveVersion = 1;
	classes = {
	};
	objectVersion = 55;
	objects = {

/* Begin PBXBuildFile section */
		E6C7C28129B5D580008C7E10 /* AppDelegate.swift in Sources */ = {isa = PBXBuildFile; fileRef = E6C7C28029B5D580008C7E10 /* AppDelegate.swift */; };
		E6C7C28329B5D580008C7E10 /* SceneDelegate.swift in Sources */ = {isa = PBXBuildFile; fileRef = E6C7C28229B5D580008C7E10 /* SceneDelegate.swift */; };
		E6C7C28529B5D580008C7E10 /* ViewController.swift in Sources */ = {isa = PBXBuildFile; fileRef = E6C7C28429B5D580008C7E10 /* ViewController.swift */; };
		E6C7C28829B5D580008C7E10 /* Main.storyboard in Resources */ = {isa = PBXBuildFile; fileRef = E6C7C28629B5D580008C7E10 /* Main.storyboard */; };
		E6C7C28A29B5D585008C7E10 /* Assets.xcassets in Resources */ = {isa = PBXBuildFile; fileRef = E6C7C28929B5D585008C7E10 /* Assets.xcassets */; };
		E6C7C28D29B5D585008C7E10 /* LaunchScreen.storyboard in Resources */ = {isa = PBXBuildFile; fileRef = E6C7C28B29B5D585008C7E10 /* LaunchScreen.storyboard */; };
		E6C7C29829B5D585008C7E10 /* Telu_SearchAppTests.swift in Sources */ = {isa = PBXBuildFile; fileRef = E6C7C29729B5D585008C7E10 /* Telu_SearchAppTests.swift */; };
		E6C7C2A229B5D585008C7E10 /* Telu_SearchAppUITests.swift in Sources */ = {isa = PBXBuildFile; fileRef = E6C7C2A129B5D585008C7E10 /* Telu_SearchAppUITests.swift */; };
		E6C7C2A429B5D585008C7E10 /* Telu_SearchAppUITestsLaunchTests.swift in Sources */ = {isa = PBXBuildFile; fileRef = E6C7C2A329B5D585008C7E10 /* Telu_SearchAppUITestsLaunchTests.swift */; };
/* End PBXBuildFile section */

/* Begin PBXContainerItemProxy section */
		E6C7C29429B5D585008C7E10 /* PBXContainerItemProxy */ = {
			isa = PBXContainerItemProxy;
			containerPortal = E6C7C27529B5D580008C7E10 /* Project object */;
			proxyType = 1;
			remoteGlobalIDString = E6C7C27C29B5D580008C7E10;
			remoteInfo = Telu_SearchApp;
		};
		E6C7C29E29B5D585008C7E10 /* PBXContainerItemProxy */ = {
			isa = PBXContainerItemProxy;
			containerPortal = E6C7C27529B5D580008C7E10 /* Project object */;
			proxyType = 1;
			remoteGlobalIDString = E6C7C27C29B5D580008C7E10;
			remoteInfo = Telu_SearchApp;
		};
/* End PBXContainerItemProxy section */

/* Begin PBXFileReference section */
		E6C7C27D29B5D580008C7E10 /* Telu_SearchApp.app */ = {isa = PBXFileReference; explicitFileType = wrapper.application; includeInIndex = 0; path = Telu_SearchApp.app; sourceTree = BUILT_PRODUCTS_DIR; };
		E6C7C28029B5D580008C7E10 /* AppDelegate.swift */ = {isa = PBXFileReference; lastKnownFileType = sourcecode.swift; path = AppDelegate.swift; sourceTree = "<group>"; };
		E6C7C28229B5D580008C7E10 /* SceneDelegate.swift */ = {isa = PBXFileReference; lastKnownFileType = sourcecode.swift; path = SceneDelegate.swift; sourceTree = "<group>"; };
		E6C7C28429B5D580008C7E10 /* ViewController.swift */ = {isa = PBXFileReference; lastKnownFileType = sourcecode.swift; path = ViewController.swift; sourceTree = "<group>"; };
		E6C7C28729B5D580008C7E10 /* Base */ = {isa = PBXFileReference; lastKnownFileType = file.storyboard; name = Base; path = Base.lproj/Main.storyboard; sourceTree = "<group>"; };
		E6C7C28929B5D585008C7E10 /* Assets.xcassets */ = {isa = PBXFileReference; lastKnownFileType = folder.assetcatalog; path = Assets.xcassets; sourceTree = "<group>"; };
		E6C7C28C29B5D585008C7E10 /* Base */ = {isa = PBXFileReference; lastKnownFileType = file.storyboard; name = Base; path = Base.lproj/LaunchScreen.storyboard; sourceTree = "<group>"; };
		E6C7C28E29B5D585008C7E10 /* Info.plist */ = {isa = PBXFileReference; lastKnownFileType = text.plist.xml; path = Info.plist; sourceTree = "<group>"; };
		E6C7C29329B5D585008C7E10 /* Telu_SearchAppTests.xctest */ = {isa = PBXFileReference; explicitFileType = wrapper.cfbundle; includeInIndex = 0; path = Telu_SearchAppTests.xctest; sourceTree = BUILT_PRODUCTS_DIR; };
		E6C7C29729B5D585008C7E10 /* Telu_SearchAppTests.swift */ = {isa = PBXFileReference; lastKnownFileType = sourcecode.swift; path = Telu_SearchAppTests.swift; sourceTree = "<group>"; };
		E6C7C29D29B5D585008C7E10 /* Telu_SearchAppUITests.xctest */ = {isa = PBXFileReference; explicitFileType = wrapper.cfbundle; includeInIndex = 0; path = Telu_SearchAppUITests.xctest; sourceTree = BUILT_PRODUCTS_DIR; };
		E6C7C2A129B5D585008C7E10 /* Telu_SearchAppUITests.swift */ = {isa = PBXFileReference; lastKnownFileType = sourcecode.swift; path = Telu_SearchAppUITests.swift; sourceTree = "<group>"; };
		E6C7C2A329B5D585008C7E10 /* Telu_SearchAppUITestsLaunchTests.swift */ = {isa = PBXFileReference; lastKnownFileType = sourcecode.swift; path = Telu_SearchAppUITestsLaunchTests.swift; sourceTree = "<group>"; };
/* End PBXFileReference section */

/* Begin PBXFrameworksBuildPhase section */
		E6C7C27A29B5D580008C7E10 /* Frameworks */ = {
			isa = PBXFrameworksBuildPhase;
			buildActionMask = 2147483647;
			files = (
			);
			runOnlyForDeploymentPostprocessing = 0;
		};
		E6C7C29029B5D585008C7E10 /* Frameworks */ = {
			isa = PBXFrameworksBuildPhase;
			buildActionMask = 2147483647;
			files = (
			);
			runOnlyForDeploymentPostprocessing = 0;
		};
		E6C7C29A29B5D585008C7E10 /* Frameworks */ = {
			isa = PBXFrameworksBuildPhase;
			buildActionMask = 2147483647;
			files = (
			);
			runOnlyForDeploymentPostprocessing = 0;
		};
/* End PBXFrameworksBuildPhase section */

/* Begin PBXGroup section */
		E6C7C27429B5D580008C7E10 = {
			isa = PBXGroup;
			children = (
				E6C7C27F29B5D580008C7E10 /* Telu_SearchApp */,
				E6C7C29629B5D585008C7E10 /* Telu_SearchAppTests */,
				E6C7C2A029B5D585008C7E10 /* Telu_SearchAppUITests */,
				E6C7C27E29B5D580008C7E10 /* Products */,
			);
			sourceTree = "<group>";
		};
		E6C7C27E29B5D580008C7E10 /* Products */ = {
			isa = PBXGroup;
			children = (
				E6C7C27D29B5D580008C7E10 /* Telu_SearchApp.app */,
				E6C7C29329B5D585008C7E10 /* Telu_SearchAppTests.xctest */,
				E6C7C29D29B5D585008C7E10 /* Telu_SearchAppUITests.xctest */,
			);
			name = Products;
			sourceTree = "<group>";
		};
		E6C7C27F29B5D580008C7E10 /* Telu_SearchApp */ = {
			isa = PBXGroup;
			children = (
				E6C7C28029B5D580008C7E10 /* AppDelegate.swift */,
				E6C7C28229B5D580008C7E10 /* SceneDelegate.swift */,
				E6C7C28429B5D580008C7E10 /* ViewController.swift */,
				E6C7C28629B5D580008C7E10 /* Main.storyboard */,
				E6C7C28929B5D585008C7E10 /* Assets.xcassets */,
				E6C7C28B29B5D585008C7E10 /* LaunchScreen.storyboard */,
				E6C7C28E29B5D585008C7E10 /* Info.plist */,
			);
			path = Telu_SearchApp;
			sourceTree = "<group>";
		};
		E6C7C29629B5D585008C7E10 /* Telu_SearchAppTests */ = {
			isa = PBXGroup;
			children = (
				E6C7C29729B5D585008C7E10 /* Telu_SearchAppTests.swift */,
			);
			path = Telu_SearchAppTests;
			sourceTree = "<group>";
		};
		E6C7C2A029B5D585008C7E10 /* Telu_SearchAppUITests */ = {
			isa = PBXGroup;
			children = (
				E6C7C2A129B5D585008C7E10 /* Telu_SearchAppUITests.swift */,
				E6C7C2A329B5D585008C7E10 /* Telu_SearchAppUITestsLaunchTests.swift */,
			);
			path = Telu_SearchAppUITests;
			sourceTree = "<group>";
		};
/* End PBXGroup section */

/* Begin PBXNativeTarget section */
		E6C7C27C29B5D580008C7E10 /* Telu_SearchApp */ = {
			isa = PBXNativeTarget;
			buildConfigurationList = E6C7C2A729B5D585008C7E10 /* Build configuration list for PBXNativeTarget "Telu_SearchApp" */;
			buildPhases = (
				E6C7C27929B5D580008C7E10 /* Sources */,
				E6C7C27A29B5D580008C7E10 /* Frameworks */,
				E6C7C27B29B5D580008C7E10 /* Resources */,
			);
			buildRules = (
			);
			dependencies = (
			);
			name = Telu_SearchApp;
			productName = Telu_SearchApp;
			productReference = E6C7C27D29B5D580008C7E10 /* Telu_SearchApp.app */;
			productType = "com.apple.product-type.application";
		};
		E6C7C29229B5D585008C7E10 /* Telu_SearchAppTests */ = {
			isa = PBXNativeTarget;
			buildConfigurationList = E6C7C2AA29B5D585008C7E10 /* Build configuration list for PBXNativeTarget "Telu_SearchAppTests" */;
			buildPhases = (
				E6C7C28F29B5D585008C7E10 /* Sources */,
				E6C7C29029B5D585008C7E10 /* Frameworks */,
				E6C7C29129B5D585008C7E10 /* Resources */,
			);
			buildRules = (
			);
			dependencies = (
				E6C7C29529B5D585008C7E10 /* PBXTargetDependency */,
			);
			name = Telu_SearchAppTests;
			productName = Telu_SearchAppTests;
			productReference = E6C7C29329B5D585008C7E10 /* Telu_SearchAppTests.xctest */;
			productType = "com.apple.product-type.bundle.unit-test";
		};
		E6C7C29C29B5D585008C7E10 /* Telu_SearchAppUITests */ = {
			isa = PBXNativeTarget;
			buildConfigurationList = E6C7C2AD29B5D585008C7E10 /* Build configuration list for PBXNativeTarget "Telu_SearchAppUITests" */;
			buildPhases = (
				E6C7C29929B5D585008C7E10 /* Sources */,
				E6C7C29A29B5D585008C7E10 /* Frameworks */,
				E6C7C29B29B5D585008C7E10 /* Resources */,
			);
			buildRules = (
			);
			dependencies = (
				E6C7C29F29B5D585008C7E10 /* PBXTargetDependency */,
			);
			name = Telu_SearchAppUITests;
			productName = Telu_SearchAppUITests;
			productReference = E6C7C29D29B5D585008C7E10 /* Telu_SearchAppUITests.xctest */;
			productType = "com.apple.product-type.bundle.ui-testing";
		};
/* End PBXNativeTarget section */

/* Begin PBXProject section */
		E6C7C27529B5D580008C7E10 /* Project object */ = {
			isa = PBXProject;
			attributes = {
				BuildIndependentTargetsInParallel = 1;
				LastSwiftUpdateCheck = 1340;
				LastUpgradeCheck = 1340;
				TargetAttributes = {
					E6C7C27C29B5D580008C7E10 = {
						CreatedOnToolsVersion = 13.4.1;
					};
					E6C7C29229B5D585008C7E10 = {
						CreatedOnToolsVersion = 13.4.1;
						TestTargetID = E6C7C27C29B5D580008C7E10;
					};
					E6C7C29C29B5D585008C7E10 = {
						CreatedOnToolsVersion = 13.4.1;
						TestTargetID = E6C7C27C29B5D580008C7E10;
					};
				};
			};
			buildConfigurationList = E6C7C27829B5D580008C7E10 /* Build configuration list for PBXProject "Telu_SearchApp" */;
			compatibilityVersion = "Xcode 13.0";
			developmentRegion = en;
			hasScannedForEncodings = 0;
			knownRegions = (
				en,
				Base,
			);
			mainGroup = E6C7C27429B5D580008C7E10;
			productRefGroup = E6C7C27E29B5D580008C7E10 /* Products */;
			projectDirPath = "";
			projectRoot = "";
			targets = (
				E6C7C27C29B5D580008C7E10 /* Telu_SearchApp */,
				E6C7C29229B5D585008C7E10 /* Telu_SearchAppTests */,
				E6C7C29C29B5D585008C7E10 /* Telu_SearchAppUITests */,
			);
		};
/* End PBXProject section */

/* Begin PBXResourcesBuildPhase section */
		E6C7C27B29B5D580008C7E10 /* Resources */ = {
			isa = PBXResourcesBuildPhase;
			buildActionMask = 2147483647;
			files = (
				E6C7C28D29B5D585008C7E10 /* LaunchScreen.storyboard in Resources */,
				E6C7C28A29B5D585008C7E10 /* Assets.xcassets in Resources */,
				E6C7C28829B5D580008C7E10 /* Main.storyboard in Resources */,
			);
			runOnlyForDeploymentPostprocessing = 0;
		};
		E6C7C29129B5D585008C7E10 /* Resources */ = {
			isa = PBXResourcesBuildPhase;
			buildActionMask = 2147483647;
			files = (
			);
			runOnlyForDeploymentPostprocessing = 0;
		};
		E6C7C29B29B5D585008C7E10 /* Resources */ = {
			isa = PBXResourcesBuildPhase;
			buildActionMask = 2147483647;
			files = (
			);
			runOnlyForDeploymentPostprocessing = 0;
		};
/* End PBXResourcesBuildPhase section */

/* Begin PBXSourcesBuildPhase section */
		E6C7C27929B5D580008C7E10 /* Sources */ = {
			isa = PBXSourcesBuildPhase;
			buildActionMask = 2147483647;
			files = (
				E6C7C28529B5D580008C7E10 /* ViewController.swift in Sources */,
				E6C7C28129B5D580008C7E10 /* AppDelegate.swift in Sources */,
				E6C7C28329B5D580008C7E10 /* SceneDelegate.swift in Sources */,
			);
			runOnlyForDeploymentPostprocessing = 0;
		};
		E6C7C28F29B5D585008C7E10 /* Sources */ = {
			isa = PBXSourcesBuildPhase;
			buildActionMask = 2147483647;
			files = (
				E6C7C29829B5D585008C7E10 /* Telu_SearchAppTests.swift in Sources */,
			);
			runOnlyForDeploymentPostprocessing = 0;
		};
		E6C7C29929B5D585008C7E10 /* Sources */ = {
			isa = PBXSourcesBuildPhase;
			buildActionMask = 2147483647;
			files = (
				E6C7C2A429B5D585008C7E10 /* Telu_SearchAppUITestsLaunchTests.swift in Sources */,
				E6C7C2A229B5D585008C7E10 /* Telu_SearchAppUITests.swift in Sources */,
			);
			runOnlyForDeploymentPostprocessing = 0;
		};
/* End PBXSourcesBuildPhase section */

/* Begin PBXTargetDependency section */
		E6C7C29529B5D585008C7E10 /* PBXTargetDependency */ = {
			isa = PBXTargetDependency;
			target = E6C7C27C29B5D580008C7E10 /* Telu_SearchApp */;
			targetProxy = E6C7C29429B5D585008C7E10 /* PBXContainerItemProxy */;
		};
		E6C7C29F29B5D585008C7E10 /* PBXTargetDependency */ = {
			isa = PBXTargetDependency;
			target = E6C7C27C29B5D580008C7E10 /* Telu_SearchApp */;
			targetProxy = E6C7C29E29B5D585008C7E10 /* PBXContainerItemProxy */;
		};
/* End PBXTargetDependency section */

/* Begin PBXVariantGroup section */
		E6C7C28629B5D580008C7E10 /* Main.storyboard */ = {
			isa = PBXVariantGroup;
			children = (
				E6C7C28729B5D580008C7E10 /* Base */,
			);
			name = Main.storyboard;
			sourceTree = "<group>";
		};
		E6C7C28B29B5D585008C7E10 /* LaunchScreen.storyboard */ = {
			isa = PBXVariantGroup;
			children = (
				E6C7C28C29B5D585008C7E10 /* Base */,
			);
			name = LaunchScreen.storyboard;
			sourceTree = "<group>";
		};
/* End PBXVariantGroup section */

/* Begin XCBuildConfiguration section */
		E6C7C2A529B5D585008C7E10 /* Debug */ = {
			isa = XCBuildConfiguration;
			buildSettings = {
				ALWAYS_SEARCH_USER_PATHS = NO;
				CLANG_ANALYZER_NONNULL = YES;
				CLANG_ANALYZER_NUMBER_OBJECT_CONVERSION = YES_AGGRESSIVE;
				CLANG_CXX_LANGUAGE_STANDARD = "gnu++17";
				CLANG_ENABLE_MODULES = YES;
				CLANG_ENABLE_OBJC_ARC = YES;
				CLANG_ENABLE_OBJC_WEAK = YES;
				CLANG_WARN_BLOCK_CAPTURE_AUTORELEASING = YES;
				CLANG_WARN_BOOL_CONVERSION = YES;
				CLANG_WARN_COMMA = YES;
				CLANG_WARN_CONSTANT_CONVERSION = YES;
				CLANG_WARN_DEPRECATED_OBJC_IMPLEMENTATIONS = YES;
				CLANG_WARN_DIRECT_OBJC_ISA_USAGE = YES_ERROR;
				CLANG_WARN_DOCUMENTATION_COMMENTS = YES;
				CLANG_WARN_EMPTY_BODY = YES;
				CLANG_WARN_ENUM_CONVERSION = YES;
				CLANG_WARN_INFINITE_RECURSION = YES;
				CLANG_WARN_INT_CONVERSION = YES;
				CLANG_WARN_NON_LITERAL_NULL_CONVERSION = YES;
				CLANG_WARN_OBJC_IMPLICIT_RETAIN_SELF = YES;
				CLANG_WARN_OBJC_LITERAL_CONVERSION = YES;
				CLANG_WARN_OBJC_ROOT_CLASS = YES_ERROR;
				CLANG_WARN_QUOTED_INCLUDE_IN_FRAMEWORK_HEADER = YES;
				CLANG_WARN_RANGE_LOOP_ANALYSIS = YES;
				CLANG_WARN_STRICT_PROTOTYPES = YES;
				CLANG_WARN_SUSPICIOUS_MOVE = YES;
				CLANG_WARN_UNGUARDED_AVAILABILITY = YES_AGGRESSIVE;
				CLANG_WARN_UNREACHABLE_CODE = YES;
				CLANG_WARN__DUPLICATE_METHOD_MATCH = YES;
				COPY_PHASE_STRIP = NO;
				DEBUG_INFORMATION_FORMAT = dwarf;
				ENABLE_STRICT_OBJC_MSGSEND = YES;
				ENABLE_TESTABILITY = YES;
				GCC_C_LANGUAGE_STANDARD = gnu11;
				GCC_DYNAMIC_NO_PIC = NO;
				GCC_NO_COMMON_BLOCKS = YES;
				GCC_OPTIMIZATION_LEVEL = 0;
				GCC_PREPROCESSOR_DEFINITIONS = (
					"DEBUG=1",
					"$(inherited)",
				);
				GCC_WARN_64_TO_32_BIT_CONVERSION = YES;
				GCC_WARN_ABOUT_RETURN_TYPE = YES_ERROR;
				GCC_WARN_UNDECLARED_SELECTOR = YES;
				GCC_WARN_UNINITIALIZED_AUTOS = YES_AGGRESSIVE;
				GCC_WARN_UNUSED_FUNCTION = YES;
				GCC_WARN_UNUSED_VARIABLE = YES;
				IPHONEOS_DEPLOYMENT_TARGET = 15.5;
				MTL_ENABLE_DEBUG_INFO = INCLUDE_SOURCE;
				MTL_FAST_MATH = YES;
				ONLY_ACTIVE_ARCH = YES;
				SDKROOT = iphoneos;
				SWIFT_ACTIVE_COMPILATION_CONDITIONS = DEBUG;
				SWIFT_OPTIMIZATION_LEVEL = "-Onone";
			};
			name = Debug;
		};
		E6C7C2A629B5D585008C7E10 /* Release */ = {
			isa = XCBuildConfiguration;
			buildSettings = {
				ALWAYS_SEARCH_USER_PATHS = NO;
				CLANG_ANALYZER_NONNULL = YES;
				CLANG_ANALYZER_NUMBER_OBJECT_CONVERSION = YES_AGGRESSIVE;
				CLANG_CXX_LANGUAGE_STANDARD = "gnu++17";
				CLANG_ENABLE_MODULES = YES;
				CLANG_ENABLE_OBJC_ARC = YES;
				CLANG_ENABLE_OBJC_WEAK = YES;
				CLANG_WARN_BLOCK_CAPTURE_AUTORELEASING = YES;
				CLANG_WARN_BOOL_CONVERSION = YES;
				CLANG_WARN_COMMA = YES;
				CLANG_WARN_CONSTANT_CONVERSION = YES;
				CLANG_WARN_DEPRECATED_OBJC_IMPLEMENTATIONS = YES;
				CLANG_WARN_DIRECT_OBJC_ISA_USAGE = YES_ERROR;
				CLANG_WARN_DOCUMENTATION_COMMENTS = YES;
				CLANG_WARN_EMPTY_BODY = YES;
				CLANG_WARN_ENUM_CONVERSION = YES;
				CLANG_WARN_INFINITE_RECURSION = YES;
				CLANG_WARN_INT_CONVERSION = YES;
				CLANG_WARN_NON_LITERAL_NULL_CONVERSION = YES;
				CLANG_WARN_OBJC_IMPLICIT_RETAIN_SELF = YES;
				CLANG_WARN_OBJC_LITERAL_CONVERSION = YES;
				CLANG_WARN_OBJC_ROOT_CLASS = YES_ERROR;
				CLANG_WARN_QUOTED_INCLUDE_IN_FRAMEWORK_HEADER = YES;
				CLANG_WARN_RANGE_LOOP_ANALYSIS = YES;
				CLANG_WARN_STRICT_PROTOTYPES = YES;
				CLANG_WARN_SUSPICIOUS_MOVE = YES;
				CLANG_WARN_UNGUARDED_AVAILABILITY = YES_AGGRESSIVE;
				CLANG_WARN_UNREACHABLE_CODE = YES;
				CLANG_WARN__DUPLICATE_METHOD_MATCH = YES;
				COPY_PHASE_STRIP = NO;
				DEBUG_INFORMATION_FORMAT = "dwarf-with-dsym";
				ENABLE_NS_ASSERTIONS = NO;
				ENABLE_STRICT_OBJC_MSGSEND = YES;
				GCC_C_LANGUAGE_STANDARD = gnu11;
				GCC_NO_COMMON_BLOCKS = YES;
				GCC_WARN_64_TO_32_BIT_CONVERSION = YES;
				GCC_WARN_ABOUT_RETURN_TYPE = YES_ERROR;
				GCC_WARN_UNDECLARED_SELECTOR = YES;
				GCC_WARN_UNINITIALIZED_AUTOS = YES_AGGRESSIVE;
				GCC_WARN_UNUSED_FUNCTION = YES;
				GCC_WARN_UNUSED_VARIABLE = YES;
				IPHONEOS_DEPLOYMENT_TARGET = 15.5;
				MTL_ENABLE_DEBUG_INFO = NO;
				MTL_FAST_MATH = YES;
				SDKROOT = iphoneos;
				SWIFT_COMPILATION_MODE = wholemodule;
				SWIFT_OPTIMIZATION_LEVEL = "-O";
				VALIDATE_PRODUCT = YES;
			};
			name = Release;
		};
		E6C7C2A829B5D585008C7E10 /* Debug */ = {
			isa = XCBuildConfiguration;
			buildSettings = {
				ASSETCATALOG_COMPILER_APPICON_NAME = AppIcon;
				ASSETCATALOG_COMPILER_GLOBAL_ACCENT_COLOR_NAME = AccentColor;
				CODE_SIGN_STYLE = Automatic;
				CURRENT_PROJECT_VERSION = 1;
				GENERATE_INFOPLIST_FILE = YES;
				INFOPLIST_FILE = Telu_SearchApp/Info.plist;
				INFOPLIST_KEY_UIApplicationSupportsIndirectInputEvents = YES;
				INFOPLIST_KEY_UILaunchStoryboardName = LaunchScreen;
				INFOPLIST_KEY_UIMainStoryboardFile = Main;
				INFOPLIST_KEY_UISupportedInterfaceOrientations_iPad = "UIInterfaceOrientationPortrait UIInterfaceOrientationPortraitUpsideDown UIInterfaceOrientationLandscapeLeft UIInterfaceOrientationLandscapeRight";
				INFOPLIST_KEY_UISupportedInterfaceOrientations_iPhone = "UIInterfaceOrientationPortrait UIInterfaceOrientationLandscapeLeft UIInterfaceOrientationLandscapeRight";
				IPHONEOS_DEPLOYMENT_TARGET = 15.0;
				LD_RUNPATH_SEARCH_PATHS = (
					"$(inherited)",
					"@executable_path/Frameworks",
				);
				MARKETING_VERSION = 1.0;
				PRODUCT_BUNDLE_IDENTIFIER = "nwmsu.Telu-SearchApp";
				PRODUCT_NAME = "$(TARGET_NAME)";
				SWIFT_EMIT_LOC_STRINGS = YES;
				SWIFT_VERSION = 5.0;
				TARGETED_DEVICE_FAMILY = "1,2";
			};
			name = Debug;
		};
		E6C7C2A929B5D585008C7E10 /* Release */ = {
			isa = XCBuildConfiguration;
			buildSettings = {
				ASSETCATALOG_COMPILER_APPICON_NAME = AppIcon;
				ASSETCATALOG_COMPILER_GLOBAL_ACCENT_COLOR_NAME = AccentColor;
				CODE_SIGN_STYLE = Automatic;
				CURRENT_PROJECT_VERSION = 1;
				GENERATE_INFOPLIST_FILE = YES;
				INFOPLIST_FILE = Telu_SearchApp/Info.plist;
				INFOPLIST_KEY_UIApplicationSupportsIndirectInputEvents = YES;
				INFOPLIST_KEY_UILaunchStoryboardName = LaunchScreen;
				INFOPLIST_KEY_UIMainStoryboardFile = Main;
				INFOPLIST_KEY_UISupportedInterfaceOrientations_iPad = "UIInterfaceOrientationPortrait UIInterfaceOrientationPortraitUpsideDown UIInterfaceOrientationLandscapeLeft UIInterfaceOrientationLandscapeRight";
				INFOPLIST_KEY_UISupportedInterfaceOrientations_iPhone = "UIInterfaceOrientationPortrait UIInterfaceOrientationLandscapeLeft UIInterfaceOrientationLandscapeRight";
				IPHONEOS_DEPLOYMENT_TARGET = 15.0;
				LD_RUNPATH_SEARCH_PATHS = (
					"$(inherited)",
					"@executable_path/Frameworks",
				);
				MARKETING_VERSION = 1.0;
				PRODUCT_BUNDLE_IDENTIFIER = "nwmsu.Telu-SearchApp";
				PRODUCT_NAME = "$(TARGET_NAME)";
				SWIFT_EMIT_LOC_STRINGS = YES;
				SWIFT_VERSION = 5.0;
				TARGETED_DEVICE_FAMILY = "1,2";
			};
			name = Release;
		};
		E6C7C2AB29B5D585008C7E10 /* Debug */ = {
			isa = XCBuildConfiguration;
			buildSettings = {
				ALWAYS_EMBED_SWIFT_STANDARD_LIBRARIES = YES;
				BUNDLE_LOADER = "$(TEST_HOST)";
				CODE_SIGN_STYLE = Automatic;
				CURRENT_PROJECT_VERSION = 1;
				GENERATE_INFOPLIST_FILE = YES;
				IPHONEOS_DEPLOYMENT_TARGET = 15.5;
				MARKETING_VERSION = 1.0;
				PRODUCT_BUNDLE_IDENTIFIER = "nwmsu.Telu-SearchAppTests";
				PRODUCT_NAME = "$(TARGET_NAME)";
				SWIFT_EMIT_LOC_STRINGS = NO;
				SWIFT_VERSION = 5.0;
				TARGETED_DEVICE_FAMILY = "1,2";
				TEST_HOST = "$(BUILT_PRODUCTS_DIR)/Telu_SearchApp.app/Telu_SearchApp";
			};
			name = Debug;
		};
		E6C7C2AC29B5D585008C7E10 /* Release */ = {
			isa = XCBuildConfiguration;
			buildSettings = {
				ALWAYS_EMBED_SWIFT_STANDARD_LIBRARIES = YES;
				BUNDLE_LOADER = "$(TEST_HOST)";
				CODE_SIGN_STYLE = Automatic;
				CURRENT_PROJECT_VERSION = 1;
				GENERATE_INFOPLIST_FILE = YES;
				IPHONEOS_DEPLOYMENT_TARGET = 15.5;
				MARKETING_VERSION = 1.0;
				PRODUCT_BUNDLE_IDENTIFIER = "nwmsu.Telu-SearchAppTests";
				PRODUCT_NAME = "$(TARGET_NAME)";
				SWIFT_EMIT_LOC_STRINGS = NO;
				SWIFT_VERSION = 5.0;
				TARGETED_DEVICE_FAMILY = "1,2";
				TEST_HOST = "$(BUILT_PRODUCTS_DIR)/Telu_SearchApp.app/Telu_SearchApp";
			};
			name = Release;
		};
		E6C7C2AE29B5D585008C7E10 /* Debug */ = {
			isa = XCBuildConfiguration;
			buildSettings = {
				ALWAYS_EMBED_SWIFT_STANDARD_LIBRARIES = YES;
				CODE_SIGN_STYLE = Automatic;
				CURRENT_PROJECT_VERSION = 1;
				GENERATE_INFOPLIST_FILE = YES;
				MARKETING_VERSION = 1.0;
				PRODUCT_BUNDLE_IDENTIFIER = "nwmsu.Telu-SearchAppUITests";
				PRODUCT_NAME = "$(TARGET_NAME)";
				SWIFT_EMIT_LOC_STRINGS = NO;
				SWIFT_VERSION = 5.0;
				TARGETED_DEVICE_FAMILY = "1,2";
				TEST_TARGET_NAME = Telu_SearchApp;
			};
			name = Debug;
		};
		E6C7C2AF29B5D585008C7E10 /* Release */ = {
			isa = XCBuildConfiguration;
			buildSettings = {
				ALWAYS_EMBED_SWIFT_STANDARD_LIBRARIES = YES;
				CODE_SIGN_STYLE = Automatic;
				CURRENT_PROJECT_VERSION = 1;
				GENERATE_INFOPLIST_FILE = YES;
				MARKETING_VERSION = 1.0;
				PRODUCT_BUNDLE_IDENTIFIER = "nwmsu.Telu-SearchAppUITests";
				PRODUCT_NAME = "$(TARGET_NAME)";
				SWIFT_EMIT_LOC_STRINGS = NO;
				SWIFT_VERSION = 5.0;
				TARGETED_DEVICE_FAMILY = "1,2";
				TEST_TARGET_NAME = Telu_SearchApp;
			};
			name = Release;
		};
/* End XCBuildConfiguration section */

/* Begin XCConfigurationList section */
		E6C7C27829B5D580008C7E10 /* Build configuration list for PBXProject "Telu_SearchApp" */ = {
			isa = XCConfigurationList;
			buildConfigurations = (
				E6C7C2A529B5D585008C7E10 /* Debug */,
				E6C7C2A629B5D585008C7E10 /* Release */,
			);
			defaultConfigurationIsVisible = 0;
			defaultConfigurationName = Release;
		};
		E6C7C2A729B5D585008C7E10 /* Build configuration list for PBXNativeTarget "Telu_SearchApp" */ = {
			isa = XCConfigurationList;
			buildConfigurations = (
				E6C7C2A829B5D585008C7E10 /* Debug */,
				E6C7C2A929B5D585008C7E10 /* Release */,
			);
			defaultConfigurationIsVisible = 0;
			defaultConfigurationName = Release;
		};
		E6C7C2AA29B5D585008C7E10 /* Build configuration list for PBXNativeTarget "Telu_SearchAppTests" */ = {
			isa = XCConfigurationList;
			buildConfigurations = (
				E6C7C2AB29B5D585008C7E10 /* Debug */,
				E6C7C2AC29B5D585008C7E10 /* Release */,
			);
			defaultConfigurationIsVisible = 0;
			defaultConfigurationName = Release;
		};
		E6C7C2AD29B5D585008C7E10 /* Build configuration list for PBXNativeTarget "Telu_SearchAppUITests" */ = {
			isa = XCConfigurationList;
			buildConfigurations = (
				E6C7C2AE29B5D585008C7E10 /* Debug */,
				E6C7C2AF29B5D585008C7E10 /* Release */,
			);
			defaultConfigurationIsVisible = 0;
			defaultConfigurationName = Release;
		};
/* End XCConfigurationList section */
	};
	rootObject = E6C7C27529B5D580008C7E10 /* Project object */;
}
