// !$*UTF8*$!
{
	archiveVersion = 1;
	classes = {
	};
	objectVersion = 55;
	objects = {

/* Begin PBXBuildFile section */
		E658C1BA29D337D200BF9EA3 /* AppDelegate.swift in Sources */ = {isa = PBXBuildFile; fileRef = E658C1B929D337D200BF9EA3 /* AppDelegate.swift */; };
		E658C1BC29D337D200BF9EA3 /* SceneDelegate.swift in Sources */ = {isa = PBXBuildFile; fileRef = E658C1BB29D337D200BF9EA3 /* SceneDelegate.swift */; };
		E658C1BE29D337D200BF9EA3 /* ViewController.swift in Sources */ = {isa = PBXBuildFile; fileRef = E658C1BD29D337D200BF9EA3 /* ViewController.swift */; };
		E658C1C129D337D200BF9EA3 /* Main.storyboard in Resources */ = {isa = PBXBuildFile; fileRef = E658C1BF29D337D200BF9EA3 /* Main.storyboard */; };
		E658C1C329D337D600BF9EA3 /* Assets.xcassets in Resources */ = {isa = PBXBuildFile; fileRef = E658C1C229D337D600BF9EA3 /* Assets.xcassets */; };
		E658C1C629D337D600BF9EA3 /* LaunchScreen.storyboard in Resources */ = {isa = PBXBuildFile; fileRef = E658C1C429D337D600BF9EA3 /* LaunchScreen.storyboard */; };
		E658C1D129D337D600BF9EA3 /* animationsTests.swift in Sources */ = {isa = PBXBuildFile; fileRef = E658C1D029D337D600BF9EA3 /* animationsTests.swift */; };
		E658C1DB29D337D600BF9EA3 /* animationsUITests.swift in Sources */ = {isa = PBXBuildFile; fileRef = E658C1DA29D337D600BF9EA3 /* animationsUITests.swift */; };
		E658C1DD29D337D600BF9EA3 /* animationsUITestsLaunchTests.swift in Sources */ = {isa = PBXBuildFile; fileRef = E658C1DC29D337D600BF9EA3 /* animationsUITestsLaunchTests.swift */; };
/* End PBXBuildFile section */

/* Begin PBXContainerItemProxy section */
		E658C1CD29D337D600BF9EA3 /* PBXContainerItemProxy */ = {
			isa = PBXContainerItemProxy;
			containerPortal = E658C1AE29D337D200BF9EA3 /* Project object */;
			proxyType = 1;
			remoteGlobalIDString = E658C1B529D337D200BF9EA3;
			remoteInfo = animations;
		};
		E658C1D729D337D600BF9EA3 /* PBXContainerItemProxy */ = {
			isa = PBXContainerItemProxy;
			containerPortal = E658C1AE29D337D200BF9EA3 /* Project object */;
			proxyType = 1;
			remoteGlobalIDString = E658C1B529D337D200BF9EA3;
			remoteInfo = animations;
		};
/* End PBXContainerItemProxy section */

/* Begin PBXFileReference section */
		E658C1B629D337D200BF9EA3 /* animations.app */ = {isa = PBXFileReference; explicitFileType = wrapper.application; includeInIndex = 0; path = animations.app; sourceTree = BUILT_PRODUCTS_DIR; };
		E658C1B929D337D200BF9EA3 /* AppDelegate.swift */ = {isa = PBXFileReference; lastKnownFileType = sourcecode.swift; path = AppDelegate.swift; sourceTree = "<group>"; };
		E658C1BB29D337D200BF9EA3 /* SceneDelegate.swift */ = {isa = PBXFileReference; lastKnownFileType = sourcecode.swift; path = SceneDelegate.swift; sourceTree = "<group>"; };
		E658C1BD29D337D200BF9EA3 /* ViewController.swift */ = {isa = PBXFileReference; lastKnownFileType = sourcecode.swift; path = ViewController.swift; sourceTree = "<group>"; };
		E658C1C029D337D200BF9EA3 /* Base */ = {isa = PBXFileReference; lastKnownFileType = file.storyboard; name = Base; path = Base.lproj/Main.storyboard; sourceTree = "<group>"; };
		E658C1C229D337D600BF9EA3 /* Assets.xcassets */ = {isa = PBXFileReference; lastKnownFileType = folder.assetcatalog; path = Assets.xcassets; sourceTree = "<group>"; };
		E658C1C529D337D600BF9EA3 /* Base */ = {isa = PBXFileReference; lastKnownFileType = file.storyboard; name = Base; path = Base.lproj/LaunchScreen.storyboard; sourceTree = "<group>"; };
		E658C1C729D337D600BF9EA3 /* Info.plist */ = {isa = PBXFileReference; lastKnownFileType = text.plist.xml; path = Info.plist; sourceTree = "<group>"; };
		E658C1CC29D337D600BF9EA3 /* animationsTests.xctest */ = {isa = PBXFileReference; explicitFileType = wrapper.cfbundle; includeInIndex = 0; path = animationsTests.xctest; sourceTree = BUILT_PRODUCTS_DIR; };
		E658C1D029D337D600BF9EA3 /* animationsTests.swift */ = {isa = PBXFileReference; lastKnownFileType = sourcecode.swift; path = animationsTests.swift; sourceTree = "<group>"; };
		E658C1D629D337D600BF9EA3 /* animationsUITests.xctest */ = {isa = PBXFileReference; explicitFileType = wrapper.cfbundle; includeInIndex = 0; path = animationsUITests.xctest; sourceTree = BUILT_PRODUCTS_DIR; };
		E658C1DA29D337D600BF9EA3 /* animationsUITests.swift */ = {isa = PBXFileReference; lastKnownFileType = sourcecode.swift; path = animationsUITests.swift; sourceTree = "<group>"; };
		E658C1DC29D337D600BF9EA3 /* animationsUITestsLaunchTests.swift */ = {isa = PBXFileReference; lastKnownFileType = sourcecode.swift; path = animationsUITestsLaunchTests.swift; sourceTree = "<group>"; };
/* End PBXFileReference section */

/* Begin PBXFrameworksBuildPhase section */
		E658C1B329D337D200BF9EA3 /* Frameworks */ = {
			isa = PBXFrameworksBuildPhase;
			buildActionMask = 2147483647;
			files = (
			);
			runOnlyForDeploymentPostprocessing = 0;
		};
		E658C1C929D337D600BF9EA3 /* Frameworks */ = {
			isa = PBXFrameworksBuildPhase;
			buildActionMask = 2147483647;
			files = (
			);
			runOnlyForDeploymentPostprocessing = 0;
		};
		E658C1D329D337D600BF9EA3 /* Frameworks */ = {
			isa = PBXFrameworksBuildPhase;
			buildActionMask = 2147483647;
			files = (
			);
			runOnlyForDeploymentPostprocessing = 0;
		};
/* End PBXFrameworksBuildPhase section */

/* Begin PBXGroup section */
		E658C1AD29D337D200BF9EA3 = {
			isa = PBXGroup;
			children = (
				E658C1B829D337D200BF9EA3 /* animations */,
				E658C1CF29D337D600BF9EA3 /* animationsTests */,
				E658C1D929D337D600BF9EA3 /* animationsUITests */,
				E658C1B729D337D200BF9EA3 /* Products */,
			);
			sourceTree = "<group>";
		};
		E658C1B729D337D200BF9EA3 /* Products */ = {
			isa = PBXGroup;
			children = (
				E658C1B629D337D200BF9EA3 /* animations.app */,
				E658C1CC29D337D600BF9EA3 /* animationsTests.xctest */,
				E658C1D629D337D600BF9EA3 /* animationsUITests.xctest */,
			);
			name = Products;
			sourceTree = "<group>";
		};
		E658C1B829D337D200BF9EA3 /* animations */ = {
			isa = PBXGroup;
			children = (
				E658C1B929D337D200BF9EA3 /* AppDelegate.swift */,
				E658C1BB29D337D200BF9EA3 /* SceneDelegate.swift */,
				E658C1BD29D337D200BF9EA3 /* ViewController.swift */,
				E658C1BF29D337D200BF9EA3 /* Main.storyboard */,
				E658C1C229D337D600BF9EA3 /* Assets.xcassets */,
				E658C1C429D337D600BF9EA3 /* LaunchScreen.storyboard */,
				E658C1C729D337D600BF9EA3 /* Info.plist */,
			);
			path = animations;
			sourceTree = "<group>";
		};
		E658C1CF29D337D600BF9EA3 /* animationsTests */ = {
			isa = PBXGroup;
			children = (
				E658C1D029D337D600BF9EA3 /* animationsTests.swift */,
			);
			path = animationsTests;
			sourceTree = "<group>";
		};
		E658C1D929D337D600BF9EA3 /* animationsUITests */ = {
			isa = PBXGroup;
			children = (
				E658C1DA29D337D600BF9EA3 /* animationsUITests.swift */,
				E658C1DC29D337D600BF9EA3 /* animationsUITestsLaunchTests.swift */,
			);
			path = animationsUITests;
			sourceTree = "<group>";
		};
/* End PBXGroup section */

/* Begin PBXNativeTarget section */
		E658C1B529D337D200BF9EA3 /* animations */ = {
			isa = PBXNativeTarget;
			buildConfigurationList = E658C1E029D337D600BF9EA3 /* Build configuration list for PBXNativeTarget "animations" */;
			buildPhases = (
				E658C1B229D337D200BF9EA3 /* Sources */,
				E658C1B329D337D200BF9EA3 /* Frameworks */,
				E658C1B429D337D200BF9EA3 /* Resources */,
			);
			buildRules = (
			);
			dependencies = (
			);
			name = animations;
			productName = animations;
			productReference = E658C1B629D337D200BF9EA3 /* animations.app */;
			productType = "com.apple.product-type.application";
		};
		E658C1CB29D337D600BF9EA3 /* animationsTests */ = {
			isa = PBXNativeTarget;
			buildConfigurationList = E658C1E329D337D600BF9EA3 /* Build configuration list for PBXNativeTarget "animationsTests" */;
			buildPhases = (
				E658C1C829D337D600BF9EA3 /* Sources */,
				E658C1C929D337D600BF9EA3 /* Frameworks */,
				E658C1CA29D337D600BF9EA3 /* Resources */,
			);
			buildRules = (
			);
			dependencies = (
				E658C1CE29D337D600BF9EA3 /* PBXTargetDependency */,
			);
			name = animationsTests;
			productName = animationsTests;
			productReference = E658C1CC29D337D600BF9EA3 /* animationsTests.xctest */;
			productType = "com.apple.product-type.bundle.unit-test";
		};
		E658C1D529D337D600BF9EA3 /* animationsUITests */ = {
			isa = PBXNativeTarget;
			buildConfigurationList = E658C1E629D337D600BF9EA3 /* Build configuration list for PBXNativeTarget "animationsUITests" */;
			buildPhases = (
				E658C1D229D337D600BF9EA3 /* Sources */,
				E658C1D329D337D600BF9EA3 /* Frameworks */,
				E658C1D429D337D600BF9EA3 /* Resources */,
			);
			buildRules = (
			);
			dependencies = (
				E658C1D829D337D600BF9EA3 /* PBXTargetDependency */,
			);
			name = animationsUITests;
			productName = animationsUITests;
			productReference = E658C1D629D337D600BF9EA3 /* animationsUITests.xctest */;
			productType = "com.apple.product-type.bundle.ui-testing";
		};
/* End PBXNativeTarget section */

/* Begin PBXProject section */
		E658C1AE29D337D200BF9EA3 /* Project object */ = {
			isa = PBXProject;
			attributes = {
				BuildIndependentTargetsInParallel = 1;
				LastSwiftUpdateCheck = 1340;
				LastUpgradeCheck = 1340;
				TargetAttributes = {
					E658C1B529D337D200BF9EA3 = {
						CreatedOnToolsVersion = 13.4.1;
					};
					E658C1CB29D337D600BF9EA3 = {
						CreatedOnToolsVersion = 13.4.1;
						TestTargetID = E658C1B529D337D200BF9EA3;
					};
					E658C1D529D337D600BF9EA3 = {
						CreatedOnToolsVersion = 13.4.1;
						TestTargetID = E658C1B529D337D200BF9EA3;
					};
				};
			};
			buildConfigurationList = E658C1B129D337D200BF9EA3 /* Build configuration list for PBXProject "animations" */;
			compatibilityVersion = "Xcode 13.0";
			developmentRegion = en;
			hasScannedForEncodings = 0;
			knownRegions = (
				en,
				Base,
			);
			mainGroup = E658C1AD29D337D200BF9EA3;
			productRefGroup = E658C1B729D337D200BF9EA3 /* Products */;
			projectDirPath = "";
			projectRoot = "";
			targets = (
				E658C1B529D337D200BF9EA3 /* animations */,
				E658C1CB29D337D600BF9EA3 /* animationsTests */,
				E658C1D529D337D600BF9EA3 /* animationsUITests */,
			);
		};
/* End PBXProject section */

/* Begin PBXResourcesBuildPhase section */
		E658C1B429D337D200BF9EA3 /* Resources */ = {
			isa = PBXResourcesBuildPhase;
			buildActionMask = 2147483647;
			files = (
				E658C1C629D337D600BF9EA3 /* LaunchScreen.storyboard in Resources */,
				E658C1C329D337D600BF9EA3 /* Assets.xcassets in Resources */,
				E658C1C129D337D200BF9EA3 /* Main.storyboard in Resources */,
			);
			runOnlyForDeploymentPostprocessing = 0;
		};
		E658C1CA29D337D600BF9EA3 /* Resources */ = {
			isa = PBXResourcesBuildPhase;
			buildActionMask = 2147483647;
			files = (
			);
			runOnlyForDeploymentPostprocessing = 0;
		};
		E658C1D429D337D600BF9EA3 /* Resources */ = {
			isa = PBXResourcesBuildPhase;
			buildActionMask = 2147483647;
			files = (
			);
			runOnlyForDeploymentPostprocessing = 0;
		};
/* End PBXResourcesBuildPhase section */

/* Begin PBXSourcesBuildPhase section */
		E658C1B229D337D200BF9EA3 /* Sources */ = {
			isa = PBXSourcesBuildPhase;
			buildActionMask = 2147483647;
			files = (
				E658C1BE29D337D200BF9EA3 /* ViewController.swift in Sources */,
				E658C1BA29D337D200BF9EA3 /* AppDelegate.swift in Sources */,
				E658C1BC29D337D200BF9EA3 /* SceneDelegate.swift in Sources */,
			);
			runOnlyForDeploymentPostprocessing = 0;
		};
		E658C1C829D337D600BF9EA3 /* Sources */ = {
			isa = PBXSourcesBuildPhase;
			buildActionMask = 2147483647;
			files = (
				E658C1D129D337D600BF9EA3 /* animationsTests.swift in Sources */,
			);
			runOnlyForDeploymentPostprocessing = 0;
		};
		E658C1D229D337D600BF9EA3 /* Sources */ = {
			isa = PBXSourcesBuildPhase;
			buildActionMask = 2147483647;
			files = (
				E658C1DB29D337D600BF9EA3 /* animationsUITests.swift in Sources */,
				E658C1DD29D337D600BF9EA3 /* animationsUITestsLaunchTests.swift in Sources */,
			);
			runOnlyForDeploymentPostprocessing = 0;
		};
/* End PBXSourcesBuildPhase section */

/* Begin PBXTargetDependency section */
		E658C1CE29D337D600BF9EA3 /* PBXTargetDependency */ = {
			isa = PBXTargetDependency;
			target = E658C1B529D337D200BF9EA3 /* animations */;
			targetProxy = E658C1CD29D337D600BF9EA3 /* PBXContainerItemProxy */;
		};
		E658C1D829D337D600BF9EA3 /* PBXTargetDependency */ = {
			isa = PBXTargetDependency;
			target = E658C1B529D337D200BF9EA3 /* animations */;
			targetProxy = E658C1D729D337D600BF9EA3 /* PBXContainerItemProxy */;
		};
/* End PBXTargetDependency section */

/* Begin PBXVariantGroup section */
		E658C1BF29D337D200BF9EA3 /* Main.storyboard */ = {
			isa = PBXVariantGroup;
			children = (
				E658C1C029D337D200BF9EA3 /* Base */,
			);
			name = Main.storyboard;
			sourceTree = "<group>";
		};
		E658C1C429D337D600BF9EA3 /* LaunchScreen.storyboard */ = {
			isa = PBXVariantGroup;
			children = (
				E658C1C529D337D600BF9EA3 /* Base */,
			);
			name = LaunchScreen.storyboard;
			sourceTree = "<group>";
		};
/* End PBXVariantGroup section */

/* Begin XCBuildConfiguration section */
		E658C1DE29D337D600BF9EA3 /* Debug */ = {
			isa = XCBuildConfiguration;
			buildSettings = {
				ALWAYS_SEARCH_USER_PATHS = NO;
				CLANG_ANALYZER_NONNULL = YES;
				CLANG_ANALYZER_NUMBER_OBJECT_CONVERSION = YES_AGGRESSIVE;
				CLANG_CXX_LANGUAGE_STANDARD = "gnu++17";
				CLANG_ENABLE_MODULES = YES;
				CLANG_ENABLE_OBJC_ARC = YES;
				CLANG_ENABLE_OBJC_WEAK = YES;
				CLANG_WARN_BLOCK_CAPTURE_AUTORELEASING = YES;
				CLANG_WARN_BOOL_CONVERSION = YES;
				CLANG_WARN_COMMA = YES;
				CLANG_WARN_CONSTANT_CONVERSION = YES;
				CLANG_WARN_DEPRECATED_OBJC_IMPLEMENTATIONS = YES;
				CLANG_WARN_DIRECT_OBJC_ISA_USAGE = YES_ERROR;
				CLANG_WARN_DOCUMENTATION_COMMENTS = YES;
				CLANG_WARN_EMPTY_BODY = YES;
				CLANG_WARN_ENUM_CONVERSION = YES;
				CLANG_WARN_INFINITE_RECURSION = YES;
				CLANG_WARN_INT_CONVERSION = YES;
				CLANG_WARN_NON_LITERAL_NULL_CONVERSION = YES;
				CLANG_WARN_OBJC_IMPLICIT_RETAIN_SELF = YES;
				CLANG_WARN_OBJC_LITERAL_CONVERSION = YES;
				CLANG_WARN_OBJC_ROOT_CLASS = YES_ERROR;
				CLANG_WARN_QUOTED_INCLUDE_IN_FRAMEWORK_HEADER = YES;
				CLANG_WARN_RANGE_LOOP_ANALYSIS = YES;
				CLANG_WARN_STRICT_PROTOTYPES = YES;
				CLANG_WARN_SUSPICIOUS_MOVE = YES;
				CLANG_WARN_UNGUARDED_AVAILABILITY = YES_AGGRESSIVE;
				CLANG_WARN_UNREACHABLE_CODE = YES;
				CLANG_WARN__DUPLICATE_METHOD_MATCH = YES;
				COPY_PHASE_STRIP = NO;
				DEBUG_INFORMATION_FORMAT = dwarf;
				ENABLE_STRICT_OBJC_MSGSEND = YES;
				ENABLE_TESTABILITY = YES;
				GCC_C_LANGUAGE_STANDARD = gnu11;
				GCC_DYNAMIC_NO_PIC = NO;
				GCC_NO_COMMON_BLOCKS = YES;
				GCC_OPTIMIZATION_LEVEL = 0;
				GCC_PREPROCESSOR_DEFINITIONS = (
					"DEBUG=1",
					"$(inherited)",
				);
				GCC_WARN_64_TO_32_BIT_CONVERSION = YES;
				GCC_WARN_ABOUT_RETURN_TYPE = YES_ERROR;
				GCC_WARN_UNDECLARED_SELECTOR = YES;
				GCC_WARN_UNINITIALIZED_AUTOS = YES_AGGRESSIVE;
				GCC_WARN_UNUSED_FUNCTION = YES;
				GCC_WARN_UNUSED_VARIABLE = YES;
				IPHONEOS_DEPLOYMENT_TARGET = 15.5;
				MTL_ENABLE_DEBUG_INFO = INCLUDE_SOURCE;
				MTL_FAST_MATH = YES;
				ONLY_ACTIVE_ARCH = YES;
				SDKROOT = iphoneos;
				SWIFT_ACTIVE_COMPILATION_CONDITIONS = DEBUG;
				SWIFT_OPTIMIZATION_LEVEL = "-Onone";
			};
			name = Debug;
		};
		E658C1DF29D337D600BF9EA3 /* Release */ = {
			isa = XCBuildConfiguration;
			buildSettings = {
				ALWAYS_SEARCH_USER_PATHS = NO;
				CLANG_ANALYZER_NONNULL = YES;
				CLANG_ANALYZER_NUMBER_OBJECT_CONVERSION = YES_AGGRESSIVE;
				CLANG_CXX_LANGUAGE_STANDARD = "gnu++17";
				CLANG_ENABLE_MODULES = YES;
				CLANG_ENABLE_OBJC_ARC = YES;
				CLANG_ENABLE_OBJC_WEAK = YES;
				CLANG_WARN_BLOCK_CAPTURE_AUTORELEASING = YES;
				CLANG_WARN_BOOL_CONVERSION = YES;
				CLANG_WARN_COMMA = YES;
				CLANG_WARN_CONSTANT_CONVERSION = YES;
				CLANG_WARN_DEPRECATED_OBJC_IMPLEMENTATIONS = YES;
				CLANG_WARN_DIRECT_OBJC_ISA_USAGE = YES_ERROR;
				CLANG_WARN_DOCUMENTATION_COMMENTS = YES;
				CLANG_WARN_EMPTY_BODY = YES;
				CLANG_WARN_ENUM_CONVERSION = YES;
				CLANG_WARN_INFINITE_RECURSION = YES;
				CLANG_WARN_INT_CONVERSION = YES;
				CLANG_WARN_NON_LITERAL_NULL_CONVERSION = YES;
				CLANG_WARN_OBJC_IMPLICIT_RETAIN_SELF = YES;
				CLANG_WARN_OBJC_LITERAL_CONVERSION = YES;
				CLANG_WARN_OBJC_ROOT_CLASS = YES_ERROR;
				CLANG_WARN_QUOTED_INCLUDE_IN_FRAMEWORK_HEADER = YES;
				CLANG_WARN_RANGE_LOOP_ANALYSIS = YES;
				CLANG_WARN_STRICT_PROTOTYPES = YES;
				CLANG_WARN_SUSPICIOUS_MOVE = YES;
				CLANG_WARN_UNGUARDED_AVAILABILITY = YES_AGGRESSIVE;
				CLANG_WARN_UNREACHABLE_CODE = YES;
				CLANG_WARN__DUPLICATE_METHOD_MATCH = YES;
				COPY_PHASE_STRIP = NO;
				DEBUG_INFORMATION_FORMAT = "dwarf-with-dsym";
				ENABLE_NS_ASSERTIONS = NO;
				ENABLE_STRICT_OBJC_MSGSEND = YES;
				GCC_C_LANGUAGE_STANDARD = gnu11;
				GCC_NO_COMMON_BLOCKS = YES;
				GCC_WARN_64_TO_32_BIT_CONVERSION = YES;
				GCC_WARN_ABOUT_RETURN_TYPE = YES_ERROR;
				GCC_WARN_UNDECLARED_SELECTOR = YES;
				GCC_WARN_UNINITIALIZED_AUTOS = YES_AGGRESSIVE;
				GCC_WARN_UNUSED_FUNCTION = YES;
				GCC_WARN_UNUSED_VARIABLE = YES;
				IPHONEOS_DEPLOYMENT_TARGET = 15.5;
				MTL_ENABLE_DEBUG_INFO = NO;
				MTL_FAST_MATH = YES;
				SDKROOT = iphoneos;
				SWIFT_COMPILATION_MODE = wholemodule;
				SWIFT_OPTIMIZATION_LEVEL = "-O";
				VALIDATE_PRODUCT = YES;
			};
			name = Release;
		};
		E658C1E129D337D600BF9EA3 /* Debug */ = {
			isa = XCBuildConfiguration;
			buildSettings = {
				ASSETCATALOG_COMPILER_APPICON_NAME = AppIcon;
				ASSETCATALOG_COMPILER_GLOBAL_ACCENT_COLOR_NAME = AccentColor;
				CODE_SIGN_STYLE = Automatic;
				CURRENT_PROJECT_VERSION = 1;
				GENERATE_INFOPLIST_FILE = YES;
				INFOPLIST_FILE = animations/Info.plist;
				INFOPLIST_KEY_UIApplicationSupportsIndirectInputEvents = YES;
				INFOPLIST_KEY_UILaunchStoryboardName = LaunchScreen;
				INFOPLIST_KEY_UIMainStoryboardFile = Main;
				INFOPLIST_KEY_UISupportedInterfaceOrientations_iPad = "UIInterfaceOrientationPortrait UIInterfaceOrientationPortraitUpsideDown UIInterfaceOrientationLandscapeLeft UIInterfaceOrientationLandscapeRight";
				INFOPLIST_KEY_UISupportedInterfaceOrientations_iPhone = "UIInterfaceOrientationPortrait UIInterfaceOrientationLandscapeLeft UIInterfaceOrientationLandscapeRight";
				LD_RUNPATH_SEARCH_PATHS = (
					"$(inherited)",
					"@executable_path/Frameworks",
				);
				MARKETING_VERSION = 1.0;
				PRODUCT_BUNDLE_IDENTIFIER = nwmissouri.edu.animations;
				PRODUCT_NAME = "$(TARGET_NAME)";
				SWIFT_EMIT_LOC_STRINGS = YES;
				SWIFT_VERSION = 5.0;
				TARGETED_DEVICE_FAMILY = "1,2";
			};
			name = Debug;
		};
		E658C1E229D337D600BF9EA3 /* Release */ = {
			isa = XCBuildConfiguration;
			buildSettings = {
				ASSETCATALOG_COMPILER_APPICON_NAME = AppIcon;
				ASSETCATALOG_COMPILER_GLOBAL_ACCENT_COLOR_NAME = AccentColor;
				CODE_SIGN_STYLE = Automatic;
				CURRENT_PROJECT_VERSION = 1;
				GENERATE_INFOPLIST_FILE = YES;
				INFOPLIST_FILE = animations/Info.plist;
				INFOPLIST_KEY_UIApplicationSupportsIndirectInputEvents = YES;
				INFOPLIST_KEY_UILaunchStoryboardName = LaunchScreen;
				INFOPLIST_KEY_UIMainStoryboardFile = Main;
				INFOPLIST_KEY_UISupportedInterfaceOrientations_iPad = "UIInterfaceOrientationPortrait UIInterfaceOrientationPortraitUpsideDown UIInterfaceOrientationLandscapeLeft UIInterfaceOrientationLandscapeRight";
				INFOPLIST_KEY_UISupportedInterfaceOrientations_iPhone = "UIInterfaceOrientationPortrait UIInterfaceOrientationLandscapeLeft UIInterfaceOrientationLandscapeRight";
				LD_RUNPATH_SEARCH_PATHS = (
					"$(inherited)",
					"@executable_path/Frameworks",
				);
				MARKETING_VERSION = 1.0;
				PRODUCT_BUNDLE_IDENTIFIER = nwmissouri.edu.animations;
				PRODUCT_NAME = "$(TARGET_NAME)";
				SWIFT_EMIT_LOC_STRINGS = YES;
				SWIFT_VERSION = 5.0;
				TARGETED_DEVICE_FAMILY = "1,2";
			};
			name = Release;
		};
		E658C1E429D337D600BF9EA3 /* Debug */ = {
			isa = XCBuildConfiguration;
			buildSettings = {
				ALWAYS_EMBED_SWIFT_STANDARD_LIBRARIES = YES;
				BUNDLE_LOADER = "$(TEST_HOST)";
				CODE_SIGN_STYLE = Automatic;
				CURRENT_PROJECT_VERSION = 1;
				GENERATE_INFOPLIST_FILE = YES;
				IPHONEOS_DEPLOYMENT_TARGET = 15.5;
				MARKETING_VERSION = 1.0;
				PRODUCT_BUNDLE_IDENTIFIER = nwmissouri.edu.animationsTests;
				PRODUCT_NAME = "$(TARGET_NAME)";
				SWIFT_EMIT_LOC_STRINGS = NO;
				SWIFT_VERSION = 5.0;
				TARGETED_DEVICE_FAMILY = "1,2";
				TEST_HOST = "$(BUILT_PRODUCTS_DIR)/animations.app/animations";
			};
			name = Debug;
		};
		E658C1E529D337D600BF9EA3 /* Release */ = {
			isa = XCBuildConfiguration;
			buildSettings = {
				ALWAYS_EMBED_SWIFT_STANDARD_LIBRARIES = YES;
				BUNDLE_LOADER = "$(TEST_HOST)";
				CODE_SIGN_STYLE = Automatic;
				CURRENT_PROJECT_VERSION = 1;
				GENERATE_INFOPLIST_FILE = YES;
				IPHONEOS_DEPLOYMENT_TARGET = 15.5;
				MARKETING_VERSION = 1.0;
				PRODUCT_BUNDLE_IDENTIFIER = nwmissouri.edu.animationsTests;
				PRODUCT_NAME = "$(TARGET_NAME)";
				SWIFT_EMIT_LOC_STRINGS = NO;
				SWIFT_VERSION = 5.0;
				TARGETED_DEVICE_FAMILY = "1,2";
				TEST_HOST = "$(BUILT_PRODUCTS_DIR)/animations.app/animations";
			};
			name = Release;
		};
		E658C1E729D337D600BF9EA3 /* Debug */ = {
			isa = XCBuildConfiguration;
			buildSettings = {
				ALWAYS_EMBED_SWIFT_STANDARD_LIBRARIES = YES;
				CODE_SIGN_STYLE = Automatic;
				CURRENT_PROJECT_VERSION = 1;
				GENERATE_INFOPLIST_FILE = YES;
				MARKETING_VERSION = 1.0;
				PRODUCT_BUNDLE_IDENTIFIER = nwmissouri.edu.animationsUITests;
				PRODUCT_NAME = "$(TARGET_NAME)";
				SWIFT_EMIT_LOC_STRINGS = NO;
				SWIFT_VERSION = 5.0;
				TARGETED_DEVICE_FAMILY = "1,2";
				TEST_TARGET_NAME = animations;
			};
			name = Debug;
		};
		E658C1E829D337D600BF9EA3 /* Release */ = {
			isa = XCBuildConfiguration;
			buildSettings = {
				ALWAYS_EMBED_SWIFT_STANDARD_LIBRARIES = YES;
				CODE_SIGN_STYLE = Automatic;
				CURRENT_PROJECT_VERSION = 1;
				GENERATE_INFOPLIST_FILE = YES;
				MARKETING_VERSION = 1.0;
				PRODUCT_BUNDLE_IDENTIFIER = nwmissouri.edu.animationsUITests;
				PRODUCT_NAME = "$(TARGET_NAME)";
				SWIFT_EMIT_LOC_STRINGS = NO;
				SWIFT_VERSION = 5.0;
				TARGETED_DEVICE_FAMILY = "1,2";
				TEST_TARGET_NAME = animations;
			};
			name = Release;
		};
/* End XCBuildConfiguration section */

/* Begin XCConfigurationList section */
		E658C1B129D337D200BF9EA3 /* Build configuration list for PBXProject "animations" */ = {
			isa = XCConfigurationList;
			buildConfigurations = (
				E658C1DE29D337D600BF9EA3 /* Debug */,
				E658C1DF29D337D600BF9EA3 /* Release */,
			);
			defaultConfigurationIsVisible = 0;
			defaultConfigurationName = Release;
		};
		E658C1E029D337D600BF9EA3 /* Build configuration list for PBXNativeTarget "animations" */ = {
			isa = XCConfigurationList;
			buildConfigurations = (
				E658C1E129D337D600BF9EA3 /* Debug */,
				E658C1E229D337D600BF9EA3 /* Release */,
			);
			defaultConfigurationIsVisible = 0;
			defaultConfigurationName = Release;
		};
		E658C1E329D337D600BF9EA3 /* Build configuration list for PBXNativeTarget "animationsTests" */ = {
			isa = XCConfigurationList;
			buildConfigurations = (
				E658C1E429D337D600BF9EA3 /* Debug */,
				E658C1E529D337D600BF9EA3 /* Release */,
			);
			defaultConfigurationIsVisible = 0;
			defaultConfigurationName = Release;
		};
		E658C1E629D337D600BF9EA3 /* Build configuration list for PBXNativeTarget "animationsUITests" */ = {
			isa = XCConfigurationList;
			buildConfigurations = (
				E658C1E729D337D600BF9EA3 /* Debug */,
				E658C1E829D337D600BF9EA3 /* Release */,
			);
			defaultConfigurationIsVisible = 0;
			defaultConfigurationName = Release;
		};
/* End XCConfigurationList section */
	};
	rootObject = E658C1AE29D337D200BF9EA3 /* Project object */;
}
