// !$*UTF8*$!
{
	archiveVersion = 1;
	classes = {
	};
	objectVersion = 55;
	objects = {

/* Begin PBXBuildFile section */
		E6E39FD429896BFF00159171 /* AppDelegate.swift in Sources */ = {isa = PBXBuildFile; fileRef = E6E39FD329896BFF00159171 /* AppDelegate.swift */; };
		E6E39FD629896BFF00159171 /* SceneDelegate.swift in Sources */ = {isa = PBXBuildFile; fileRef = E6E39FD529896BFF00159171 /* SceneDelegate.swift */; };
		E6E39FD829896BFF00159171 /* ViewController.swift in Sources */ = {isa = PBXBuildFile; fileRef = E6E39FD729896BFF00159171 /* ViewController.swift */; };
		E6E39FDB29896BFF00159171 /* Main.storyboard in Resources */ = {isa = PBXBuildFile; fileRef = E6E39FD929896BFF00159171 /* Main.storyboard */; };
		E6E39FDD29896C0000159171 /* Assets.xcassets in Resources */ = {isa = PBXBuildFile; fileRef = E6E39FDC29896C0000159171 /* Assets.xcassets */; };
		E6E39FE029896C0000159171 /* LaunchScreen.storyboard in Resources */ = {isa = PBXBuildFile; fileRef = E6E39FDE29896C0000159171 /* LaunchScreen.storyboard */; };
		E6E39FEB29896C0100159171 /* VowelTests.swift in Sources */ = {isa = PBXBuildFile; fileRef = E6E39FEA29896C0100159171 /* VowelTests.swift */; };
		E6E39FF529896C0100159171 /* VowelUITests.swift in Sources */ = {isa = PBXBuildFile; fileRef = E6E39FF429896C0100159171 /* VowelUITests.swift */; };
		E6E39FF729896C0100159171 /* VowelUITestsLaunchTests.swift in Sources */ = {isa = PBXBuildFile; fileRef = E6E39FF629896C0100159171 /* VowelUITestsLaunchTests.swift */; };
/* End PBXBuildFile section */

/* Begin PBXContainerItemProxy section */
		E6E39FE729896C0100159171 /* PBXContainerItemProxy */ = {
			isa = PBXContainerItemProxy;
			containerPortal = E6E39FC829896BFF00159171 /* Project object */;
			proxyType = 1;
			remoteGlobalIDString = E6E39FCF29896BFF00159171;
			remoteInfo = Vowel;
		};
		E6E39FF129896C0100159171 /* PBXContainerItemProxy */ = {
			isa = PBXContainerItemProxy;
			containerPortal = E6E39FC829896BFF00159171 /* Project object */;
			proxyType = 1;
			remoteGlobalIDString = E6E39FCF29896BFF00159171;
			remoteInfo = Vowel;
		};
/* End PBXContainerItemProxy section */

/* Begin PBXFileReference section */
		E6E39FD029896BFF00159171 /* Vowel.app */ = {isa = PBXFileReference; explicitFileType = wrapper.application; includeInIndex = 0; path = Vowel.app; sourceTree = BUILT_PRODUCTS_DIR; };
		E6E39FD329896BFF00159171 /* AppDelegate.swift */ = {isa = PBXFileReference; lastKnownFileType = sourcecode.swift; path = AppDelegate.swift; sourceTree = "<group>"; };
		E6E39FD529896BFF00159171 /* SceneDelegate.swift */ = {isa = PBXFileReference; lastKnownFileType = sourcecode.swift; path = SceneDelegate.swift; sourceTree = "<group>"; };
		E6E39FD729896BFF00159171 /* ViewController.swift */ = {isa = PBXFileReference; lastKnownFileType = sourcecode.swift; path = ViewController.swift; sourceTree = "<group>"; };
		E6E39FDA29896BFF00159171 /* Base */ = {isa = PBXFileReference; lastKnownFileType = file.storyboard; name = Base; path = Base.lproj/Main.storyboard; sourceTree = "<group>"; };
		E6E39FDC29896C0000159171 /* Assets.xcassets */ = {isa = PBXFileReference; lastKnownFileType = folder.assetcatalog; path = Assets.xcassets; sourceTree = "<group>"; };
		E6E39FDF29896C0000159171 /* Base */ = {isa = PBXFileReference; lastKnownFileType = file.storyboard; name = Base; path = Base.lproj/LaunchScreen.storyboard; sourceTree = "<group>"; };
		E6E39FE129896C0000159171 /* Info.plist */ = {isa = PBXFileReference; lastKnownFileType = text.plist.xml; path = Info.plist; sourceTree = "<group>"; };
		E6E39FE629896C0100159171 /* VowelTests.xctest */ = {isa = PBXFileReference; explicitFileType = wrapper.cfbundle; includeInIndex = 0; path = VowelTests.xctest; sourceTree = BUILT_PRODUCTS_DIR; };
		E6E39FEA29896C0100159171 /* VowelTests.swift */ = {isa = PBXFileReference; lastKnownFileType = sourcecode.swift; path = VowelTests.swift; sourceTree = "<group>"; };
		E6E39FF029896C0100159171 /* VowelUITests.xctest */ = {isa = PBXFileReference; explicitFileType = wrapper.cfbundle; includeInIndex = 0; path = VowelUITests.xctest; sourceTree = BUILT_PRODUCTS_DIR; };
		E6E39FF429896C0100159171 /* VowelUITests.swift */ = {isa = PBXFileReference; lastKnownFileType = sourcecode.swift; path = VowelUITests.swift; sourceTree = "<group>"; };
		E6E39FF629896C0100159171 /* VowelUITestsLaunchTests.swift */ = {isa = PBXFileReference; lastKnownFileType = sourcecode.swift; path = VowelUITestsLaunchTests.swift; sourceTree = "<group>"; };
/* End PBXFileReference section */

/* Begin PBXFrameworksBuildPhase section */
		E6E39FCD29896BFF00159171 /* Frameworks */ = {
			isa = PBXFrameworksBuildPhase;
			buildActionMask = 2147483647;
			files = (
			);
			runOnlyForDeploymentPostprocessing = 0;
		};
		E6E39FE329896C0100159171 /* Frameworks */ = {
			isa = PBXFrameworksBuildPhase;
			buildActionMask = 2147483647;
			files = (
			);
			runOnlyForDeploymentPostprocessing = 0;
		};
		E6E39FED29896C0100159171 /* Frameworks */ = {
			isa = PBXFrameworksBuildPhase;
			buildActionMask = 2147483647;
			files = (
			);
			runOnlyForDeploymentPostprocessing = 0;
		};
/* End PBXFrameworksBuildPhase section */

/* Begin PBXGroup section */
		E6E39FC729896BFF00159171 = {
			isa = PBXGroup;
			children = (
				E6E39FD229896BFF00159171 /* Vowel */,
				E6E39FE929896C0100159171 /* VowelTests */,
				E6E39FF329896C0100159171 /* VowelUITests */,
				E6E39FD129896BFF00159171 /* Products */,
			);
			sourceTree = "<group>";
		};
		E6E39FD129896BFF00159171 /* Products */ = {
			isa = PBXGroup;
			children = (
				E6E39FD029896BFF00159171 /* Vowel.app */,
				E6E39FE629896C0100159171 /* VowelTests.xctest */,
				E6E39FF029896C0100159171 /* VowelUITests.xctest */,
			);
			name = Products;
			sourceTree = "<group>";
		};
		E6E39FD229896BFF00159171 /* Vowel */ = {
			isa = PBXGroup;
			children = (
				E6E39FD329896BFF00159171 /* AppDelegate.swift */,
				E6E39FD529896BFF00159171 /* SceneDelegate.swift */,
				E6E39FD729896BFF00159171 /* ViewController.swift */,
				E6E39FD929896BFF00159171 /* Main.storyboard */,
				E6E39FDC29896C0000159171 /* Assets.xcassets */,
				E6E39FDE29896C0000159171 /* LaunchScreen.storyboard */,
				E6E39FE129896C0000159171 /* Info.plist */,
			);
			path = Vowel;
			sourceTree = "<group>";
		};
		E6E39FE929896C0100159171 /* VowelTests */ = {
			isa = PBXGroup;
			children = (
				E6E39FEA29896C0100159171 /* VowelTests.swift */,
			);
			path = VowelTests;
			sourceTree = "<group>";
		};
		E6E39FF329896C0100159171 /* VowelUITests */ = {
			isa = PBXGroup;
			children = (
				E6E39FF429896C0100159171 /* VowelUITests.swift */,
				E6E39FF629896C0100159171 /* VowelUITestsLaunchTests.swift */,
			);
			path = VowelUITests;
			sourceTree = "<group>";
		};
/* End PBXGroup section */

/* Begin PBXNativeTarget section */
		E6E39FCF29896BFF00159171 /* Vowel */ = {
			isa = PBXNativeTarget;
			buildConfigurationList = E6E39FFA29896C0100159171 /* Build configuration list for PBXNativeTarget "Vowel" */;
			buildPhases = (
				E6E39FCC29896BFF00159171 /* Sources */,
				E6E39FCD29896BFF00159171 /* Frameworks */,
				E6E39FCE29896BFF00159171 /* Resources */,
			);
			buildRules = (
			);
			dependencies = (
			);
			name = Vowel;
			productName = Vowel;
			productReference = E6E39FD029896BFF00159171 /* Vowel.app */;
			productType = "com.apple.product-type.application";
		};
		E6E39FE529896C0100159171 /* VowelTests */ = {
			isa = PBXNativeTarget;
			buildConfigurationList = E6E39FFD29896C0100159171 /* Build configuration list for PBXNativeTarget "VowelTests" */;
			buildPhases = (
				E6E39FE229896C0100159171 /* Sources */,
				E6E39FE329896C0100159171 /* Frameworks */,
				E6E39FE429896C0100159171 /* Resources */,
			);
			buildRules = (
			);
			dependencies = (
				E6E39FE829896C0100159171 /* PBXTargetDependency */,
			);
			name = VowelTests;
			productName = VowelTests;
			productReference = E6E39FE629896C0100159171 /* VowelTests.xctest */;
			productType = "com.apple.product-type.bundle.unit-test";
		};
		E6E39FEF29896C0100159171 /* VowelUITests */ = {
			isa = PBXNativeTarget;
			buildConfigurationList = E6E3A00029896C0100159171 /* Build configuration list for PBXNativeTarget "VowelUITests" */;
			buildPhases = (
				E6E39FEC29896C0100159171 /* Sources */,
				E6E39FED29896C0100159171 /* Frameworks */,
				E6E39FEE29896C0100159171 /* Resources */,
			);
			buildRules = (
			);
			dependencies = (
				E6E39FF229896C0100159171 /* PBXTargetDependency */,
			);
			name = VowelUITests;
			productName = VowelUITests;
			productReference = E6E39FF029896C0100159171 /* VowelUITests.xctest */;
			productType = "com.apple.product-type.bundle.ui-testing";
		};
/* End PBXNativeTarget section */

/* Begin PBXProject section */
		E6E39FC829896BFF00159171 /* Project object */ = {
			isa = PBXProject;
			attributes = {
				BuildIndependentTargetsInParallel = 1;
				LastSwiftUpdateCheck = 1340;
				LastUpgradeCheck = 1340;
				TargetAttributes = {
					E6E39FCF29896BFF00159171 = {
						CreatedOnToolsVersion = 13.4.1;
					};
					E6E39FE529896C0100159171 = {
						CreatedOnToolsVersion = 13.4.1;
						TestTargetID = E6E39FCF29896BFF00159171;
					};
					E6E39FEF29896C0100159171 = {
						CreatedOnToolsVersion = 13.4.1;
						TestTargetID = E6E39FCF29896BFF00159171;
					};
				};
			};
			buildConfigurationList = E6E39FCB29896BFF00159171 /* Build configuration list for PBXProject "Vowel" */;
			compatibilityVersion = "Xcode 13.0";
			developmentRegion = en;
			hasScannedForEncodings = 0;
			knownRegions = (
				en,
				Base,
			);
			mainGroup = E6E39FC729896BFF00159171;
			productRefGroup = E6E39FD129896BFF00159171 /* Products */;
			projectDirPath = "";
			projectRoot = "";
			targets = (
				E6E39FCF29896BFF00159171 /* Vowel */,
				E6E39FE529896C0100159171 /* VowelTests */,
				E6E39FEF29896C0100159171 /* VowelUITests */,
			);
		};
/* End PBXProject section */

/* Begin PBXResourcesBuildPhase section */
		E6E39FCE29896BFF00159171 /* Resources */ = {
			isa = PBXResourcesBuildPhase;
			buildActionMask = 2147483647;
			files = (
				E6E39FE029896C0000159171 /* LaunchScreen.storyboard in Resources */,
				E6E39FDD29896C0000159171 /* Assets.xcassets in Resources */,
				E6E39FDB29896BFF00159171 /* Main.storyboard in Resources */,
			);
			runOnlyForDeploymentPostprocessing = 0;
		};
		E6E39FE429896C0100159171 /* Resources */ = {
			isa = PBXResourcesBuildPhase;
			buildActionMask = 2147483647;
			files = (
			);
			runOnlyForDeploymentPostprocessing = 0;
		};
		E6E39FEE29896C0100159171 /* Resources */ = {
			isa = PBXResourcesBuildPhase;
			buildActionMask = 2147483647;
			files = (
			);
			runOnlyForDeploymentPostprocessing = 0;
		};
/* End PBXResourcesBuildPhase section */

/* Begin PBXSourcesBuildPhase section */
		E6E39FCC29896BFF00159171 /* Sources */ = {
			isa = PBXSourcesBuildPhase;
			buildActionMask = 2147483647;
			files = (
				E6E39FD829896BFF00159171 /* ViewController.swift in Sources */,
				E6E39FD429896BFF00159171 /* AppDelegate.swift in Sources */,
				E6E39FD629896BFF00159171 /* SceneDelegate.swift in Sources */,
			);
			runOnlyForDeploymentPostprocessing = 0;
		};
		E6E39FE229896C0100159171 /* Sources */ = {
			isa = PBXSourcesBuildPhase;
			buildActionMask = 2147483647;
			files = (
				E6E39FEB29896C0100159171 /* VowelTests.swift in Sources */,
			);
			runOnlyForDeploymentPostprocessing = 0;
		};
		E6E39FEC29896C0100159171 /* Sources */ = {
			isa = PBXSourcesBuildPhase;
			buildActionMask = 2147483647;
			files = (
				E6E39FF729896C0100159171 /* VowelUITestsLaunchTests.swift in Sources */,
				E6E39FF529896C0100159171 /* VowelUITests.swift in Sources */,
			);
			runOnlyForDeploymentPostprocessing = 0;
		};
/* End PBXSourcesBuildPhase section */

/* Begin PBXTargetDependency section */
		E6E39FE829896C0100159171 /* PBXTargetDependency */ = {
			isa = PBXTargetDependency;
			target = E6E39FCF29896BFF00159171 /* Vowel */;
			targetProxy = E6E39FE729896C0100159171 /* PBXContainerItemProxy */;
		};
		E6E39FF229896C0100159171 /* PBXTargetDependency */ = {
			isa = PBXTargetDependency;
			target = E6E39FCF29896BFF00159171 /* Vowel */;
			targetProxy = E6E39FF129896C0100159171 /* PBXContainerItemProxy */;
		};
/* End PBXTargetDependency section */

/* Begin PBXVariantGroup section */
		E6E39FD929896BFF00159171 /* Main.storyboard */ = {
			isa = PBXVariantGroup;
			children = (
				E6E39FDA29896BFF00159171 /* Base */,
			);
			name = Main.storyboard;
			sourceTree = "<group>";
		};
		E6E39FDE29896C0000159171 /* LaunchScreen.storyboard */ = {
			isa = PBXVariantGroup;
			children = (
				E6E39FDF29896C0000159171 /* Base */,
			);
			name = LaunchScreen.storyboard;
			sourceTree = "<group>";
		};
/* End PBXVariantGroup section */

/* Begin XCBuildConfiguration section */
		E6E39FF829896C0100159171 /* Debug */ = {
			isa = XCBuildConfiguration;
			buildSettings = {
				ALWAYS_SEARCH_USER_PATHS = NO;
				CLANG_ANALYZER_NONNULL = YES;
				CLANG_ANALYZER_NUMBER_OBJECT_CONVERSION = YES_AGGRESSIVE;
				CLANG_CXX_LANGUAGE_STANDARD = "gnu++17";
				CLANG_ENABLE_MODULES = YES;
				CLANG_ENABLE_OBJC_ARC = YES;
				CLANG_ENABLE_OBJC_WEAK = YES;
				CLANG_WARN_BLOCK_CAPTURE_AUTORELEASING = YES;
				CLANG_WARN_BOOL_CONVERSION = YES;
				CLANG_WARN_COMMA = YES;
				CLANG_WARN_CONSTANT_CONVERSION = YES;
				CLANG_WARN_DEPRECATED_OBJC_IMPLEMENTATIONS = YES;
				CLANG_WARN_DIRECT_OBJC_ISA_USAGE = YES_ERROR;
				CLANG_WARN_DOCUMENTATION_COMMENTS = YES;
				CLANG_WARN_EMPTY_BODY = YES;
				CLANG_WARN_ENUM_CONVERSION = YES;
				CLANG_WARN_INFINITE_RECURSION = YES;
				CLANG_WARN_INT_CONVERSION = YES;
				CLANG_WARN_NON_LITERAL_NULL_CONVERSION = YES;
				CLANG_WARN_OBJC_IMPLICIT_RETAIN_SELF = YES;
				CLANG_WARN_OBJC_LITERAL_CONVERSION = YES;
				CLANG_WARN_OBJC_ROOT_CLASS = YES_ERROR;
				CLANG_WARN_QUOTED_INCLUDE_IN_FRAMEWORK_HEADER = YES;
				CLANG_WARN_RANGE_LOOP_ANALYSIS = YES;
				CLANG_WARN_STRICT_PROTOTYPES = YES;
				CLANG_WARN_SUSPICIOUS_MOVE = YES;
				CLANG_WARN_UNGUARDED_AVAILABILITY = YES_AGGRESSIVE;
				CLANG_WARN_UNREACHABLE_CODE = YES;
				CLANG_WARN__DUPLICATE_METHOD_MATCH = YES;
				COPY_PHASE_STRIP = NO;
				DEBUG_INFORMATION_FORMAT = dwarf;
				ENABLE_STRICT_OBJC_MSGSEND = YES;
				ENABLE_TESTABILITY = YES;
				GCC_C_LANGUAGE_STANDARD = gnu11;
				GCC_DYNAMIC_NO_PIC = NO;
				GCC_NO_COMMON_BLOCKS = YES;
				GCC_OPTIMIZATION_LEVEL = 0;
				GCC_PREPROCESSOR_DEFINITIONS = (
					"DEBUG=1",
					"$(inherited)",
				);
				GCC_WARN_64_TO_32_BIT_CONVERSION = YES;
				GCC_WARN_ABOUT_RETURN_TYPE = YES_ERROR;
				GCC_WARN_UNDECLARED_SELECTOR = YES;
				GCC_WARN_UNINITIALIZED_AUTOS = YES_AGGRESSIVE;
				GCC_WARN_UNUSED_FUNCTION = YES;
				GCC_WARN_UNUSED_VARIABLE = YES;
				IPHONEOS_DEPLOYMENT_TARGET = 15.5;
				MTL_ENABLE_DEBUG_INFO = INCLUDE_SOURCE;
				MTL_FAST_MATH = YES;
				ONLY_ACTIVE_ARCH = YES;
				SDKROOT = iphoneos;
				SWIFT_ACTIVE_COMPILATION_CONDITIONS = DEBUG;
				SWIFT_OPTIMIZATION_LEVEL = "-Onone";
			};
			name = Debug;
		};
		E6E39FF929896C0100159171 /* Release */ = {
			isa = XCBuildConfiguration;
			buildSettings = {
				ALWAYS_SEARCH_USER_PATHS = NO;
				CLANG_ANALYZER_NONNULL = YES;
				CLANG_ANALYZER_NUMBER_OBJECT_CONVERSION = YES_AGGRESSIVE;
				CLANG_CXX_LANGUAGE_STANDARD = "gnu++17";
				CLANG_ENABLE_MODULES = YES;
				CLANG_ENABLE_OBJC_ARC = YES;
				CLANG_ENABLE_OBJC_WEAK = YES;
				CLANG_WARN_BLOCK_CAPTURE_AUTORELEASING = YES;
				CLANG_WARN_BOOL_CONVERSION = YES;
				CLANG_WARN_COMMA = YES;
				CLANG_WARN_CONSTANT_CONVERSION = YES;
				CLANG_WARN_DEPRECATED_OBJC_IMPLEMENTATIONS = YES;
				CLANG_WARN_DIRECT_OBJC_ISA_USAGE = YES_ERROR;
				CLANG_WARN_DOCUMENTATION_COMMENTS = YES;
				CLANG_WARN_EMPTY_BODY = YES;
				CLANG_WARN_ENUM_CONVERSION = YES;
				CLANG_WARN_INFINITE_RECURSION = YES;
				CLANG_WARN_INT_CONVERSION = YES;
				CLANG_WARN_NON_LITERAL_NULL_CONVERSION = YES;
				CLANG_WARN_OBJC_IMPLICIT_RETAIN_SELF = YES;
				CLANG_WARN_OBJC_LITERAL_CONVERSION = YES;
				CLANG_WARN_OBJC_ROOT_CLASS = YES_ERROR;
				CLANG_WARN_QUOTED_INCLUDE_IN_FRAMEWORK_HEADER = YES;
				CLANG_WARN_RANGE_LOOP_ANALYSIS = YES;
				CLANG_WARN_STRICT_PROTOTYPES = YES;
				CLANG_WARN_SUSPICIOUS_MOVE = YES;
				CLANG_WARN_UNGUARDED_AVAILABILITY = YES_AGGRESSIVE;
				CLANG_WARN_UNREACHABLE_CODE = YES;
				CLANG_WARN__DUPLICATE_METHOD_MATCH = YES;
				COPY_PHASE_STRIP = NO;
				DEBUG_INFORMATION_FORMAT = "dwarf-with-dsym";
				ENABLE_NS_ASSERTIONS = NO;
				ENABLE_STRICT_OBJC_MSGSEND = YES;
				GCC_C_LANGUAGE_STANDARD = gnu11;
				GCC_NO_COMMON_BLOCKS = YES;
				GCC_WARN_64_TO_32_BIT_CONVERSION = YES;
				GCC_WARN_ABOUT_RETURN_TYPE = YES_ERROR;
				GCC_WARN_UNDECLARED_SELECTOR = YES;
				GCC_WARN_UNINITIALIZED_AUTOS = YES_AGGRESSIVE;
				GCC_WARN_UNUSED_FUNCTION = YES;
				GCC_WARN_UNUSED_VARIABLE = YES;
				IPHONEOS_DEPLOYMENT_TARGET = 15.5;
				MTL_ENABLE_DEBUG_INFO = NO;
				MTL_FAST_MATH = YES;
				SDKROOT = iphoneos;
				SWIFT_COMPILATION_MODE = wholemodule;
				SWIFT_OPTIMIZATION_LEVEL = "-O";
				VALIDATE_PRODUCT = YES;
			};
			name = Release;
		};
		E6E39FFB29896C0100159171 /* Debug */ = {
			isa = XCBuildConfiguration;
			buildSettings = {
				ASSETCATALOG_COMPILER_APPICON_NAME = AppIcon;
				ASSETCATALOG_COMPILER_GLOBAL_ACCENT_COLOR_NAME = AccentColor;
				CODE_SIGN_STYLE = Automatic;
				CURRENT_PROJECT_VERSION = 1;
				GENERATE_INFOPLIST_FILE = YES;
				INFOPLIST_FILE = Vowel/Info.plist;
				INFOPLIST_KEY_CFBundleDisplayName = Vowel;
				INFOPLIST_KEY_UIApplicationSupportsIndirectInputEvents = YES;
				INFOPLIST_KEY_UILaunchStoryboardName = LaunchScreen;
				INFOPLIST_KEY_UIMainStoryboardFile = Main;
				INFOPLIST_KEY_UISupportedInterfaceOrientations_iPad = "UIInterfaceOrientationPortrait UIInterfaceOrientationPortraitUpsideDown UIInterfaceOrientationLandscapeLeft UIInterfaceOrientationLandscapeRight";
				INFOPLIST_KEY_UISupportedInterfaceOrientations_iPhone = "UIInterfaceOrientationPortrait UIInterfaceOrientationLandscapeLeft UIInterfaceOrientationLandscapeRight";
				IPHONEOS_DEPLOYMENT_TARGET = 15.5;
				LD_RUNPATH_SEARCH_PATHS = (
					"$(inherited)",
					"@executable_path/Frameworks",
				);
				MARKETING_VERSION = 1.0;
				PRODUCT_BUNDLE_IDENTIFIER = Northwest.Vowel;
				PRODUCT_NAME = "$(TARGET_NAME)";
				SWIFT_EMIT_LOC_STRINGS = YES;
				SWIFT_VERSION = 5.0;
				TARGETED_DEVICE_FAMILY = "1,2";
			};
			name = Debug;
		};
		E6E39FFC29896C0100159171 /* Release */ = {
			isa = XCBuildConfiguration;
			buildSettings = {
				ASSETCATALOG_COMPILER_APPICON_NAME = AppIcon;
				ASSETCATALOG_COMPILER_GLOBAL_ACCENT_COLOR_NAME = AccentColor;
				CODE_SIGN_STYLE = Automatic;
				CURRENT_PROJECT_VERSION = 1;
				GENERATE_INFOPLIST_FILE = YES;
				INFOPLIST_FILE = Vowel/Info.plist;
				INFOPLIST_KEY_CFBundleDisplayName = Vowel;
				INFOPLIST_KEY_UIApplicationSupportsIndirectInputEvents = YES;
				INFOPLIST_KEY_UILaunchStoryboardName = LaunchScreen;
				INFOPLIST_KEY_UIMainStoryboardFile = Main;
				INFOPLIST_KEY_UISupportedInterfaceOrientations_iPad = "UIInterfaceOrientationPortrait UIInterfaceOrientationPortraitUpsideDown UIInterfaceOrientationLandscapeLeft UIInterfaceOrientationLandscapeRight";
				INFOPLIST_KEY_UISupportedInterfaceOrientations_iPhone = "UIInterfaceOrientationPortrait UIInterfaceOrientationLandscapeLeft UIInterfaceOrientationLandscapeRight";
				IPHONEOS_DEPLOYMENT_TARGET = 15.5;
				LD_RUNPATH_SEARCH_PATHS = (
					"$(inherited)",
					"@executable_path/Frameworks",
				);
				MARKETING_VERSION = 1.0;
				PRODUCT_BUNDLE_IDENTIFIER = Northwest.Vowel;
				PRODUCT_NAME = "$(TARGET_NAME)";
				SWIFT_EMIT_LOC_STRINGS = YES;
				SWIFT_VERSION = 5.0;
				TARGETED_DEVICE_FAMILY = "1,2";
			};
			name = Release;
		};
		E6E39FFE29896C0100159171 /* Debug */ = {
			isa = XCBuildConfiguration;
			buildSettings = {
				ALWAYS_EMBED_SWIFT_STANDARD_LIBRARIES = YES;
				BUNDLE_LOADER = "$(TEST_HOST)";
				CODE_SIGN_STYLE = Automatic;
				CURRENT_PROJECT_VERSION = 1;
				GENERATE_INFOPLIST_FILE = YES;
				IPHONEOS_DEPLOYMENT_TARGET = 15.5;
				MARKETING_VERSION = 1.0;
				PRODUCT_BUNDLE_IDENTIFIER = Northwest.VowelTests;
				PRODUCT_NAME = "$(TARGET_NAME)";
				SWIFT_EMIT_LOC_STRINGS = NO;
				SWIFT_VERSION = 5.0;
				TARGETED_DEVICE_FAMILY = "1,2";
				TEST_HOST = "$(BUILT_PRODUCTS_DIR)/Vowel.app/Vowel";
			};
			name = Debug;
		};
		E6E39FFF29896C0100159171 /* Release */ = {
			isa = XCBuildConfiguration;
			buildSettings = {
				ALWAYS_EMBED_SWIFT_STANDARD_LIBRARIES = YES;
				BUNDLE_LOADER = "$(TEST_HOST)";
				CODE_SIGN_STYLE = Automatic;
				CURRENT_PROJECT_VERSION = 1;
				GENERATE_INFOPLIST_FILE = YES;
				IPHONEOS_DEPLOYMENT_TARGET = 15.5;
				MARKETING_VERSION = 1.0;
				PRODUCT_BUNDLE_IDENTIFIER = Northwest.VowelTests;
				PRODUCT_NAME = "$(TARGET_NAME)";
				SWIFT_EMIT_LOC_STRINGS = NO;
				SWIFT_VERSION = 5.0;
				TARGETED_DEVICE_FAMILY = "1,2";
				TEST_HOST = "$(BUILT_PRODUCTS_DIR)/Vowel.app/Vowel";
			};
			name = Release;
		};
		E6E3A00129896C0100159171 /* Debug */ = {
			isa = XCBuildConfiguration;
			buildSettings = {
				ALWAYS_EMBED_SWIFT_STANDARD_LIBRARIES = YES;
				CODE_SIGN_STYLE = Automatic;
				CURRENT_PROJECT_VERSION = 1;
				GENERATE_INFOPLIST_FILE = YES;
				MARKETING_VERSION = 1.0;
				PRODUCT_BUNDLE_IDENTIFIER = Northwest.VowelUITests;
				PRODUCT_NAME = "$(TARGET_NAME)";
				SWIFT_EMIT_LOC_STRINGS = NO;
				SWIFT_VERSION = 5.0;
				TARGETED_DEVICE_FAMILY = "1,2";
				TEST_TARGET_NAME = Vowel;
			};
			name = Debug;
		};
		E6E3A00229896C0100159171 /* Release */ = {
			isa = XCBuildConfiguration;
			buildSettings = {
				ALWAYS_EMBED_SWIFT_STANDARD_LIBRARIES = YES;
				CODE_SIGN_STYLE = Automatic;
				CURRENT_PROJECT_VERSION = 1;
				GENERATE_INFOPLIST_FILE = YES;
				MARKETING_VERSION = 1.0;
				PRODUCT_BUNDLE_IDENTIFIER = Northwest.VowelUITests;
				PRODUCT_NAME = "$(TARGET_NAME)";
				SWIFT_EMIT_LOC_STRINGS = NO;
				SWIFT_VERSION = 5.0;
				TARGETED_DEVICE_FAMILY = "1,2";
				TEST_TARGET_NAME = Vowel;
			};
			name = Release;
		};
/* End XCBuildConfiguration section */

/* Begin XCConfigurationList section */
		E6E39FCB29896BFF00159171 /* Build configuration list for PBXProject "Vowel" */ = {
			isa = XCConfigurationList;
			buildConfigurations = (
				E6E39FF829896C0100159171 /* Debug */,
				E6E39FF929896C0100159171 /* Release */,
			);
			defaultConfigurationIsVisible = 0;
			defaultConfigurationName = Release;
		};
		E6E39FFA29896C0100159171 /* Build configuration list for PBXNativeTarget "Vowel" */ = {
			isa = XCConfigurationList;
			buildConfigurations = (
				E6E39FFB29896C0100159171 /* Debug */,
				E6E39FFC29896C0100159171 /* Release */,
			);
			defaultConfigurationIsVisible = 0;
			defaultConfigurationName = Release;
		};
		E6E39FFD29896C0100159171 /* Build configuration list for PBXNativeTarget "VowelTests" */ = {
			isa = XCConfigurationList;
			buildConfigurations = (
				E6E39FFE29896C0100159171 /* Debug */,
				E6E39FFF29896C0100159171 /* Release */,
			);
			defaultConfigurationIsVisible = 0;
			defaultConfigurationName = Release;
		};
		E6E3A00029896C0100159171 /* Build configuration list for PBXNativeTarget "VowelUITests" */ = {
			isa = XCConfigurationList;
			buildConfigurations = (
				E6E3A00129896C0100159171 /* Debug */,
				E6E3A00229896C0100159171 /* Release */,
			);
			defaultConfigurationIsVisible = 0;
			defaultConfigurationName = Release;
		};
/* End XCConfigurationList section */
	};
	rootObject = E6E39FC829896BFF00159171 /* Project object */;
}
